// !$*UTF8*$!
{
	archiveVersion = 1;
	classes = {
	};
	objectVersion = 56;
	objects = {

/* Begin PBXBuildFile section */
		276985892AD8E20B00A5100D /* AppDelegate.swift in Sources */ = {isa = PBXBuildFile; fileRef = 276985882AD8E20B00A5100D /* AppDelegate.swift */; };
		2769858B2AD8E20B00A5100D /* SceneDelegate.swift in Sources */ = {isa = PBXBuildFile; fileRef = 2769858A2AD8E20B00A5100D /* SceneDelegate.swift */; };
		2769858D2AD8E20B00A5100D /* ViewController.swift in Sources */ = {isa = PBXBuildFile; fileRef = 2769858C2AD8E20B00A5100D /* ViewController.swift */; };
		276985922AD8E20D00A5100D /* Assets.xcassets in Resources */ = {isa = PBXBuildFile; fileRef = 276985912AD8E20D00A5100D /* Assets.xcassets */; };
		276985952AD8E20D00A5100D /* LaunchScreen.storyboard in Resources */ = {isa = PBXBuildFile; fileRef = 276985932AD8E20D00A5100D /* LaunchScreen.storyboard */; };
		5FD54AED2AD8E5B30092D75B /* Network in Resources */ = {isa = PBXBuildFile; fileRef = 5FD54AEC2AD8E5B30092D75B /* Network */; };
		5FD54AF52AD8E5E10092D75B /* PropertyWrapper in Resources */ = {isa = PBXBuildFile; fileRef = 5FD54AEE2AD8E5E10092D75B /* PropertyWrapper */; };
		5FD54AF62AD8E5E10092D75B /* Base in Resources */ = {isa = PBXBuildFile; fileRef = 5FD54AEF2AD8E5E10092D75B /* Base */; };
		5FD54AF72AD8E5E10092D75B /* Binding in Resources */ = {isa = PBXBuildFile; fileRef = 5FD54AF02AD8E5E10092D75B /* Binding */; };
		5FD54AF82AD8E5E10092D75B /* Logger in Resources */ = {isa = PBXBuildFile; fileRef = 5FD54AF12AD8E5E10092D75B /* Logger */; };
		5FD54AF92AD8E5E10092D75B /* Util in Resources */ = {isa = PBXBuildFile; fileRef = 5FD54AF22AD8E5E10092D75B /* Util */; };
		5FD54AFA2AD8E5E10092D75B /* Component in Resources */ = {isa = PBXBuildFile; fileRef = 5FD54AF32AD8E5E10092D75B /* Component */; };
		5FD54AFB2AD8E5E10092D75B /* Color in Resources */ = {isa = PBXBuildFile; fileRef = 5FD54AF42AD8E5E10092D75B /* Color */; };
/* End PBXBuildFile section */

/* Begin PBXFileReference section */
		276985852AD8E20B00A5100D /* PODA.app */ = {isa = PBXFileReference; explicitFileType = wrapper.application; includeInIndex = 0; path = PODA.app; sourceTree = BUILT_PRODUCTS_DIR; };
		276985882AD8E20B00A5100D /* AppDelegate.swift */ = {isa = PBXFileReference; lastKnownFileType = sourcecode.swift; path = AppDelegate.swift; sourceTree = "<group>"; };
		2769858A2AD8E20B00A5100D /* SceneDelegate.swift */ = {isa = PBXFileReference; lastKnownFileType = sourcecode.swift; path = SceneDelegate.swift; sourceTree = "<group>"; };
		2769858C2AD8E20B00A5100D /* ViewController.swift */ = {isa = PBXFileReference; lastKnownFileType = sourcecode.swift; path = ViewController.swift; sourceTree = "<group>"; };
		276985912AD8E20D00A5100D /* Assets.xcassets */ = {isa = PBXFileReference; lastKnownFileType = folder.assetcatalog; path = Assets.xcassets; sourceTree = "<group>"; };
		276985942AD8E20D00A5100D /* Base */ = {isa = PBXFileReference; lastKnownFileType = file.storyboard; name = Base; path = Base.lproj/LaunchScreen.storyboard; sourceTree = "<group>"; };
		276985962AD8E20D00A5100D /* Info.plist */ = {isa = PBXFileReference; lastKnownFileType = text.plist.xml; path = Info.plist; sourceTree = "<group>"; };
		5FD54AEC2AD8E5B30092D75B /* Network */ = {isa = PBXFileReference; lastKnownFileType = folder; path = Network; sourceTree = "<group>"; };
		5FD54AEE2AD8E5E10092D75B /* PropertyWrapper */ = {isa = PBXFileReference; lastKnownFileType = folder; path = PropertyWrapper; sourceTree = "<group>"; };
		5FD54AEF2AD8E5E10092D75B /* Base */ = {isa = PBXFileReference; lastKnownFileType = folder; path = Base; sourceTree = "<group>"; };
		5FD54AF02AD8E5E10092D75B /* Binding */ = {isa = PBXFileReference; lastKnownFileType = folder; path = Binding; sourceTree = "<group>"; };
		5FD54AF12AD8E5E10092D75B /* Logger */ = {isa = PBXFileReference; lastKnownFileType = folder; path = Logger; sourceTree = "<group>"; };
		5FD54AF22AD8E5E10092D75B /* Util */ = {isa = PBXFileReference; lastKnownFileType = folder; path = Util; sourceTree = "<group>"; };
		5FD54AF32AD8E5E10092D75B /* Component */ = {isa = PBXFileReference; lastKnownFileType = folder; path = Component; sourceTree = "<group>"; };
		5FD54AF42AD8E5E10092D75B /* Color */ = {isa = PBXFileReference; lastKnownFileType = folder; path = Color; sourceTree = "<group>"; };
/* End PBXFileReference section */

/* Begin PBXFrameworksBuildPhase section */
		276985822AD8E20B00A5100D /* Frameworks */ = {
			isa = PBXFrameworksBuildPhase;
			buildActionMask = 2147483647;
			files = (
			);
			runOnlyForDeploymentPostprocessing = 0;
		};
/* End PBXFrameworksBuildPhase section */

/* Begin PBXGroup section */
		2769857C2AD8E20B00A5100D = {
			isa = PBXGroup;
			children = (
				276985872AD8E20B00A5100D /* PODA */,
				276985862AD8E20B00A5100D /* Products */,
			);
			sourceTree = "<group>";
		};
		276985862AD8E20B00A5100D /* Products */ = {
			isa = PBXGroup;
			children = (
				276985852AD8E20B00A5100D /* PODA.app */,
			);
			name = Products;
			sourceTree = "<group>";
		};
		276985872AD8E20B00A5100D /* PODA */ = {
			isa = PBXGroup;
			children = (
				5FD54AFF2AD8E64B0092D75B /* Model */,
				5FD54AFD2AD8E6300092D75B /* ViewModel */,
				5FD54AFC2AD8E6280092D75B /* View */,
				5FD54AEF2AD8E5E10092D75B /* Base */,
				5FD54AF02AD8E5E10092D75B /* Binding */,
				5FD54AF42AD8E5E10092D75B /* Color */,
				5FD54AF32AD8E5E10092D75B /* Component */,
				5FD54AF12AD8E5E10092D75B /* Logger */,
				5FD54AEE2AD8E5E10092D75B /* PropertyWrapper */,
				5FD54AF22AD8E5E10092D75B /* Util */,
				5FD54AEC2AD8E5B30092D75B /* Network */,
				276985882AD8E20B00A5100D /* AppDelegate.swift */,
				2769858A2AD8E20B00A5100D /* SceneDelegate.swift */,
				2769858C2AD8E20B00A5100D /* ViewController.swift */,
				276985912AD8E20D00A5100D /* Assets.xcassets */,
				276985932AD8E20D00A5100D /* LaunchScreen.storyboard */,
				276985962AD8E20D00A5100D /* Info.plist */,
			);
			path = PODA;
			sourceTree = "<group>";
		};
		5FD54AFC2AD8E6280092D75B /* View */ = {
			isa = PBXGroup;
			children = (
			);
			path = View;
			sourceTree = "<group>";
		};
		5FD54AFD2AD8E6300092D75B /* ViewModel */ = {
			isa = PBXGroup;
			children = (
			);
			path = ViewModel;
			sourceTree = "<group>";
		};
		5FD54AFF2AD8E64B0092D75B /* Model */ = {
			isa = PBXGroup;
			children = (
			);
			path = Model;
			sourceTree = "<group>";
		};
/* End PBXGroup section */

/* Begin PBXNativeTarget section */
		276985842AD8E20B00A5100D /* PODA */ = {
			isa = PBXNativeTarget;
			buildConfigurationList = 276985992AD8E20D00A5100D /* Build configuration list for PBXNativeTarget "PODA" */;
			buildPhases = (
				276985812AD8E20B00A5100D /* Sources */,
				276985822AD8E20B00A5100D /* Frameworks */,
				276985832AD8E20B00A5100D /* Resources */,
			);
			buildRules = (
			);
			dependencies = (
			);
			name = PODA;
			productName = PODA;
			productReference = 276985852AD8E20B00A5100D /* PODA.app */;
			productType = "com.apple.product-type.application";
		};
/* End PBXNativeTarget section */

/* Begin PBXProject section */
		2769857D2AD8E20B00A5100D /* Project object */ = {
			isa = PBXProject;
			attributes = {
				BuildIndependentTargetsInParallel = 1;
				LastSwiftUpdateCheck = 1430;
				LastUpgradeCheck = 1430;
				TargetAttributes = {
					276985842AD8E20B00A5100D = {
						CreatedOnToolsVersion = 14.3.1;
					};
				};
			};
			buildConfigurationList = 276985802AD8E20B00A5100D /* Build configuration list for PBXProject "PODA" */;
			compatibilityVersion = "Xcode 14.0";
			developmentRegion = en;
			hasScannedForEncodings = 0;
			knownRegions = (
				en,
				Base,
			);
			mainGroup = 2769857C2AD8E20B00A5100D;
			productRefGroup = 276985862AD8E20B00A5100D /* Products */;
			projectDirPath = "";
			projectRoot = "";
			targets = (
				276985842AD8E20B00A5100D /* PODA */,
			);
		};
/* End PBXProject section */

/* Begin PBXResourcesBuildPhase section */
		276985832AD8E20B00A5100D /* Resources */ = {
			isa = PBXResourcesBuildPhase;
			buildActionMask = 2147483647;
			files = (
				5FD54AF82AD8E5E10092D75B /* Logger in Resources */,
				5FD54AF72AD8E5E10092D75B /* Binding in Resources */,
				5FD54AF92AD8E5E10092D75B /* Util in Resources */,
				5FD54AED2AD8E5B30092D75B /* Network in Resources */,
				5FD54AFB2AD8E5E10092D75B /* Color in Resources */,
				5FD54AF52AD8E5E10092D75B /* PropertyWrapper in Resources */,
				276985952AD8E20D00A5100D /* LaunchScreen.storyboard in Resources */,
				276985922AD8E20D00A5100D /* Assets.xcassets in Resources */,
				5FD54AFA2AD8E5E10092D75B /* Component in Resources */,
				5FD54AF62AD8E5E10092D75B /* Base in Resources */,
			);
			runOnlyForDeploymentPostprocessing = 0;
		};
/* End PBXResourcesBuildPhase section */

/* Begin PBXSourcesBuildPhase section */
		276985812AD8E20B00A5100D /* Sources */ = {
			isa = PBXSourcesBuildPhase;
			buildActionMask = 2147483647;
			files = (
				2769858D2AD8E20B00A5100D /* ViewController.swift in Sources */,
				276985892AD8E20B00A5100D /* AppDelegate.swift in Sources */,
				2769858B2AD8E20B00A5100D /* SceneDelegate.swift in Sources */,
			);
			runOnlyForDeploymentPostprocessing = 0;
		};
/* End PBXSourcesBuildPhase section */

/* Begin PBXVariantGroup section */
		276985932AD8E20D00A5100D /* LaunchScreen.storyboard */ = {
			isa = PBXVariantGroup;
			children = (
				276985942AD8E20D00A5100D /* Base */,
			);
			name = LaunchScreen.storyboard;
			sourceTree = "<group>";
		};
/* End PBXVariantGroup section */

/* Begin XCBuildConfiguration section */
		276985972AD8E20D00A5100D /* Debug */ = {
			isa = XCBuildConfiguration;
			buildSettings = {
				ALWAYS_SEARCH_USER_PATHS = NO;
				CLANG_ANALYZER_NONNULL = YES;
				CLANG_ANALYZER_NUMBER_OBJECT_CONVERSION = YES_AGGRESSIVE;
				CLANG_CXX_LANGUAGE_STANDARD = "gnu++20";
				CLANG_ENABLE_MODULES = YES;
				CLANG_ENABLE_OBJC_ARC = YES;
				CLANG_ENABLE_OBJC_WEAK = YES;
				CLANG_WARN_BLOCK_CAPTURE_AUTORELEASING = YES;
				CLANG_WARN_BOOL_CONVERSION = YES;
				CLANG_WARN_COMMA = YES;
				CLANG_WARN_CONSTANT_CONVERSION = YES;
				CLANG_WARN_DEPRECATED_OBJC_IMPLEMENTATIONS = YES;
				CLANG_WARN_DIRECT_OBJC_ISA_USAGE = YES_ERROR;
				CLANG_WARN_DOCUMENTATION_COMMENTS = YES;
				CLANG_WARN_EMPTY_BODY = YES;
				CLANG_WARN_ENUM_CONVERSION = YES;
				CLANG_WARN_INFINITE_RECURSION = YES;
				CLANG_WARN_INT_CONVERSION = YES;
				CLANG_WARN_NON_LITERAL_NULL_CONVERSION = YES;
				CLANG_WARN_OBJC_IMPLICIT_RETAIN_SELF = YES;
				CLANG_WARN_OBJC_LITERAL_CONVERSION = YES;
				CLANG_WARN_OBJC_ROOT_CLASS = YES_ERROR;
				CLANG_WARN_QUOTED_INCLUDE_IN_FRAMEWORK_HEADER = YES;
				CLANG_WARN_RANGE_LOOP_ANALYSIS = YES;
				CLANG_WARN_STRICT_PROTOTYPES = YES;
				CLANG_WARN_SUSPICIOUS_MOVE = YES;
				CLANG_WARN_UNGUARDED_AVAILABILITY = YES_AGGRESSIVE;
				CLANG_WARN_UNREACHABLE_CODE = YES;
				CLANG_WARN__DUPLICATE_METHOD_MATCH = YES;
				COPY_PHASE_STRIP = NO;
				DEBUG_INFORMATION_FORMAT = dwarf;
				ENABLE_STRICT_OBJC_MSGSEND = YES;
				ENABLE_TESTABILITY = YES;
				GCC_C_LANGUAGE_STANDARD = gnu11;
				GCC_DYNAMIC_NO_PIC = NO;
				GCC_NO_COMMON_BLOCKS = YES;
				GCC_OPTIMIZATION_LEVEL = 0;
				GCC_PREPROCESSOR_DEFINITIONS = (
					"DEBUG=1",
					"$(inherited)",
				);
				GCC_WARN_64_TO_32_BIT_CONVERSION = YES;
				GCC_WARN_ABOUT_RETURN_TYPE = YES_ERROR;
				GCC_WARN_UNDECLARED_SELECTOR = YES;
				GCC_WARN_UNINITIALIZED_AUTOS = YES_AGGRESSIVE;
				GCC_WARN_UNUSED_FUNCTION = YES;
				GCC_WARN_UNUSED_VARIABLE = YES;
				IPHONEOS_DEPLOYMENT_TARGET = 16.4;
				MTL_ENABLE_DEBUG_INFO = INCLUDE_SOURCE;
				MTL_FAST_MATH = YES;
				ONLY_ACTIVE_ARCH = YES;
				SDKROOT = iphoneos;
				SWIFT_ACTIVE_COMPILATION_CONDITIONS = DEBUG;
				SWIFT_OPTIMIZATION_LEVEL = "-Onone";
			};
			name = Debug;
		};
		276985982AD8E20D00A5100D /* Release */ = {
			isa = XCBuildConfiguration;
			buildSettings = {
				ALWAYS_SEARCH_USER_PATHS = NO;
				CLANG_ANALYZER_NONNULL = YES;
				CLANG_ANALYZER_NUMBER_OBJECT_CONVERSION = YES_AGGRESSIVE;
				CLANG_CXX_LANGUAGE_STANDARD = "gnu++20";
				CLANG_ENABLE_MODULES = YES;
				CLANG_ENABLE_OBJC_ARC = YES;
				CLANG_ENABLE_OBJC_WEAK = YES;
				CLANG_WARN_BLOCK_CAPTURE_AUTORELEASING = YES;
				CLANG_WARN_BOOL_CONVERSION = YES;
				CLANG_WARN_COMMA = YES;
				CLANG_WARN_CONSTANT_CONVERSION = YES;
				CLANG_WARN_DEPRECATED_OBJC_IMPLEMENTATIONS = YES;
				CLANG_WARN_DIRECT_OBJC_ISA_USAGE = YES_ERROR;
				CLANG_WARN_DOCUMENTATION_COMMENTS = YES;
				CLANG_WARN_EMPTY_BODY = YES;
				CLANG_WARN_ENUM_CONVERSION = YES;
				CLANG_WARN_INFINITE_RECURSION = YES;
				CLANG_WARN_INT_CONVERSION = YES;
				CLANG_WARN_NON_LITERAL_NULL_CONVERSION = YES;
				CLANG_WARN_OBJC_IMPLICIT_RETAIN_SELF = YES;
				CLANG_WARN_OBJC_LITERAL_CONVERSION = YES;
				CLANG_WARN_OBJC_ROOT_CLASS = YES_ERROR;
				CLANG_WARN_QUOTED_INCLUDE_IN_FRAMEWORK_HEADER = YES;
				CLANG_WARN_RANGE_LOOP_ANALYSIS = YES;
				CLANG_WARN_STRICT_PROTOTYPES = YES;
				CLANG_WARN_SUSPICIOUS_MOVE = YES;
				CLANG_WARN_UNGUARDED_AVAILABILITY = YES_AGGRESSIVE;
				CLANG_WARN_UNREACHABLE_CODE = YES;
				CLANG_WARN__DUPLICATE_METHOD_MATCH = YES;
				COPY_PHASE_STRIP = NO;
				DEBUG_INFORMATION_FORMAT = "dwarf-with-dsym";
				ENABLE_NS_ASSERTIONS = NO;
				ENABLE_STRICT_OBJC_MSGSEND = YES;
				GCC_C_LANGUAGE_STANDARD = gnu11;
				GCC_NO_COMMON_BLOCKS = YES;
				GCC_WARN_64_TO_32_BIT_CONVERSION = YES;
				GCC_WARN_ABOUT_RETURN_TYPE = YES_ERROR;
				GCC_WARN_UNDECLARED_SELECTOR = YES;
				GCC_WARN_UNINITIALIZED_AUTOS = YES_AGGRESSIVE;
				GCC_WARN_UNUSED_FUNCTION = YES;
				GCC_WARN_UNUSED_VARIABLE = YES;
				IPHONEOS_DEPLOYMENT_TARGET = 16.4;
				MTL_ENABLE_DEBUG_INFO = NO;
				MTL_FAST_MATH = YES;
				SDKROOT = iphoneos;
				SWIFT_COMPILATION_MODE = wholemodule;
				SWIFT_OPTIMIZATION_LEVEL = "-O";
				VALIDATE_PRODUCT = YES;
			};
			name = Release;
		};
		2769859A2AD8E20D00A5100D /* Debug */ = {
			isa = XCBuildConfiguration;
			buildSettings = {
				ASSETCATALOG_COMPILER_APPICON_NAME = AppIcon;
				ASSETCATALOG_COMPILER_GLOBAL_ACCENT_COLOR_NAME = AccentColor;
				CODE_SIGN_STYLE = Automatic;
				CURRENT_PROJECT_VERSION = 1;
				GENERATE_INFOPLIST_FILE = YES;
				INFOPLIST_FILE = PODA/Info.plist;
				INFOPLIST_KEY_UIApplicationSupportsIndirectInputEvents = YES;
				INFOPLIST_KEY_UILaunchStoryboardName = LaunchScreen;
				INFOPLIST_KEY_UISupportedInterfaceOrientations_iPad = "UIInterfaceOrientationPortrait UIInterfaceOrientationPortraitUpsideDown UIInterfaceOrientationLandscapeLeft UIInterfaceOrientationLandscapeRight";
				INFOPLIST_KEY_UISupportedInterfaceOrientations_iPhone = "UIInterfaceOrientationPortrait UIInterfaceOrientationLandscapeLeft UIInterfaceOrientationLandscapeRight";
				LD_RUNPATH_SEARCH_PATHS = (
					"$(inherited)",
					"@executable_path/Frameworks",
				);
				MARKETING_VERSION = 1.0;
				PRODUCT_BUNDLE_IDENTIFIER = com.kyle.PODA;
				PRODUCT_NAME = "$(TARGET_NAME)";
				SWIFT_EMIT_LOC_STRINGS = YES;
				SWIFT_VERSION = 5.0;
				TARGETED_DEVICE_FAMILY = "1,2";
			};
			name = Debug;
		};
		2769859B2AD8E20D00A5100D /* Release */ = {
			isa = XCBuildConfiguration;
			buildSettings = {
				ASSETCATALOG_COMPILER_APPICON_NAME = AppIcon;
				ASSETCATALOG_COMPILER_GLOBAL_ACCENT_COLOR_NAME = AccentColor;
				CODE_SIGN_STYLE = Automatic;
				CURRENT_PROJECT_VERSION = 1;
				GENERATE_INFOPLIST_FILE = YES;
				INFOPLIST_FILE = PODA/Info.plist;
				INFOPLIST_KEY_UIApplicationSupportsIndirectInputEvents = YES;
				INFOPLIST_KEY_UILaunchStoryboardName = LaunchScreen;
				INFOPLIST_KEY_UISupportedInterfaceOrientations_iPad = "UIInterfaceOrientationPortrait UIInterfaceOrientationPortraitUpsideDown UIInterfaceOrientationLandscapeLeft UIInterfaceOrientationLandscapeRight";
				INFOPLIST_KEY_UISupportedInterfaceOrientations_iPhone = "UIInterfaceOrientationPortrait UIInterfaceOrientationLandscapeLeft UIInterfaceOrientationLandscapeRight";
				LD_RUNPATH_SEARCH_PATHS = (
					"$(inherited)",
					"@executable_path/Frameworks",
				);
				MARKETING_VERSION = 1.0;
				PRODUCT_BUNDLE_IDENTIFIER = com.kyle.PODA;
				PRODUCT_NAME = "$(TARGET_NAME)";
				SWIFT_EMIT_LOC_STRINGS = YES;
				SWIFT_VERSION = 5.0;
				TARGETED_DEVICE_FAMILY = "1,2";
			};
			name = Release;
		};
/* End XCBuildConfiguration section */

/* Begin XCConfigurationList section */
		276985802AD8E20B00A5100D /* Build configuration list for PBXProject "PODA" */ = {
			isa = XCConfigurationList;
			buildConfigurations = (
				276985972AD8E20D00A5100D /* Debug */,
				276985982AD8E20D00A5100D /* Release */,
			);
			defaultConfigurationIsVisible = 0;
			defaultConfigurationName = Release;
		};
		276985992AD8E20D00A5100D /* Build configuration list for PBXNativeTarget "PODA" */ = {
			isa = XCConfigurationList;
			buildConfigurations = (
				2769859A2AD8E20D00A5100D /* Debug */,
				2769859B2AD8E20D00A5100D /* Release */,
			);
			defaultConfigurationIsVisible = 0;
			defaultConfigurationName = Release;
		};
/* End XCConfigurationList section */
	};
	rootObject = 2769857D2AD8E20B00A5100D /* Project object */;
}
