// !$*UTF8*$!
{
	archiveVersion = 1;
	classes = {
	};
	objectVersion = 56;
	objects = {

/* Begin PBXBuildFile section */
		1BFF04022ADE62B100A5430D /* UIColor + Extension.swift in Sources */ = {isa = PBXBuildFile; fileRef = 1BFF04012ADE62B100A5430D /* UIColor + Extension.swift */; };
		276985892AD8E20B00A5100D /* AppDelegate.swift in Sources */ = {isa = PBXBuildFile; fileRef = 276985882AD8E20B00A5100D /* AppDelegate.swift */; };
		2769858B2AD8E20B00A5100D /* SceneDelegate.swift in Sources */ = {isa = PBXBuildFile; fileRef = 2769858A2AD8E20B00A5100D /* SceneDelegate.swift */; };
		276985922AD8E20D00A5100D /* Assets.xcassets in Resources */ = {isa = PBXBuildFile; fileRef = 276985912AD8E20D00A5100D /* Assets.xcassets */; };
		276985952AD8E20D00A5100D /* LaunchScreen.storyboard in Resources */ = {isa = PBXBuildFile; fileRef = 276985932AD8E20D00A5100D /* LaunchScreen.storyboard */; };
		27D2652B2ADD21B800B6E211 /* PieceViewController.swift in Sources */ = {isa = PBXBuildFile; fileRef = 27D2652A2ADD21B800B6E211 /* PieceViewController.swift */; };
		27D265302ADD237600B6E211 /* PieceViewModel.swift in Sources */ = {isa = PBXBuildFile; fileRef = 27D2652F2ADD237600B6E211 /* PieceViewModel.swift */; };
		5F2B1CCF2ADCD08E00DAA9C8 /* Pretendard-Medium.otf in Resources */ = {isa = PBXBuildFile; fileRef = 5F2B1CC62ADCD08D00DAA9C8 /* Pretendard-Medium.otf */; };
		5F2B1CD02ADCD08E00DAA9C8 /* Pretendard-Black.otf in Resources */ = {isa = PBXBuildFile; fileRef = 5F2B1CC72ADCD08D00DAA9C8 /* Pretendard-Black.otf */; };
		5F2B1CD12ADCD08E00DAA9C8 /* Pretendard-ExtraLight.otf in Resources */ = {isa = PBXBuildFile; fileRef = 5F2B1CC82ADCD08E00DAA9C8 /* Pretendard-ExtraLight.otf */; };
		5F2B1CD22ADCD08E00DAA9C8 /* Pretendard-ExtraBold.otf in Resources */ = {isa = PBXBuildFile; fileRef = 5F2B1CC92ADCD08E00DAA9C8 /* Pretendard-ExtraBold.otf */; };
		5F2B1CD32ADCD08E00DAA9C8 /* Pretendard-Light.otf in Resources */ = {isa = PBXBuildFile; fileRef = 5F2B1CCA2ADCD08E00DAA9C8 /* Pretendard-Light.otf */; };
		5F2B1CD42ADCD08E00DAA9C8 /* Pretendard-Bold.otf in Resources */ = {isa = PBXBuildFile; fileRef = 5F2B1CCB2ADCD08E00DAA9C8 /* Pretendard-Bold.otf */; };
		5F2B1CD52ADCD08E00DAA9C8 /* Pretendard-Thin.otf in Resources */ = {isa = PBXBuildFile; fileRef = 5F2B1CCC2ADCD08E00DAA9C8 /* Pretendard-Thin.otf */; };
		5F2B1CD62ADCD08E00DAA9C8 /* Pretendard-SemiBold.otf in Resources */ = {isa = PBXBuildFile; fileRef = 5F2B1CCD2ADCD08E00DAA9C8 /* Pretendard-SemiBold.otf */; };
		5F2B1CD72ADCD08E00DAA9C8 /* Pretendard-Regular.otf in Resources */ = {isa = PBXBuildFile; fileRef = 5F2B1CCE2ADCD08E00DAA9C8 /* Pretendard-Regular.otf */; };
		5F2B1CD92ADCD62900DAA9C8 /* UIFont + Enum.swift in Sources */ = {isa = PBXBuildFile; fileRef = 5F2B1CD82ADCD62900DAA9C8 /* UIFont + Enum.swift */; };
		5F2B1CDB2ADCDB7400DAA9C8 /* DiaryInfo.swift in Sources */ = {isa = PBXBuildFile; fileRef = 5F2B1CDA2ADCDB7400DAA9C8 /* DiaryInfo.swift */; };
		5F54EBE72ADFFCE200331E59 /* ImageManipulator.swift in Sources */ = {isa = PBXBuildFile; fileRef = 5F54EBE62ADFFCE200331E59 /* ImageManipulator.swift */; };
		5F54EBEA2ADFFD5C00331E59 /* FirebaseAnalytics in Frameworks */ = {isa = PBXBuildFile; productRef = 5F54EBE92ADFFD5C00331E59 /* FirebaseAnalytics */; };
		5F54EBEC2ADFFD5C00331E59 /* FirebaseAuth in Frameworks */ = {isa = PBXBuildFile; productRef = 5F54EBEB2ADFFD5C00331E59 /* FirebaseAuth */; };
		5F54EBEE2ADFFD5C00331E59 /* FirebaseDatabase in Frameworks */ = {isa = PBXBuildFile; productRef = 5F54EBED2ADFFD5C00331E59 /* FirebaseDatabase */; };
		5F54EBF02ADFFD5C00331E59 /* FirebaseFirestore in Frameworks */ = {isa = PBXBuildFile; productRef = 5F54EBEF2ADFFD5C00331E59 /* FirebaseFirestore */; };
		5F54EBF22ADFFD5C00331E59 /* FirebaseStorage in Frameworks */ = {isa = PBXBuildFile; productRef = 5F54EBF12ADFFD5C00331E59 /* FirebaseStorage */; };
		5F54EBF42ADFFE4800331E59 /* FrameRate + Enum.swift in Sources */ = {isa = PBXBuildFile; fileRef = 5F54EBF32ADFFE4800331E59 /* FrameRate + Enum.swift */; };
		5F54EBF62ADFFE8600331E59 /* Encodable + Extension.swift in Sources */ = {isa = PBXBuildFile; fileRef = 5F54EBF52ADFFE8600331E59 /* Encodable + Extension.swift */; };
		5F54EBF82ADFFEA700331E59 /* Decodable + Extension.swift in Sources */ = {isa = PBXBuildFile; fileRef = 5F54EBF72ADFFEA700331E59 /* Decodable + Extension.swift */; };
		5F54EBFA2ADFFF3100331E59 /* FirestorageDBManager.swift in Sources */ = {isa = PBXBuildFile; fileRef = 5F54EBF92ADFFF3100331E59 /* FirestorageDBManager.swift */; };
		5F54EBFC2ADFFF5D00331E59 /* FirestorageImageManager.swift in Sources */ = {isa = PBXBuildFile; fileRef = 5F54EBFB2ADFFF5D00331E59 /* FirestorageImageManager.swift */; };
		5F54EC002ADFFFFD00331E59 /* FirebaseError + Enum.swift in Sources */ = {isa = PBXBuildFile; fileRef = 5F54EBFF2ADFFFFD00331E59 /* FirebaseError + Enum.swift */; };
		5F54EC022AE0012300331E59 /* FirebaseAuthManager.swift in Sources */ = {isa = PBXBuildFile; fileRef = 5F54EC012AE0012300331E59 /* FirebaseAuthManager.swift */; };
		5F54EC052AE0035900331E59 /* GoogleService-Info.plist in Resources */ = {isa = PBXBuildFile; fileRef = 5F54EC042AE0035900331E59 /* GoogleService-Info.plist */; };
		5FD54B092AD90AE00092D75B /* SnapKit in Frameworks */ = {isa = PBXBuildFile; productRef = 5FD54B082AD90AE00092D75B /* SnapKit */; };
		5FD54B182AD90FB90092D75B /* BaseViewController.swift in Sources */ = {isa = PBXBuildFile; fileRef = 5FD54B172AD90FB90092D75B /* BaseViewController.swift */; };
		5FD54B1A2AD90FD90092D75B /* MainViewController.swift in Sources */ = {isa = PBXBuildFile; fileRef = 5FD54B192AD90FD90092D75B /* MainViewController.swift */; };
		5FD54B1C2AD90FE80092D75B /* MainViewModel.swift in Sources */ = {isa = PBXBuildFile; fileRef = 5FD54B1B2AD90FE80092D75B /* MainViewModel.swift */; };
		5FD54B1E2AD910460092D75B /* BaseNavigationController.swift in Sources */ = {isa = PBXBuildFile; fileRef = 5FD54B1D2AD910460092D75B /* BaseNavigationController.swift */; };
		5FD54B212AD910890092D75B /* UIButton + Extension.swift in Sources */ = {isa = PBXBuildFile; fileRef = 5FD54B202AD910890092D75B /* UIButton + Extension.swift */; };
		5FD54B232AD910B30092D75B /* UIViewController + Extension.swift in Sources */ = {isa = PBXBuildFile; fileRef = 5FD54B222AD910B30092D75B /* UIViewController + Extension.swift */; };
		5FD54B252AD910D30092D75B /* UILabel + Extension.swift in Sources */ = {isa = PBXBuildFile; fileRef = 5FD54B242AD910D30092D75B /* UILabel + Extension.swift */; };
		5FD54B272AD910EE0092D75B /* UITextField + Extension.swift in Sources */ = {isa = PBXBuildFile; fileRef = 5FD54B262AD910EE0092D75B /* UITextField + Extension.swift */; };
		5FD54B292AD911120092D75B /* UITableView + Extension.swift in Sources */ = {isa = PBXBuildFile; fileRef = 5FD54B282AD911120092D75B /* UITableView + Extension.swift */; };
		5FD54B2B2AD9112D0092D75B /* UICollectionView + Extension.swift in Sources */ = {isa = PBXBuildFile; fileRef = 5FD54B2A2AD9112D0092D75B /* UICollectionView + Extension.swift */; };
		5FD54B2D2AD9114B0092D75B /* UIView + Extension.swift in Sources */ = {isa = PBXBuildFile; fileRef = 5FD54B2C2AD9114B0092D75B /* UIView + Extension.swift */; };
		5FD54B302AD9118D0092D75B /* Observable + BindableType.swift in Sources */ = {isa = PBXBuildFile; fileRef = 5FD54B2F2AD9118D0092D75B /* Observable + BindableType.swift */; };
		5FD54B342AD911D30092D75B /* NetworkManager.swift in Sources */ = {isa = PBXBuildFile; fileRef = 5FD54B332AD911D30092D75B /* NetworkManager.swift */; };
		5FD54B362AD911EE0092D75B /* NetworkProtocol + NetworkError.swift in Sources */ = {isa = PBXBuildFile; fileRef = 5FD54B352AD911EE0092D75B /* NetworkProtocol + NetworkError.swift */; };
		5FD54B3A2AD912340092D75B /* UserDefaultManager.swift in Sources */ = {isa = PBXBuildFile; fileRef = 5FD54B392AD912340092D75B /* UserDefaultManager.swift */; };
		5FD54B3F2AD912960092D75B /* Palette + Enum.swift in Sources */ = {isa = PBXBuildFile; fileRef = 5FD54B3E2AD912960092D75B /* Palette + Enum.swift */; };
		5FD54B432AD912D60092D75B /* ConstMargin + Enum.swift in Sources */ = {isa = PBXBuildFile; fileRef = 5FD54B422AD912D60092D75B /* ConstMargin + Enum.swift */; };
		5FD54B472AD913110092D75B /* LayoutMultiplier + Enum.swift in Sources */ = {isa = PBXBuildFile; fileRef = 5FD54B462AD913110092D75B /* LayoutMultiplier + Enum.swift */; };
		5FD54B4A2AD913460092D75B /* Logger.swift in Sources */ = {isa = PBXBuildFile; fileRef = 5FD54B492AD913460092D75B /* Logger.swift */; };
		5FD54B4F2AD913F00092D75B /* Date + Extension.swift in Sources */ = {isa = PBXBuildFile; fileRef = 5FD54B4E2AD913F00092D75B /* Date + Extension.swift */; };
		5FD54B522AD915690092D75B /* ProfileViewModel.swift in Sources */ = {isa = PBXBuildFile; fileRef = 5FD54B512AD915690092D75B /* ProfileViewModel.swift */; };
		5FD54B542AD915790092D75B /* ProfileViewController.swift in Sources */ = {isa = PBXBuildFile; fileRef = 5FD54B532AD915790092D75B /* ProfileViewController.swift */; };
		5FD54B582AD915EE0092D75B /* BaseTabbarController.swift in Sources */ = {isa = PBXBuildFile; fileRef = 5FD54B572AD915EE0092D75B /* BaseTabbarController.swift */; };
		D879F7772ADD478400FFB3F7 /* LoginViewController.swift in Sources */ = {isa = PBXBuildFile; fileRef = D879F7762ADD478400FFB3F7 /* LoginViewController.swift */; };
		D879F77A2ADD940700FFB3F7 /* SignUpViewController.swift in Sources */ = {isa = PBXBuildFile; fileRef = D879F7792ADD940700FFB3F7 /* SignUpViewController.swift */; };
		E24331C82AE0F3FD00244A5A /* SelectRatioViewController.swift in Sources */ = {isa = PBXBuildFile; fileRef = E24331C72AE0F3FD00244A5A /* SelectRatioViewController.swift */; };
		E24331CA2AE0F45C00244A5A /* CreateDiaryViewController.swift in Sources */ = {isa = PBXBuildFile; fileRef = E24331C92AE0F45C00244A5A /* CreateDiaryViewController.swift */; };
		E24331CC2AE0F4BB00244A5A /* CreateDiaryViewModel.swift in Sources */ = {isa = PBXBuildFile; fileRef = E24331CB2AE0F4BB00244A5A /* CreateDiaryViewModel.swift */; };
		E27DD4E62ADD15C5002B194A /* Then in Frameworks */ = {isa = PBXBuildFile; productRef = E27DD4E52ADD15C5002B194A /* Then */; };
/* End PBXBuildFile section */

/* Begin PBXFileReference section */
		1BFF04012ADE62B100A5430D /* UIColor + Extension.swift */ = {isa = PBXFileReference; lastKnownFileType = sourcecode.swift; path = "UIColor + Extension.swift"; sourceTree = "<group>"; };
		276985852AD8E20B00A5100D /* PODA.app */ = {isa = PBXFileReference; explicitFileType = wrapper.application; includeInIndex = 0; path = PODA.app; sourceTree = BUILT_PRODUCTS_DIR; };
		276985882AD8E20B00A5100D /* AppDelegate.swift */ = {isa = PBXFileReference; lastKnownFileType = sourcecode.swift; path = AppDelegate.swift; sourceTree = "<group>"; };
		2769858A2AD8E20B00A5100D /* SceneDelegate.swift */ = {isa = PBXFileReference; lastKnownFileType = sourcecode.swift; path = SceneDelegate.swift; sourceTree = "<group>"; };
		276985912AD8E20D00A5100D /* Assets.xcassets */ = {isa = PBXFileReference; lastKnownFileType = folder.assetcatalog; path = Assets.xcassets; sourceTree = "<group>"; };
		276985942AD8E20D00A5100D /* Base */ = {isa = PBXFileReference; lastKnownFileType = file.storyboard; name = Base; path = Base.lproj/LaunchScreen.storyboard; sourceTree = "<group>"; };
		276985962AD8E20D00A5100D /* Info.plist */ = {isa = PBXFileReference; lastKnownFileType = text.plist.xml; path = Info.plist; sourceTree = "<group>"; };
		27D2652A2ADD21B800B6E211 /* PieceViewController.swift */ = {isa = PBXFileReference; lastKnownFileType = sourcecode.swift; path = PieceViewController.swift; sourceTree = "<group>"; };
		27D2652F2ADD237600B6E211 /* PieceViewModel.swift */ = {isa = PBXFileReference; lastKnownFileType = sourcecode.swift; path = PieceViewModel.swift; sourceTree = "<group>"; };
		5F2B1CC62ADCD08D00DAA9C8 /* Pretendard-Medium.otf */ = {isa = PBXFileReference; lastKnownFileType = file; path = "Pretendard-Medium.otf"; sourceTree = "<group>"; };
		5F2B1CC72ADCD08D00DAA9C8 /* Pretendard-Black.otf */ = {isa = PBXFileReference; lastKnownFileType = file; path = "Pretendard-Black.otf"; sourceTree = "<group>"; };
		5F2B1CC82ADCD08E00DAA9C8 /* Pretendard-ExtraLight.otf */ = {isa = PBXFileReference; lastKnownFileType = file; path = "Pretendard-ExtraLight.otf"; sourceTree = "<group>"; };
		5F2B1CC92ADCD08E00DAA9C8 /* Pretendard-ExtraBold.otf */ = {isa = PBXFileReference; lastKnownFileType = file; path = "Pretendard-ExtraBold.otf"; sourceTree = "<group>"; };
		5F2B1CCA2ADCD08E00DAA9C8 /* Pretendard-Light.otf */ = {isa = PBXFileReference; lastKnownFileType = file; path = "Pretendard-Light.otf"; sourceTree = "<group>"; };
		5F2B1CCB2ADCD08E00DAA9C8 /* Pretendard-Bold.otf */ = {isa = PBXFileReference; lastKnownFileType = file; path = "Pretendard-Bold.otf"; sourceTree = "<group>"; };
		5F2B1CCC2ADCD08E00DAA9C8 /* Pretendard-Thin.otf */ = {isa = PBXFileReference; lastKnownFileType = file; path = "Pretendard-Thin.otf"; sourceTree = "<group>"; };
		5F2B1CCD2ADCD08E00DAA9C8 /* Pretendard-SemiBold.otf */ = {isa = PBXFileReference; lastKnownFileType = file; path = "Pretendard-SemiBold.otf"; sourceTree = "<group>"; };
		5F2B1CCE2ADCD08E00DAA9C8 /* Pretendard-Regular.otf */ = {isa = PBXFileReference; lastKnownFileType = file; path = "Pretendard-Regular.otf"; sourceTree = "<group>"; };
		5F2B1CD82ADCD62900DAA9C8 /* UIFont + Enum.swift */ = {isa = PBXFileReference; lastKnownFileType = sourcecode.swift; path = "UIFont + Enum.swift"; sourceTree = "<group>"; };
		5F2B1CDA2ADCDB7400DAA9C8 /* DiaryInfo.swift */ = {isa = PBXFileReference; lastKnownFileType = sourcecode.swift; path = DiaryInfo.swift; sourceTree = "<group>"; };
		5F54EBE62ADFFCE200331E59 /* ImageManipulator.swift */ = {isa = PBXFileReference; lastKnownFileType = sourcecode.swift; path = ImageManipulator.swift; sourceTree = "<group>"; };
		5F54EBF32ADFFE4800331E59 /* FrameRate + Enum.swift */ = {isa = PBXFileReference; lastKnownFileType = sourcecode.swift; path = "FrameRate + Enum.swift"; sourceTree = "<group>"; };
		5F54EBF52ADFFE8600331E59 /* Encodable + Extension.swift */ = {isa = PBXFileReference; lastKnownFileType = sourcecode.swift; path = "Encodable + Extension.swift"; sourceTree = "<group>"; };
		5F54EBF72ADFFEA700331E59 /* Decodable + Extension.swift */ = {isa = PBXFileReference; lastKnownFileType = sourcecode.swift; path = "Decodable + Extension.swift"; sourceTree = "<group>"; };
		5F54EBF92ADFFF3100331E59 /* FirestorageDBManager.swift */ = {isa = PBXFileReference; lastKnownFileType = sourcecode.swift; path = FirestorageDBManager.swift; sourceTree = "<group>"; };
		5F54EBFB2ADFFF5D00331E59 /* FirestorageImageManager.swift */ = {isa = PBXFileReference; lastKnownFileType = sourcecode.swift; path = FirestorageImageManager.swift; sourceTree = "<group>"; };
		5F54EBFF2ADFFFFD00331E59 /* FirebaseError + Enum.swift */ = {isa = PBXFileReference; lastKnownFileType = sourcecode.swift; path = "FirebaseError + Enum.swift"; sourceTree = "<group>"; };
		5F54EC012AE0012300331E59 /* FirebaseAuthManager.swift */ = {isa = PBXFileReference; lastKnownFileType = sourcecode.swift; path = FirebaseAuthManager.swift; sourceTree = "<group>"; };
		5F54EC042AE0035900331E59 /* GoogleService-Info.plist */ = {isa = PBXFileReference; fileEncoding = 4; lastKnownFileType = text.plist.xml; path = "GoogleService-Info.plist"; sourceTree = "<group>"; };
		5FD54B172AD90FB90092D75B /* BaseViewController.swift */ = {isa = PBXFileReference; lastKnownFileType = sourcecode.swift; path = BaseViewController.swift; sourceTree = "<group>"; };
		5FD54B192AD90FD90092D75B /* MainViewController.swift */ = {isa = PBXFileReference; lastKnownFileType = sourcecode.swift; path = MainViewController.swift; sourceTree = "<group>"; };
		5FD54B1B2AD90FE80092D75B /* MainViewModel.swift */ = {isa = PBXFileReference; lastKnownFileType = sourcecode.swift; path = MainViewModel.swift; sourceTree = "<group>"; };
		5FD54B1D2AD910460092D75B /* BaseNavigationController.swift */ = {isa = PBXFileReference; lastKnownFileType = sourcecode.swift; path = BaseNavigationController.swift; sourceTree = "<group>"; };
		5FD54B202AD910890092D75B /* UIButton + Extension.swift */ = {isa = PBXFileReference; lastKnownFileType = sourcecode.swift; path = "UIButton + Extension.swift"; sourceTree = "<group>"; };
		5FD54B222AD910B30092D75B /* UIViewController + Extension.swift */ = {isa = PBXFileReference; lastKnownFileType = sourcecode.swift; path = "UIViewController + Extension.swift"; sourceTree = "<group>"; };
		5FD54B242AD910D30092D75B /* UILabel + Extension.swift */ = {isa = PBXFileReference; lastKnownFileType = sourcecode.swift; path = "UILabel + Extension.swift"; sourceTree = "<group>"; };
		5FD54B262AD910EE0092D75B /* UITextField + Extension.swift */ = {isa = PBXFileReference; lastKnownFileType = sourcecode.swift; path = "UITextField + Extension.swift"; sourceTree = "<group>"; };
		5FD54B282AD911120092D75B /* UITableView + Extension.swift */ = {isa = PBXFileReference; lastKnownFileType = sourcecode.swift; path = "UITableView + Extension.swift"; sourceTree = "<group>"; };
		5FD54B2A2AD9112D0092D75B /* UICollectionView + Extension.swift */ = {isa = PBXFileReference; lastKnownFileType = sourcecode.swift; path = "UICollectionView + Extension.swift"; sourceTree = "<group>"; };
		5FD54B2C2AD9114B0092D75B /* UIView + Extension.swift */ = {isa = PBXFileReference; lastKnownFileType = sourcecode.swift; path = "UIView + Extension.swift"; sourceTree = "<group>"; };
		5FD54B2F2AD9118D0092D75B /* Observable + BindableType.swift */ = {isa = PBXFileReference; lastKnownFileType = sourcecode.swift; path = "Observable + BindableType.swift"; sourceTree = "<group>"; };
		5FD54B332AD911D30092D75B /* NetworkManager.swift */ = {isa = PBXFileReference; lastKnownFileType = sourcecode.swift; path = NetworkManager.swift; sourceTree = "<group>"; };
		5FD54B352AD911EE0092D75B /* NetworkProtocol + NetworkError.swift */ = {isa = PBXFileReference; lastKnownFileType = sourcecode.swift; path = "NetworkProtocol + NetworkError.swift"; sourceTree = "<group>"; };
		5FD54B392AD912340092D75B /* UserDefaultManager.swift */ = {isa = PBXFileReference; lastKnownFileType = sourcecode.swift; path = UserDefaultManager.swift; sourceTree = "<group>"; };
		5FD54B3E2AD912960092D75B /* Palette + Enum.swift */ = {isa = PBXFileReference; lastKnownFileType = sourcecode.swift; path = "Palette + Enum.swift"; sourceTree = "<group>"; };
		5FD54B422AD912D60092D75B /* ConstMargin + Enum.swift */ = {isa = PBXFileReference; lastKnownFileType = sourcecode.swift; path = "ConstMargin + Enum.swift"; sourceTree = "<group>"; };
		5FD54B462AD913110092D75B /* LayoutMultiplier + Enum.swift */ = {isa = PBXFileReference; lastKnownFileType = sourcecode.swift; path = "LayoutMultiplier + Enum.swift"; sourceTree = "<group>"; };
		5FD54B492AD913460092D75B /* Logger.swift */ = {isa = PBXFileReference; lastKnownFileType = sourcecode.swift; path = Logger.swift; sourceTree = "<group>"; };
		5FD54B4E2AD913F00092D75B /* Date + Extension.swift */ = {isa = PBXFileReference; lastKnownFileType = sourcecode.swift; path = "Date + Extension.swift"; sourceTree = "<group>"; };
		5FD54B512AD915690092D75B /* ProfileViewModel.swift */ = {isa = PBXFileReference; lastKnownFileType = sourcecode.swift; path = ProfileViewModel.swift; sourceTree = "<group>"; };
		5FD54B532AD915790092D75B /* ProfileViewController.swift */ = {isa = PBXFileReference; lastKnownFileType = sourcecode.swift; path = ProfileViewController.swift; sourceTree = "<group>"; };
		5FD54B572AD915EE0092D75B /* BaseTabbarController.swift */ = {isa = PBXFileReference; lastKnownFileType = sourcecode.swift; path = BaseTabbarController.swift; sourceTree = "<group>"; };
		5FEC85882AE0BDAE000E5D4C /* DiaryInfo.md */ = {isa = PBXFileReference; lastKnownFileType = net.daringfireball.markdown; path = DiaryInfo.md; sourceTree = "<group>"; };
		D879F7762ADD478400FFB3F7 /* LoginViewController.swift */ = {isa = PBXFileReference; lastKnownFileType = sourcecode.swift; name = LoginViewController.swift; path = PODA/Screen/Login/LoginViewController.swift; sourceTree = SOURCE_ROOT; };
		D879F7792ADD940700FFB3F7 /* SignUpViewController.swift */ = {isa = PBXFileReference; lastKnownFileType = sourcecode.swift; path = SignUpViewController.swift; sourceTree = "<group>"; };
		E24331C72AE0F3FD00244A5A /* SelectRatioViewController.swift */ = {isa = PBXFileReference; lastKnownFileType = sourcecode.swift; path = SelectRatioViewController.swift; sourceTree = "<group>"; };
		E24331C92AE0F45C00244A5A /* CreateDiaryViewController.swift */ = {isa = PBXFileReference; lastKnownFileType = sourcecode.swift; path = CreateDiaryViewController.swift; sourceTree = "<group>"; };
		E24331CB2AE0F4BB00244A5A /* CreateDiaryViewModel.swift */ = {isa = PBXFileReference; lastKnownFileType = sourcecode.swift; path = CreateDiaryViewModel.swift; sourceTree = "<group>"; };
/* End PBXFileReference section */

/* Begin PBXFrameworksBuildPhase section */
		276985822AD8E20B00A5100D /* Frameworks */ = {
			isa = PBXFrameworksBuildPhase;
			buildActionMask = 2147483647;
			files = (
				5F54EBEE2ADFFD5C00331E59 /* FirebaseDatabase in Frameworks */,
				5FD54B092AD90AE00092D75B /* SnapKit in Frameworks */,
				E27DD4E62ADD15C5002B194A /* Then in Frameworks */,
				5F54EBEA2ADFFD5C00331E59 /* FirebaseAnalytics in Frameworks */,
				5F54EBF22ADFFD5C00331E59 /* FirebaseStorage in Frameworks */,
				5F54EBEC2ADFFD5C00331E59 /* FirebaseAuth in Frameworks */,
				5F54EBF02ADFFD5C00331E59 /* FirebaseFirestore in Frameworks */,
			);
			runOnlyForDeploymentPostprocessing = 0;
		};
/* End PBXFrameworksBuildPhase section */

/* Begin PBXGroup section */
		2769857C2AD8E20B00A5100D = {
			isa = PBXGroup;
			children = (
				276985872AD8E20B00A5100D /* PODA */,
				276985862AD8E20B00A5100D /* Products */,
			);
			sourceTree = "<group>";
		};
		276985862AD8E20B00A5100D /* Products */ = {
			isa = PBXGroup;
			children = (
				276985852AD8E20B00A5100D /* PODA.app */,
			);
			name = Products;
			sourceTree = "<group>";
		};
		276985872AD8E20B00A5100D /* PODA */ = {
			isa = PBXGroup;
			children = (
				E28A2D002ADC6D07004401D1 /* Global */,
				E28A2D082ADC6F95004401D1 /* Network */,
				E28A2CF92ADC6B99004401D1 /* Screen */,
				E28A2CF82AD95B91004401D1 /* Resource */,
			);
			path = PODA;
			sourceTree = "<group>";
		};
		27D2652C2ADD21DF00B6E211 /* Piece */ = {
			isa = PBXGroup;
			children = (
				27D2652D2ADD230100B6E211 /* ViewModel */,
				27D2652E2ADD230B00B6E211 /* ViewController */,
			);
			path = Piece;
			sourceTree = "<group>";
		};
		27D2652D2ADD230100B6E211 /* ViewModel */ = {
			isa = PBXGroup;
			children = (
				27D2652F2ADD237600B6E211 /* PieceViewModel.swift */,
			);
			path = ViewModel;
			sourceTree = "<group>";
		};
		27D2652E2ADD230B00B6E211 /* ViewController */ = {
			isa = PBXGroup;
			children = (
				27D2652A2ADD21B800B6E211 /* PieceViewController.swift */,
			);
			path = ViewController;
			sourceTree = "<group>";
		};
		5F2B1CC52ADCD06500DAA9C8 /* Font */ = {
			isa = PBXGroup;
			children = (
				5F2B1CC72ADCD08D00DAA9C8 /* Pretendard-Black.otf */,
				5F2B1CCB2ADCD08E00DAA9C8 /* Pretendard-Bold.otf */,
				5F2B1CC92ADCD08E00DAA9C8 /* Pretendard-ExtraBold.otf */,
				5F2B1CC82ADCD08E00DAA9C8 /* Pretendard-ExtraLight.otf */,
				5F2B1CCA2ADCD08E00DAA9C8 /* Pretendard-Light.otf */,
				5F2B1CC62ADCD08D00DAA9C8 /* Pretendard-Medium.otf */,
				5F2B1CCE2ADCD08E00DAA9C8 /* Pretendard-Regular.otf */,
				5F2B1CCD2ADCD08E00DAA9C8 /* Pretendard-SemiBold.otf */,
				5F2B1CCC2ADCD08E00DAA9C8 /* Pretendard-Thin.otf */,
			);
			path = Font;
			sourceTree = "<group>";
		};
		5F54EBE52ADFFCD700331E59 /* ImageManipulator */ = {
			isa = PBXGroup;
			children = (
				5F54EBE62ADFFCE200331E59 /* ImageManipulator.swift */,
			);
			path = ImageManipulator;
			sourceTree = "<group>";
		};
		5F54EBFE2ADFFFB100331E59 /* NetworkError */ = {
			isa = PBXGroup;
			children = (
				5F54EBFF2ADFFFFD00331E59 /* FirebaseError + Enum.swift */,
			);
			path = NetworkError;
			sourceTree = "<group>";
		};
		5F54EC032AE0035100331E59 /* Config */ = {
			isa = PBXGroup;
			children = (
				5F54EC042AE0035900331E59 /* GoogleService-Info.plist */,
			);
			path = Config;
			sourceTree = "<group>";
		};
		5FD54B142AD90F8A0092D75B /* ViewModel */ = {
			isa = PBXGroup;
			children = (
				5FD54B2E2AD911670092D75B /* Binding */,
			);
			path = ViewModel;
			sourceTree = "<group>";
		};
		5FD54B152AD90F930092D75B /* Model */ = {
			isa = PBXGroup;
			children = (
				5F2B1CDA2ADCDB7400DAA9C8 /* DiaryInfo.swift */,
			);
			path = Model;
			sourceTree = "<group>";
		};
		5FD54B162AD90F9A0092D75B /* Base */ = {
			isa = PBXGroup;
			children = (
				5FD54B172AD90FB90092D75B /* BaseViewController.swift */,
				5FD54B1D2AD910460092D75B /* BaseNavigationController.swift */,
				5FD54B572AD915EE0092D75B /* BaseTabbarController.swift */,
			);
			path = Base;
			sourceTree = "<group>";
		};
		5FD54B1F2AD9106C0092D75B /* Component */ = {
			isa = PBXGroup;
			children = (
				5FD54B202AD910890092D75B /* UIButton + Extension.swift */,
				5FD54B222AD910B30092D75B /* UIViewController + Extension.swift */,
				5FD54B242AD910D30092D75B /* UILabel + Extension.swift */,
				5FD54B262AD910EE0092D75B /* UITextField + Extension.swift */,
				5FD54B282AD911120092D75B /* UITableView + Extension.swift */,
				5FD54B2A2AD9112D0092D75B /* UICollectionView + Extension.swift */,
				5FD54B2C2AD9114B0092D75B /* UIView + Extension.swift */,
			);
			path = Component;
			sourceTree = "<group>";
		};
		5FD54B2E2AD911670092D75B /* Binding */ = {
			isa = PBXGroup;
			children = (
				5FD54B2F2AD9118D0092D75B /* Observable + BindableType.swift */,
			);
			path = Binding;
			sourceTree = "<group>";
		};
		5FD54B372AD912010092D75B /* Firebase */ = {
			isa = PBXGroup;
			children = (
				5F54EBFE2ADFFFB100331E59 /* NetworkError */,
				5F54EC012AE0012300331E59 /* FirebaseAuthManager.swift */,
				5F54EBF92ADFFF3100331E59 /* FirestorageDBManager.swift */,
				5F54EBFB2ADFFF5D00331E59 /* FirestorageImageManager.swift */,
			);
			path = Firebase;
			sourceTree = "<group>";
		};
		5FD54B382AD912130092D75B /* UserDefault */ = {
			isa = PBXGroup;
			children = (
				5FD54B392AD912340092D75B /* UserDefaultManager.swift */,
			);
			path = UserDefault;
			sourceTree = "<group>";
		};
		5FD54B482AD913300092D75B /* Logger */ = {
			isa = PBXGroup;
			children = (
				5FD54B492AD913460092D75B /* Logger.swift */,
			);
			path = Logger;
			sourceTree = "<group>";
		};
		5FD54B4B2AD9139A0092D75B /* Util */ = {
			isa = PBXGroup;
			children = (
				5F54EBE52ADFFCD700331E59 /* ImageManipulator */,
				5FD54B562AD915AC0092D75B /* Layout */,
				5FD54B4D2AD913DF0092D75B /* Extension */,
				5FD54B482AD913300092D75B /* Logger */,
			);
			path = Util;
			sourceTree = "<group>";
		};
		5FD54B4D2AD913DF0092D75B /* Extension */ = {
			isa = PBXGroup;
			children = (
				5FD54B1F2AD9106C0092D75B /* Component */,
				5FD54B4E2AD913F00092D75B /* Date + Extension.swift */,
				1BFF04012ADE62B100A5430D /* UIColor + Extension.swift */,
				5F54EBF52ADFFE8600331E59 /* Encodable + Extension.swift */,
				5F54EBF72ADFFEA700331E59 /* Decodable + Extension.swift */,
			);
			path = Extension;
			sourceTree = "<group>";
		};
		5FD54B562AD915AC0092D75B /* Layout */ = {
			isa = PBXGroup;
			children = (
				5FD54B422AD912D60092D75B /* ConstMargin + Enum.swift */,
				5FD54B462AD913110092D75B /* LayoutMultiplier + Enum.swift */,
				5F54EBF32ADFFE4800331E59 /* FrameRate + Enum.swift */,
			);
			path = Layout;
			sourceTree = "<group>";
		};
		5FEC85872AE0BD87000E5D4C /* Dummy */ = {
			isa = PBXGroup;
			children = (
				5FEC85882AE0BDAE000E5D4C /* DiaryInfo.md */,
			);
			path = Dummy;
			sourceTree = "<group>";
		};
		D879F7782ADD93E900FFB3F7 /* SignUp */ = {
			isa = PBXGroup;
			children = (
				D879F7792ADD940700FFB3F7 /* SignUpViewController.swift */,
			);
			path = SignUp;
			sourceTree = "<group>";
		};
		D879F77B2ADD941400FFB3F7 /* Login */ = {
			isa = PBXGroup;
			children = (
				D879F7762ADD478400FFB3F7 /* LoginViewController.swift */,
			);
			path = Login;
			sourceTree = "<group>";
		};
		E24331C42AE0F33F00244A5A /* Diary */ = {
			isa = PBXGroup;
			children = (
				E24331C62AE0F37600244A5A /* ViewModel */,
				E24331C52AE0F36900244A5A /* ViewController */,
			);
			path = Diary;
			sourceTree = "<group>";
		};
		E24331C52AE0F36900244A5A /* ViewController */ = {
			isa = PBXGroup;
			children = (
				E24331C72AE0F3FD00244A5A /* SelectRatioViewController.swift */,
				E24331C92AE0F45C00244A5A /* CreateDiaryViewController.swift */,
			);
			path = ViewController;
			sourceTree = "<group>";
		};
		E24331C62AE0F37600244A5A /* ViewModel */ = {
			isa = PBXGroup;
			children = (
				E24331CB2AE0F4BB00244A5A /* CreateDiaryViewModel.swift */,
			);
			path = ViewModel;
			sourceTree = "<group>";
		};
		E28A2CF82AD95B91004401D1 /* Resource */ = {
			isa = PBXGroup;
			children = (
				5F2B1CC52ADCD06500DAA9C8 /* Font */,
				276985912AD8E20D00A5100D /* Assets.xcassets */,
				276985932AD8E20D00A5100D /* LaunchScreen.storyboard */,
				E28A2CFF2ADC6C3D004401D1 /* Support */,
			);
			path = Resource;
			sourceTree = "<group>";
		};
		E28A2CF92ADC6B99004401D1 /* Screen */ = {
			isa = PBXGroup;
			children = (
				E24331C42AE0F33F00244A5A /* Diary */,
				D879F77B2ADD941400FFB3F7 /* Login */,
				D879F7782ADD93E900FFB3F7 /* SignUp */,
				E28A2CFA2ADC6BA7004401D1 /* Main */,
				E28A2CFD2ADC6BF9004401D1 /* Profile */,
				27D2652C2ADD21DF00B6E211 /* Piece */,
			);
			path = Screen;
			sourceTree = "<group>";
		};
		E28A2CFA2ADC6BA7004401D1 /* Main */ = {
			isa = PBXGroup;
			children = (
				E28A2D052ADC6EAD004401D1 /* ViewModel */,
				E28A2CFE2ADC6C0B004401D1 /* ViewController */,
			);
			path = Main;
			sourceTree = "<group>";
		};
		E28A2CFD2ADC6BF9004401D1 /* Profile */ = {
			isa = PBXGroup;
			children = (
				E28A2D072ADC6EC2004401D1 /* ViewModel */,
				E28A2D062ADC6EBA004401D1 /* ViewController */,
			);
			path = Profile;
			sourceTree = "<group>";
		};
		E28A2CFE2ADC6C0B004401D1 /* ViewController */ = {
			isa = PBXGroup;
			children = (
				5FD54B192AD90FD90092D75B /* MainViewController.swift */,
			);
			path = ViewController;
			sourceTree = "<group>";
		};
		E28A2CFF2ADC6C3D004401D1 /* Support */ = {
			isa = PBXGroup;
			children = (
				276985962AD8E20D00A5100D /* Info.plist */,
				276985882AD8E20B00A5100D /* AppDelegate.swift */,
				2769858A2AD8E20B00A5100D /* SceneDelegate.swift */,
			);
			path = Support;
			sourceTree = "<group>";
		};
		E28A2D002ADC6D07004401D1 /* Global */ = {
			isa = PBXGroup;
			children = (
				5FEC85872AE0BD87000E5D4C /* Dummy */,
				5F54EC032AE0035100331E59 /* Config */,
				E28A2D022ADC6D8B004401D1 /* DesignSystem */,
				5FD54B162AD90F9A0092D75B /* Base */,
				5FD54B4B2AD9139A0092D75B /* Util */,
				5FD54B142AD90F8A0092D75B /* ViewModel */,
				5FD54B152AD90F930092D75B /* Model */,
			);
			path = Global;
			sourceTree = "<group>";
		};
		E28A2D022ADC6D8B004401D1 /* DesignSystem */ = {
			isa = PBXGroup;
			children = (
				5FD54B3E2AD912960092D75B /* Palette + Enum.swift */,
				5F2B1CD82ADCD62900DAA9C8 /* UIFont + Enum.swift */,
			);
			path = DesignSystem;
			sourceTree = "<group>";
		};
		E28A2D052ADC6EAD004401D1 /* ViewModel */ = {
			isa = PBXGroup;
			children = (
				5FD54B1B2AD90FE80092D75B /* MainViewModel.swift */,
			);
			path = ViewModel;
			sourceTree = "<group>";
		};
		E28A2D062ADC6EBA004401D1 /* ViewController */ = {
			isa = PBXGroup;
			children = (
				5FD54B532AD915790092D75B /* ProfileViewController.swift */,
			);
			path = ViewController;
			sourceTree = "<group>";
		};
		E28A2D072ADC6EC2004401D1 /* ViewModel */ = {
			isa = PBXGroup;
			children = (
				5FD54B512AD915690092D75B /* ProfileViewModel.swift */,
			);
			path = ViewModel;
			sourceTree = "<group>";
		};
		E28A2D082ADC6F95004401D1 /* Network */ = {
			isa = PBXGroup;
			children = (
				E28A2D092ADC701A004401D1 /* Base */,
				5FD54B372AD912010092D75B /* Firebase */,
				5FD54B382AD912130092D75B /* UserDefault */,
			);
			path = Network;
			sourceTree = "<group>";
		};
		E28A2D092ADC701A004401D1 /* Base */ = {
			isa = PBXGroup;
			children = (
				5FD54B332AD911D30092D75B /* NetworkManager.swift */,
				5FD54B352AD911EE0092D75B /* NetworkProtocol + NetworkError.swift */,
			);
			path = Base;
			sourceTree = "<group>";
		};
/* End PBXGroup section */

/* Begin PBXNativeTarget section */
		276985842AD8E20B00A5100D /* PODA */ = {
			isa = PBXNativeTarget;
			buildConfigurationList = 276985992AD8E20D00A5100D /* Build configuration list for PBXNativeTarget "PODA" */;
			buildPhases = (
				276985812AD8E20B00A5100D /* Sources */,
				276985822AD8E20B00A5100D /* Frameworks */,
				276985832AD8E20B00A5100D /* Resources */,
			);
			buildRules = (
			);
			dependencies = (
			);
			name = PODA;
			packageProductDependencies = (
				5FD54B082AD90AE00092D75B /* SnapKit */,
				E27DD4E52ADD15C5002B194A /* Then */,
				5F54EBE92ADFFD5C00331E59 /* FirebaseAnalytics */,
				5F54EBEB2ADFFD5C00331E59 /* FirebaseAuth */,
				5F54EBED2ADFFD5C00331E59 /* FirebaseDatabase */,
				5F54EBEF2ADFFD5C00331E59 /* FirebaseFirestore */,
				5F54EBF12ADFFD5C00331E59 /* FirebaseStorage */,
			);
			productName = PODA;
			productReference = 276985852AD8E20B00A5100D /* PODA.app */;
			productType = "com.apple.product-type.application";
		};
/* End PBXNativeTarget section */

/* Begin PBXProject section */
		2769857D2AD8E20B00A5100D /* Project object */ = {
			isa = PBXProject;
			attributes = {
				BuildIndependentTargetsInParallel = 1;
				LastSwiftUpdateCheck = 1430;
				LastUpgradeCheck = 1430;
				TargetAttributes = {
					276985842AD8E20B00A5100D = {
						CreatedOnToolsVersion = 14.3.1;
					};
				};
			};
			buildConfigurationList = 276985802AD8E20B00A5100D /* Build configuration list for PBXProject "PODA" */;
			compatibilityVersion = "Xcode 14.0";
			developmentRegion = en;
			hasScannedForEncodings = 0;
			knownRegions = (
				en,
				Base,
			);
			mainGroup = 2769857C2AD8E20B00A5100D;
			packageReferences = (
				5FD54B072AD90AE00092D75B /* XCRemoteSwiftPackageReference "SnapKit" */,
				E27DD4E42ADD15C5002B194A /* XCRemoteSwiftPackageReference "Then" */,
				5F54EBE82ADFFD5C00331E59 /* XCRemoteSwiftPackageReference "firebase-ios-sdk" */,
			);
			productRefGroup = 276985862AD8E20B00A5100D /* Products */;
			projectDirPath = "";
			projectRoot = "";
			targets = (
				276985842AD8E20B00A5100D /* PODA */,
			);
		};
/* End PBXProject section */

/* Begin PBXResourcesBuildPhase section */
		276985832AD8E20B00A5100D /* Resources */ = {
			isa = PBXResourcesBuildPhase;
			buildActionMask = 2147483647;
			files = (
				276985952AD8E20D00A5100D /* LaunchScreen.storyboard in Resources */,
				5F2B1CD42ADCD08E00DAA9C8 /* Pretendard-Bold.otf in Resources */,
				276985922AD8E20D00A5100D /* Assets.xcassets in Resources */,
				5F2B1CD52ADCD08E00DAA9C8 /* Pretendard-Thin.otf in Resources */,
				5F2B1CD22ADCD08E00DAA9C8 /* Pretendard-ExtraBold.otf in Resources */,
				5F54EC052AE0035900331E59 /* GoogleService-Info.plist in Resources */,
				5F2B1CD12ADCD08E00DAA9C8 /* Pretendard-ExtraLight.otf in Resources */,
				5F2B1CD32ADCD08E00DAA9C8 /* Pretendard-Light.otf in Resources */,
				5F2B1CD62ADCD08E00DAA9C8 /* Pretendard-SemiBold.otf in Resources */,
				5F2B1CD72ADCD08E00DAA9C8 /* Pretendard-Regular.otf in Resources */,
				5F2B1CD02ADCD08E00DAA9C8 /* Pretendard-Black.otf in Resources */,
				5F2B1CCF2ADCD08E00DAA9C8 /* Pretendard-Medium.otf in Resources */,
			);
			runOnlyForDeploymentPostprocessing = 0;
		};
/* End PBXResourcesBuildPhase section */

/* Begin PBXSourcesBuildPhase section */
		276985812AD8E20B00A5100D /* Sources */ = {
			isa = PBXSourcesBuildPhase;
			buildActionMask = 2147483647;
			files = (
				E24331CC2AE0F4BB00244A5A /* CreateDiaryViewModel.swift in Sources */,
				5FD54B5E2AD922C60092D75B /* FirestorageManager.swift in Sources */,
				27D265302ADD237600B6E211 /* PieceViewModel.swift in Sources */,
				5FD54B292AD911120092D75B /* UITableView + Extension.swift in Sources */,
				E24331CA2AE0F45C00244A5A /* CreateDiaryViewController.swift in Sources */,
				5FD54B232AD910B30092D75B /* UIViewController + Extension.swift in Sources */,
				5FD54B362AD911EE0092D75B /* NetworkProtocol + NetworkError.swift in Sources */,
				5F2B1CD92ADCD62900DAA9C8 /* UIFont + Enum.swift in Sources */,
				5FD54B1E2AD910460092D75B /* BaseNavigationController.swift in Sources */,
				5FD54B342AD911D30092D75B /* NetworkManager.swift in Sources */,
				5F54EBFA2ADFFF3100331E59 /* FirestorageDBManager.swift in Sources */,
				5FD54B3A2AD912340092D75B /* UserDefaultManager.swift in Sources */,
				5FD54B522AD915690092D75B /* ProfileViewModel.swift in Sources */,
				D879F77A2ADD940700FFB3F7 /* SignUpViewController.swift in Sources */,
				5F54EC002ADFFFFD00331E59 /* FirebaseError + Enum.swift in Sources */,
				5FD54B432AD912D60092D75B /* ConstMargin + Enum.swift in Sources */,
				5FD54B2D2AD9114B0092D75B /* UIView + Extension.swift in Sources */,
				5FD54B4A2AD913460092D75B /* Logger.swift in Sources */,
				D879F7772ADD478400FFB3F7 /* LoginViewController.swift in Sources */,
				5F54EBE72ADFFCE200331E59 /* ImageManipulator.swift in Sources */,
				1BFF04022ADE62B100A5430D /* UIColor + Extension.swift in Sources */,
				5FD54B302AD9118D0092D75B /* Observable + BindableType.swift in Sources */,
				5FD54B182AD90FB90092D75B /* BaseViewController.swift in Sources */,
				5FD54B3F2AD912960092D75B /* Palette + Enum.swift in Sources */,
				276985892AD8E20B00A5100D /* AppDelegate.swift in Sources */,
				5F54EBF62ADFFE8600331E59 /* Encodable + Extension.swift in Sources */,
				2769858B2AD8E20B00A5100D /* SceneDelegate.swift in Sources */,
				5FD54B272AD910EE0092D75B /* UITextField + Extension.swift in Sources */,
				E24331C82AE0F3FD00244A5A /* SelectRatioViewController.swift in Sources */,
				5FD54B2B2AD9112D0092D75B /* UICollectionView + Extension.swift in Sources */,
				5FD54B252AD910D30092D75B /* UILabel + Extension.swift in Sources */,
				5F54EBF42ADFFE4800331E59 /* FrameRate + Enum.swift in Sources */,
				27D2652B2ADD21B800B6E211 /* PieceViewController.swift in Sources */,
				5FD54B1A2AD90FD90092D75B /* MainViewController.swift in Sources */,
				5FD54B472AD913110092D75B /* LayoutMultiplier + Enum.swift in Sources */,
				5FD54B1C2AD90FE80092D75B /* MainViewModel.swift in Sources */,
				5F54EBFC2ADFFF5D00331E59 /* FirestorageImageManager.swift in Sources */,
				5F2B1CDB2ADCDB7400DAA9C8 /* DiaryInfo.swift in Sources */,
				5F54EC022AE0012300331E59 /* FirebaseAuthManager.swift in Sources */,
				5FD54B582AD915EE0092D75B /* BaseTabbarController.swift in Sources */,
				5FD54B542AD915790092D75B /* ProfileViewController.swift in Sources */,
				5FD54B212AD910890092D75B /* UIButton + Extension.swift in Sources */,
				5FD54B4F2AD913F00092D75B /* Date + Extension.swift in Sources */,
				5F54EBF82ADFFEA700331E59 /* Decodable + Extension.swift in Sources */,
			);
			runOnlyForDeploymentPostprocessing = 0;
		};
/* End PBXSourcesBuildPhase section */

/* Begin PBXVariantGroup section */
		276985932AD8E20D00A5100D /* LaunchScreen.storyboard */ = {
			isa = PBXVariantGroup;
			children = (
				276985942AD8E20D00A5100D /* Base */,
			);
			name = LaunchScreen.storyboard;
			sourceTree = "<group>";
		};
/* End PBXVariantGroup section */

/* Begin XCBuildConfiguration section */
		276985972AD8E20D00A5100D /* Debug */ = {
			isa = XCBuildConfiguration;
			buildSettings = {
				ALWAYS_SEARCH_USER_PATHS = NO;
				CLANG_ANALYZER_NONNULL = YES;
				CLANG_ANALYZER_NUMBER_OBJECT_CONVERSION = YES_AGGRESSIVE;
				CLANG_CXX_LANGUAGE_STANDARD = "gnu++20";
				CLANG_ENABLE_MODULES = YES;
				CLANG_ENABLE_OBJC_ARC = YES;
				CLANG_ENABLE_OBJC_WEAK = YES;
				CLANG_WARN_BLOCK_CAPTURE_AUTORELEASING = YES;
				CLANG_WARN_BOOL_CONVERSION = YES;
				CLANG_WARN_COMMA = YES;
				CLANG_WARN_CONSTANT_CONVERSION = YES;
				CLANG_WARN_DEPRECATED_OBJC_IMPLEMENTATIONS = YES;
				CLANG_WARN_DIRECT_OBJC_ISA_USAGE = YES_ERROR;
				CLANG_WARN_DOCUMENTATION_COMMENTS = YES;
				CLANG_WARN_EMPTY_BODY = YES;
				CLANG_WARN_ENUM_CONVERSION = YES;
				CLANG_WARN_INFINITE_RECURSION = YES;
				CLANG_WARN_INT_CONVERSION = YES;
				CLANG_WARN_NON_LITERAL_NULL_CONVERSION = YES;
				CLANG_WARN_OBJC_IMPLICIT_RETAIN_SELF = YES;
				CLANG_WARN_OBJC_LITERAL_CONVERSION = YES;
				CLANG_WARN_OBJC_ROOT_CLASS = YES_ERROR;
				CLANG_WARN_QUOTED_INCLUDE_IN_FRAMEWORK_HEADER = YES;
				CLANG_WARN_RANGE_LOOP_ANALYSIS = YES;
				CLANG_WARN_STRICT_PROTOTYPES = YES;
				CLANG_WARN_SUSPICIOUS_MOVE = YES;
				CLANG_WARN_UNGUARDED_AVAILABILITY = YES_AGGRESSIVE;
				CLANG_WARN_UNREACHABLE_CODE = YES;
				CLANG_WARN__DUPLICATE_METHOD_MATCH = YES;
				COPY_PHASE_STRIP = NO;
				DEBUG_INFORMATION_FORMAT = dwarf;
				ENABLE_STRICT_OBJC_MSGSEND = YES;
				ENABLE_TESTABILITY = YES;
				GCC_C_LANGUAGE_STANDARD = gnu11;
				GCC_DYNAMIC_NO_PIC = NO;
				GCC_NO_COMMON_BLOCKS = YES;
				GCC_OPTIMIZATION_LEVEL = 0;
				GCC_PREPROCESSOR_DEFINITIONS = (
					"DEBUG=1",
					"$(inherited)",
				);
				GCC_WARN_64_TO_32_BIT_CONVERSION = YES;
				GCC_WARN_ABOUT_RETURN_TYPE = YES_ERROR;
				GCC_WARN_UNDECLARED_SELECTOR = YES;
				GCC_WARN_UNINITIALIZED_AUTOS = YES_AGGRESSIVE;
				GCC_WARN_UNUSED_FUNCTION = YES;
				GCC_WARN_UNUSED_VARIABLE = YES;
				IPHONEOS_DEPLOYMENT_TARGET = 16.4;
				MTL_ENABLE_DEBUG_INFO = INCLUDE_SOURCE;
				MTL_FAST_MATH = YES;
				ONLY_ACTIVE_ARCH = YES;
				SDKROOT = iphoneos;
				SWIFT_ACTIVE_COMPILATION_CONDITIONS = DEBUG;
				SWIFT_OPTIMIZATION_LEVEL = "-Onone";
			};
			name = Debug;
		};
		276985982AD8E20D00A5100D /* Release */ = {
			isa = XCBuildConfiguration;
			buildSettings = {
				ALWAYS_SEARCH_USER_PATHS = NO;
				CLANG_ANALYZER_NONNULL = YES;
				CLANG_ANALYZER_NUMBER_OBJECT_CONVERSION = YES_AGGRESSIVE;
				CLANG_CXX_LANGUAGE_STANDARD = "gnu++20";
				CLANG_ENABLE_MODULES = YES;
				CLANG_ENABLE_OBJC_ARC = YES;
				CLANG_ENABLE_OBJC_WEAK = YES;
				CLANG_WARN_BLOCK_CAPTURE_AUTORELEASING = YES;
				CLANG_WARN_BOOL_CONVERSION = YES;
				CLANG_WARN_COMMA = YES;
				CLANG_WARN_CONSTANT_CONVERSION = YES;
				CLANG_WARN_DEPRECATED_OBJC_IMPLEMENTATIONS = YES;
				CLANG_WARN_DIRECT_OBJC_ISA_USAGE = YES_ERROR;
				CLANG_WARN_DOCUMENTATION_COMMENTS = YES;
				CLANG_WARN_EMPTY_BODY = YES;
				CLANG_WARN_ENUM_CONVERSION = YES;
				CLANG_WARN_INFINITE_RECURSION = YES;
				CLANG_WARN_INT_CONVERSION = YES;
				CLANG_WARN_NON_LITERAL_NULL_CONVERSION = YES;
				CLANG_WARN_OBJC_IMPLICIT_RETAIN_SELF = YES;
				CLANG_WARN_OBJC_LITERAL_CONVERSION = YES;
				CLANG_WARN_OBJC_ROOT_CLASS = YES_ERROR;
				CLANG_WARN_QUOTED_INCLUDE_IN_FRAMEWORK_HEADER = YES;
				CLANG_WARN_RANGE_LOOP_ANALYSIS = YES;
				CLANG_WARN_STRICT_PROTOTYPES = YES;
				CLANG_WARN_SUSPICIOUS_MOVE = YES;
				CLANG_WARN_UNGUARDED_AVAILABILITY = YES_AGGRESSIVE;
				CLANG_WARN_UNREACHABLE_CODE = YES;
				CLANG_WARN__DUPLICATE_METHOD_MATCH = YES;
				COPY_PHASE_STRIP = NO;
				DEBUG_INFORMATION_FORMAT = "dwarf-with-dsym";
				ENABLE_NS_ASSERTIONS = NO;
				ENABLE_STRICT_OBJC_MSGSEND = YES;
				GCC_C_LANGUAGE_STANDARD = gnu11;
				GCC_NO_COMMON_BLOCKS = YES;
				GCC_WARN_64_TO_32_BIT_CONVERSION = YES;
				GCC_WARN_ABOUT_RETURN_TYPE = YES_ERROR;
				GCC_WARN_UNDECLARED_SELECTOR = YES;
				GCC_WARN_UNINITIALIZED_AUTOS = YES_AGGRESSIVE;
				GCC_WARN_UNUSED_FUNCTION = YES;
				GCC_WARN_UNUSED_VARIABLE = YES;
				IPHONEOS_DEPLOYMENT_TARGET = 16.4;
				MTL_ENABLE_DEBUG_INFO = NO;
				MTL_FAST_MATH = YES;
				SDKROOT = iphoneos;
				SWIFT_COMPILATION_MODE = wholemodule;
				SWIFT_OPTIMIZATION_LEVEL = "-O";
				VALIDATE_PRODUCT = YES;
			};
			name = Release;
		};
		2769859A2AD8E20D00A5100D /* Debug */ = {
			isa = XCBuildConfiguration;
			buildSettings = {
				ASSETCATALOG_COMPILER_APPICON_NAME = AppIcon;
				ASSETCATALOG_COMPILER_GLOBAL_ACCENT_COLOR_NAME = AccentColor;
				CODE_SIGN_STYLE = Automatic;
				CURRENT_PROJECT_VERSION = 1;
				DEVELOPMENT_TEAM = 53AWLX6CVV;
				GENERATE_INFOPLIST_FILE = YES;
				INFOPLIST_FILE = PODA/Resource/Support/Info.plist;
				INFOPLIST_KEY_UIApplicationSupportsIndirectInputEvents = YES;
				INFOPLIST_KEY_UILaunchStoryboardName = LaunchScreen;
				INFOPLIST_KEY_UISupportedInterfaceOrientations_iPad = "UIInterfaceOrientationPortrait UIInterfaceOrientationPortraitUpsideDown UIInterfaceOrientationLandscapeLeft UIInterfaceOrientationLandscapeRight";
				INFOPLIST_KEY_UISupportedInterfaceOrientations_iPhone = "UIInterfaceOrientationPortrait UIInterfaceOrientationLandscapeLeft UIInterfaceOrientationLandscapeRight";
				LD_RUNPATH_SEARCH_PATHS = (
					"$(inherited)",
					"@executable_path/Frameworks",
				);
				MARKETING_VERSION = 1.0;
				PRODUCT_BUNDLE_IDENTIFIER = poda;
				PRODUCT_NAME = "$(TARGET_NAME)";
				SWIFT_EMIT_LOC_STRINGS = YES;
				SWIFT_VERSION = 5.0;
				TARGETED_DEVICE_FAMILY = "1,2";
			};
			name = Debug;
		};
		2769859B2AD8E20D00A5100D /* Release */ = {
			isa = XCBuildConfiguration;
			buildSettings = {
				ASSETCATALOG_COMPILER_APPICON_NAME = AppIcon;
				ASSETCATALOG_COMPILER_GLOBAL_ACCENT_COLOR_NAME = AccentColor;
				CODE_SIGN_STYLE = Automatic;
				CURRENT_PROJECT_VERSION = 1;
				DEVELOPMENT_TEAM = 53AWLX6CVV;
				GENERATE_INFOPLIST_FILE = YES;
				INFOPLIST_FILE = PODA/Resource/Support/Info.plist;
				INFOPLIST_KEY_UIApplicationSupportsIndirectInputEvents = YES;
				INFOPLIST_KEY_UILaunchStoryboardName = LaunchScreen;
				INFOPLIST_KEY_UISupportedInterfaceOrientations_iPad = "UIInterfaceOrientationPortrait UIInterfaceOrientationPortraitUpsideDown UIInterfaceOrientationLandscapeLeft UIInterfaceOrientationLandscapeRight";
				INFOPLIST_KEY_UISupportedInterfaceOrientations_iPhone = "UIInterfaceOrientationPortrait UIInterfaceOrientationLandscapeLeft UIInterfaceOrientationLandscapeRight";
				LD_RUNPATH_SEARCH_PATHS = (
					"$(inherited)",
					"@executable_path/Frameworks",
				);
				MARKETING_VERSION = 1.0;
				PRODUCT_BUNDLE_IDENTIFIER = poda;
				PRODUCT_NAME = "$(TARGET_NAME)";
				SWIFT_EMIT_LOC_STRINGS = YES;
				SWIFT_VERSION = 5.0;
				TARGETED_DEVICE_FAMILY = "1,2";
			};
			name = Release;
		};
/* End XCBuildConfiguration section */

/* Begin XCConfigurationList section */
		276985802AD8E20B00A5100D /* Build configuration list for PBXProject "PODA" */ = {
			isa = XCConfigurationList;
			buildConfigurations = (
				276985972AD8E20D00A5100D /* Debug */,
				276985982AD8E20D00A5100D /* Release */,
			);
			defaultConfigurationIsVisible = 0;
			defaultConfigurationName = Release;
		};
		276985992AD8E20D00A5100D /* Build configuration list for PBXNativeTarget "PODA" */ = {
			isa = XCConfigurationList;
			buildConfigurations = (
				2769859A2AD8E20D00A5100D /* Debug */,
				2769859B2AD8E20D00A5100D /* Release */,
			);
			defaultConfigurationIsVisible = 0;
			defaultConfigurationName = Release;
		};
/* End XCConfigurationList section */

/* Begin XCRemoteSwiftPackageReference section */
		5F54EBE82ADFFD5C00331E59 /* XCRemoteSwiftPackageReference "firebase-ios-sdk" */ = {
			isa = XCRemoteSwiftPackageReference;
			repositoryURL = "https://github.com/firebase/firebase-ios-sdk";
			requirement = {
				kind = upToNextMajorVersion;
				minimumVersion = 10.0.0;
			};
		};
		5FD54B072AD90AE00092D75B /* XCRemoteSwiftPackageReference "SnapKit" */ = {
			isa = XCRemoteSwiftPackageReference;
			repositoryURL = "https://github.com/SnapKit/SnapKit.git";
			requirement = {
				kind = upToNextMajorVersion;
				minimumVersion = 5.0.0;
			};
		};
		E27DD4E42ADD15C5002B194A /* XCRemoteSwiftPackageReference "Then" */ = {
			isa = XCRemoteSwiftPackageReference;
			repositoryURL = "https://github.com/devxoul/Then";
			requirement = {
				kind = upToNextMajorVersion;
				minimumVersion = 3.0.0;
			};
		};
/* End XCRemoteSwiftPackageReference section */

/* Begin XCSwiftPackageProductDependency section */
		5F54EBE92ADFFD5C00331E59 /* FirebaseAnalytics */ = {
			isa = XCSwiftPackageProductDependency;
			package = 5F54EBE82ADFFD5C00331E59 /* XCRemoteSwiftPackageReference "firebase-ios-sdk" */;
			productName = FirebaseAnalytics;
		};
		5F54EBEB2ADFFD5C00331E59 /* FirebaseAuth */ = {
			isa = XCSwiftPackageProductDependency;
			package = 5F54EBE82ADFFD5C00331E59 /* XCRemoteSwiftPackageReference "firebase-ios-sdk" */;
			productName = FirebaseAuth;
		};
		5F54EBED2ADFFD5C00331E59 /* FirebaseDatabase */ = {
			isa = XCSwiftPackageProductDependency;
			package = 5F54EBE82ADFFD5C00331E59 /* XCRemoteSwiftPackageReference "firebase-ios-sdk" */;
			productName = FirebaseDatabase;
		};
		5F54EBEF2ADFFD5C00331E59 /* FirebaseFirestore */ = {
			isa = XCSwiftPackageProductDependency;
			package = 5F54EBE82ADFFD5C00331E59 /* XCRemoteSwiftPackageReference "firebase-ios-sdk" */;
			productName = FirebaseFirestore;
		};
		5F54EBF12ADFFD5C00331E59 /* FirebaseStorage */ = {
			isa = XCSwiftPackageProductDependency;
			package = 5F54EBE82ADFFD5C00331E59 /* XCRemoteSwiftPackageReference "firebase-ios-sdk" */;
			productName = FirebaseStorage;
		};
		5FD54B082AD90AE00092D75B /* SnapKit */ = {
			isa = XCSwiftPackageProductDependency;
			package = 5FD54B072AD90AE00092D75B /* XCRemoteSwiftPackageReference "SnapKit" */;
			productName = SnapKit;
		};
		E27DD4E52ADD15C5002B194A /* Then */ = {
			isa = XCSwiftPackageProductDependency;
			package = E27DD4E42ADD15C5002B194A /* XCRemoteSwiftPackageReference "Then" */;
			productName = Then;
		};
/* End XCSwiftPackageProductDependency section */
	};
	rootObject = 2769857D2AD8E20B00A5100D /* Project object */;
}
