// !$*UTF8*$!
{
	archiveVersion = 1;
	classes = {
	};
	objectVersion = 56;
	objects = {

/* Begin PBXBuildFile section */
		1B883AA62AE4F9D0004D5FCE /* InfoViewController.swift in Sources */ = {isa = PBXBuildFile; fileRef = 1B883AA52AE4F9D0004D5FCE /* InfoViewController.swift */; };
		1BFF04022ADE62B100A5430D /* UIColor + Extension.swift in Sources */ = {isa = PBXBuildFile; fileRef = 1BFF04012ADE62B100A5430D /* UIColor + Extension.swift */; };
		2683649A2AE2A92E00872ABB /* MoreDiaryCollectionViewCell.swift in Sources */ = {isa = PBXBuildFile; fileRef = 268364992AE2A92E00872ABB /* MoreDiaryCollectionViewCell.swift */; };
		2683649D2AE2CDDE00872ABB /* DetailViewController.swift in Sources */ = {isa = PBXBuildFile; fileRef = 2683649C2AE2CDDE00872ABB /* DetailViewController.swift */; };
		26A7D4972AE56B3200810D63 /* MoreDiaryViewController.swift in Sources */ = {isa = PBXBuildFile; fileRef = 26A7D4962AE56B3200810D63 /* MoreDiaryViewController.swift */; };
		26A7D4992AE56D9400810D63 /* SaveDeleteViewController.swift in Sources */ = {isa = PBXBuildFile; fileRef = 26A7D4982AE56D9400810D63 /* SaveDeleteViewController.swift */; };
		26A7D49B2AE63F6D00810D63 /* PieceCollectionViewCell.swift in Sources */ = {isa = PBXBuildFile; fileRef = 26A7D49A2AE63F6D00810D63 /* PieceCollectionViewCell.swift */; };
		26AE844D2AF1E451004CFB6B /* QRViewController.swift in Sources */ = {isa = PBXBuildFile; fileRef = 26AE844C2AF1E451004CFB6B /* QRViewController.swift */; };
		26B79F6C2AE1135000455539 /* HomeViewController.swift in Sources */ = {isa = PBXBuildFile; fileRef = 26B79F6B2AE1135000455539 /* HomeViewController.swift */; };
		26B79F6E2AE1139000455539 /* HomeMenuViewController.swift in Sources */ = {isa = PBXBuildFile; fileRef = 26B79F6D2AE1139000455539 /* HomeMenuViewController.swift */; };
		26B79F722AE113B600455539 /* MorePieceViewController.swift in Sources */ = {isa = PBXBuildFile; fileRef = 26B79F712AE113B600455539 /* MorePieceViewController.swift */; };
		26B79F772AE113F400455539 /* DiaryCollectionViewCell.swift in Sources */ = {isa = PBXBuildFile; fileRef = 26B79F762AE113F400455539 /* DiaryCollectionViewCell.swift */; };
		26E3FBAF2AF52FA800680C76 /* MorePieceCollectionViewCell.swift in Sources */ = {isa = PBXBuildFile; fileRef = 26E3FBAE2AF52FA800680C76 /* MorePieceCollectionViewCell.swift */; };
		276985892AD8E20B00A5100D /* AppDelegate.swift in Sources */ = {isa = PBXBuildFile; fileRef = 276985882AD8E20B00A5100D /* AppDelegate.swift */; };
		2769858B2AD8E20B00A5100D /* SceneDelegate.swift in Sources */ = {isa = PBXBuildFile; fileRef = 2769858A2AD8E20B00A5100D /* SceneDelegate.swift */; };
		276985922AD8E20D00A5100D /* Assets.xcassets in Resources */ = {isa = PBXBuildFile; fileRef = 276985912AD8E20D00A5100D /* Assets.xcassets */; };
		276985952AD8E20D00A5100D /* LaunchScreen.storyboard in Resources */ = {isa = PBXBuildFile; fileRef = 276985932AD8E20D00A5100D /* LaunchScreen.storyboard */; };
		2794D7AC2ADFFDD900B999EC /* PieceImageModel.swift in Sources */ = {isa = PBXBuildFile; fileRef = 2794D7AB2ADFFDD900B999EC /* PieceImageModel.swift */; };
		2794D7AE2AE01C9700B999EC /* RealmManager.swift in Sources */ = {isa = PBXBuildFile; fileRef = 2794D7AD2AE01C9700B999EC /* RealmManager.swift */; };
		2794D7B02AE0216000B999EC /* TestPageViewController.swift in Sources */ = {isa = PBXBuildFile; fileRef = 2794D7AF2AE0216000B999EC /* TestPageViewController.swift */; };
		27986DDE2AE125B900D27C84 /* RealmSwift in Frameworks */ = {isa = PBXBuildFile; productRef = 27986DDD2AE125B900D27C84 /* RealmSwift */; };
		27AA45802AEA240C0051C365 /* PhotoAccessHelper.swift in Sources */ = {isa = PBXBuildFile; fileRef = 27AA457F2AEA240C0051C365 /* PhotoAccessHelper.swift */; };
		27AA45822AEA400D0051C365 /* CameraAccessHelper.swift in Sources */ = {isa = PBXBuildFile; fileRef = 27AA45812AEA400D0051C365 /* CameraAccessHelper.swift */; };
		27AD25B32AF37F5E00B2FDDF /* GoogleService-Info.plist in Resources */ = {isa = PBXBuildFile; fileRef = 27AD25B22AF37F5E00B2FDDF /* GoogleService-Info.plist */; };
		27C679852AFCC28500509DAE /* SignUpViewModel.swift in Sources */ = {isa = PBXBuildFile; fileRef = 27C679842AFCC28500509DAE /* SignUpViewModel.swift */; };
		27D2652B2ADD21B800B6E211 /* PieceViewController.swift in Sources */ = {isa = PBXBuildFile; fileRef = 27D2652A2ADD21B800B6E211 /* PieceViewController.swift */; };
		27D265302ADD237600B6E211 /* PieceViewModel.swift in Sources */ = {isa = PBXBuildFile; fileRef = 27D2652F2ADD237600B6E211 /* PieceViewModel.swift */; };
		27DB5D0D2AE2532900489318 /* NVActivityIndicatorView in Frameworks */ = {isa = PBXBuildFile; productRef = 27DB5D0C2AE2532900489318 /* NVActivityIndicatorView */; };
		27DB5D102AE2544100489318 /* SwiftSMTP in Frameworks */ = {isa = PBXBuildFile; productRef = 27DB5D0F2AE2544100489318 /* SwiftSMTP */; };
		5F2B1CCF2ADCD08E00DAA9C8 /* Pretendard-Medium.otf in Resources */ = {isa = PBXBuildFile; fileRef = 5F2B1CC62ADCD08D00DAA9C8 /* Pretendard-Medium.otf */; };
		5F2B1CD02ADCD08E00DAA9C8 /* Pretendard-Black.otf in Resources */ = {isa = PBXBuildFile; fileRef = 5F2B1CC72ADCD08D00DAA9C8 /* Pretendard-Black.otf */; };
		5F2B1CD12ADCD08E00DAA9C8 /* Pretendard-ExtraLight.otf in Resources */ = {isa = PBXBuildFile; fileRef = 5F2B1CC82ADCD08E00DAA9C8 /* Pretendard-ExtraLight.otf */; };
		5F2B1CD22ADCD08E00DAA9C8 /* Pretendard-ExtraBold.otf in Resources */ = {isa = PBXBuildFile; fileRef = 5F2B1CC92ADCD08E00DAA9C8 /* Pretendard-ExtraBold.otf */; };
		5F2B1CD32ADCD08E00DAA9C8 /* Pretendard-Light.otf in Resources */ = {isa = PBXBuildFile; fileRef = 5F2B1CCA2ADCD08E00DAA9C8 /* Pretendard-Light.otf */; };
		5F2B1CD42ADCD08E00DAA9C8 /* Pretendard-Bold.otf in Resources */ = {isa = PBXBuildFile; fileRef = 5F2B1CCB2ADCD08E00DAA9C8 /* Pretendard-Bold.otf */; };
		5F2B1CD52ADCD08E00DAA9C8 /* Pretendard-Thin.otf in Resources */ = {isa = PBXBuildFile; fileRef = 5F2B1CCC2ADCD08E00DAA9C8 /* Pretendard-Thin.otf */; };
		5F2B1CD62ADCD08E00DAA9C8 /* Pretendard-SemiBold.otf in Resources */ = {isa = PBXBuildFile; fileRef = 5F2B1CCD2ADCD08E00DAA9C8 /* Pretendard-SemiBold.otf */; };
		5F2B1CD72ADCD08E00DAA9C8 /* Pretendard-Regular.otf in Resources */ = {isa = PBXBuildFile; fileRef = 5F2B1CCE2ADCD08E00DAA9C8 /* Pretendard-Regular.otf */; };
		5F2B1CD92ADCD62900DAA9C8 /* UIFont + Enum.swift in Sources */ = {isa = PBXBuildFile; fileRef = 5F2B1CD82ADCD62900DAA9C8 /* UIFont + Enum.swift */; };
		5F2B1CDB2ADCDB7400DAA9C8 /* DiaryInfo.swift in Sources */ = {isa = PBXBuildFile; fileRef = 5F2B1CDA2ADCDB7400DAA9C8 /* DiaryInfo.swift */; };
		5F5447C62AE6350E00365DB7 /* HTMLParser.swift in Sources */ = {isa = PBXBuildFile; fileRef = 5F5447C52AE6350E00365DB7 /* HTMLParser.swift */; };
		5F5447C92AE6354B00365DB7 /* InquireManager.swift in Sources */ = {isa = PBXBuildFile; fileRef = 5F5447C82AE6354B00365DB7 /* InquireManager.swift */; };
		5F5447CB2AE6355900365DB7 /* SMTPManager.swift in Sources */ = {isa = PBXBuildFile; fileRef = 5F5447CA2AE6355900365DB7 /* SMTPManager.swift */; };
		5F5447CD2AE6356300365DB7 /* SMTPError + Enum.swift in Sources */ = {isa = PBXBuildFile; fileRef = 5F5447CC2AE6356300365DB7 /* SMTPError + Enum.swift */; };
		5F54EBE72ADFFCE200331E59 /* ImageManipulator.swift in Sources */ = {isa = PBXBuildFile; fileRef = 5F54EBE62ADFFCE200331E59 /* ImageManipulator.swift */; };
		5F54EBF42ADFFE4800331E59 /* FrameRate + Enum.swift in Sources */ = {isa = PBXBuildFile; fileRef = 5F54EBF32ADFFE4800331E59 /* FrameRate + Enum.swift */; };
		5F54EBF62ADFFE8600331E59 /* Encodable + Extension.swift in Sources */ = {isa = PBXBuildFile; fileRef = 5F54EBF52ADFFE8600331E59 /* Encodable + Extension.swift */; };
		5F54EBF82ADFFEA700331E59 /* Decodable + Extension.swift in Sources */ = {isa = PBXBuildFile; fileRef = 5F54EBF72ADFFEA700331E59 /* Decodable + Extension.swift */; };
		5F54EBFA2ADFFF3100331E59 /* FirestorageDBManager.swift in Sources */ = {isa = PBXBuildFile; fileRef = 5F54EBF92ADFFF3100331E59 /* FirestorageDBManager.swift */; };
		5F54EBFC2ADFFF5D00331E59 /* FirestorageImageManager.swift in Sources */ = {isa = PBXBuildFile; fileRef = 5F54EBFB2ADFFF5D00331E59 /* FirestorageImageManager.swift */; };
		5F54EC002ADFFFFD00331E59 /* FirebaseError + Enum.swift in Sources */ = {isa = PBXBuildFile; fileRef = 5F54EBFF2ADFFFFD00331E59 /* FirebaseError + Enum.swift */; };
		5F54EC022AE0012300331E59 /* FirebaseAuthManager.swift in Sources */ = {isa = PBXBuildFile; fileRef = 5F54EC012AE0012300331E59 /* FirebaseAuthManager.swift */; };
		5F56D75D2AFDC645004C79DE /* SetProfileViewModel.swift in Sources */ = {isa = PBXBuildFile; fileRef = 5F56D75C2AFDC645004C79DE /* SetProfileViewModel.swift */; };
		5F77FF962AF482A70049E8EB /* GoogleService-Info-Dev.plist in Resources */ = {isa = PBXBuildFile; fileRef = 5F77FF952AF482A70049E8EB /* GoogleService-Info-Dev.plist */; };
		5FD54B092AD90AE00092D75B /* SnapKit in Frameworks */ = {isa = PBXBuildFile; productRef = 5FD54B082AD90AE00092D75B /* SnapKit */; };
		5FD54B182AD90FB90092D75B /* BaseViewController.swift in Sources */ = {isa = PBXBuildFile; fileRef = 5FD54B172AD90FB90092D75B /* BaseViewController.swift */; };
		5FD54B1A2AD90FD90092D75B /* MainViewController.swift in Sources */ = {isa = PBXBuildFile; fileRef = 5FD54B192AD90FD90092D75B /* MainViewController.swift */; };
		5FD54B1C2AD90FE80092D75B /* MainViewModel.swift in Sources */ = {isa = PBXBuildFile; fileRef = 5FD54B1B2AD90FE80092D75B /* MainViewModel.swift */; };
		5FD54B1E2AD910460092D75B /* BaseNavigationController.swift in Sources */ = {isa = PBXBuildFile; fileRef = 5FD54B1D2AD910460092D75B /* BaseNavigationController.swift */; };
		5FD54B212AD910890092D75B /* UIButton + Extension.swift in Sources */ = {isa = PBXBuildFile; fileRef = 5FD54B202AD910890092D75B /* UIButton + Extension.swift */; };
		5FD54B232AD910B30092D75B /* UIViewController + Extension.swift in Sources */ = {isa = PBXBuildFile; fileRef = 5FD54B222AD910B30092D75B /* UIViewController + Extension.swift */; };
		5FD54B252AD910D30092D75B /* UILabel + Extension.swift in Sources */ = {isa = PBXBuildFile; fileRef = 5FD54B242AD910D30092D75B /* UILabel + Extension.swift */; };
		5FD54B272AD910EE0092D75B /* UITextField + Extension.swift in Sources */ = {isa = PBXBuildFile; fileRef = 5FD54B262AD910EE0092D75B /* UITextField + Extension.swift */; };
		5FD54B292AD911120092D75B /* UITableView + Extension.swift in Sources */ = {isa = PBXBuildFile; fileRef = 5FD54B282AD911120092D75B /* UITableView + Extension.swift */; };
		5FD54B2B2AD9112D0092D75B /* UICollectionView + Extension.swift in Sources */ = {isa = PBXBuildFile; fileRef = 5FD54B2A2AD9112D0092D75B /* UICollectionView + Extension.swift */; };
		5FD54B2D2AD9114B0092D75B /* UIView + Extension.swift in Sources */ = {isa = PBXBuildFile; fileRef = 5FD54B2C2AD9114B0092D75B /* UIView + Extension.swift */; };
		5FD54B302AD9118D0092D75B /* Observable + BindableType.swift in Sources */ = {isa = PBXBuildFile; fileRef = 5FD54B2F2AD9118D0092D75B /* Observable + BindableType.swift */; };
		5FD54B342AD911D30092D75B /* NetworkManager.swift in Sources */ = {isa = PBXBuildFile; fileRef = 5FD54B332AD911D30092D75B /* NetworkManager.swift */; };
		5FD54B362AD911EE0092D75B /* NetworkProtocol + NetworkError.swift in Sources */ = {isa = PBXBuildFile; fileRef = 5FD54B352AD911EE0092D75B /* NetworkProtocol + NetworkError.swift */; };
		5FD54B3A2AD912340092D75B /* UserDefaultManager.swift in Sources */ = {isa = PBXBuildFile; fileRef = 5FD54B392AD912340092D75B /* UserDefaultManager.swift */; };
		5FD54B3F2AD912960092D75B /* Palette + Enum.swift in Sources */ = {isa = PBXBuildFile; fileRef = 5FD54B3E2AD912960092D75B /* Palette + Enum.swift */; };
		5FD54B432AD912D60092D75B /* ConstMargin + Enum.swift in Sources */ = {isa = PBXBuildFile; fileRef = 5FD54B422AD912D60092D75B /* ConstMargin + Enum.swift */; };
		5FD54B472AD913110092D75B /* LayoutMultiplier + Enum.swift in Sources */ = {isa = PBXBuildFile; fileRef = 5FD54B462AD913110092D75B /* LayoutMultiplier + Enum.swift */; };
		5FD54B4A2AD913460092D75B /* Logger.swift in Sources */ = {isa = PBXBuildFile; fileRef = 5FD54B492AD913460092D75B /* Logger.swift */; };
		5FD54B4F2AD913F00092D75B /* Date + Extension.swift in Sources */ = {isa = PBXBuildFile; fileRef = 5FD54B4E2AD913F00092D75B /* Date + Extension.swift */; };
		5FD54B522AD915690092D75B /* ProfileViewModel.swift in Sources */ = {isa = PBXBuildFile; fileRef = 5FD54B512AD915690092D75B /* ProfileViewModel.swift */; };
		5FD54B542AD915790092D75B /* ProfileViewController.swift in Sources */ = {isa = PBXBuildFile; fileRef = 5FD54B532AD915790092D75B /* ProfileViewController.swift */; };
		5FD54B582AD915EE0092D75B /* BaseTabbarController.swift in Sources */ = {isa = PBXBuildFile; fileRef = 5FD54B572AD915EE0092D75B /* BaseTabbarController.swift */; };
		5FE44D412AE93B1900DB3EB1 /* NoticeInfo.swift in Sources */ = {isa = PBXBuildFile; fileRef = 5FE44D402AE93B1900DB3EB1 /* NoticeInfo.swift */; };
		5FE92C612AEF752200DDD34F /* String + Extension.swift in Sources */ = {isa = PBXBuildFile; fileRef = 5FE92C602AEF752200DDD34F /* String + Extension.swift */; };
		5FEC85BB2AE14E0F000E5D4C /* FirebaseAnalytics in Frameworks */ = {isa = PBXBuildFile; productRef = 5FEC85BA2AE14E0F000E5D4C /* FirebaseAnalytics */; };
		5FEC85BD2AE14E0F000E5D4C /* FirebaseAuth in Frameworks */ = {isa = PBXBuildFile; productRef = 5FEC85BC2AE14E0F000E5D4C /* FirebaseAuth */; };
		5FEC85BF2AE14E0F000E5D4C /* FirebaseDatabase in Frameworks */ = {isa = PBXBuildFile; productRef = 5FEC85BE2AE14E0F000E5D4C /* FirebaseDatabase */; };
		5FEC85C12AE14E0F000E5D4C /* FirebaseFirestore in Frameworks */ = {isa = PBXBuildFile; productRef = 5FEC85C02AE14E0F000E5D4C /* FirebaseFirestore */; };
		5FEC85C32AE14E0F000E5D4C /* FirebaseStorage in Frameworks */ = {isa = PBXBuildFile; productRef = 5FEC85C22AE14E0F000E5D4C /* FirebaseStorage */; };
		5FEC85C72AE156B0000E5D4C /* UserInfo.swift in Sources */ = {isa = PBXBuildFile; fileRef = 5FEC85C62AE156B0000E5D4C /* UserInfo.swift */; };
		D81320A12AEC2FB70032F487 /* UIImage.swift in Sources */ = {isa = PBXBuildFile; fileRef = D81320A02AEC2FB70032F487 /* UIImage.swift */; };
		D8433AD62AFB92A000481E96 /* InfoViewModel.swift in Sources */ = {isa = PBXBuildFile; fileRef = D8433AD52AFB92A000481E96 /* InfoViewModel.swift */; };
		D870C78A2AEA19A80066A61E /* CustomLoadingIndicator.swift in Sources */ = {isa = PBXBuildFile; fileRef = D870C7892AEA19A80066A61E /* CustomLoadingIndicator.swift */; };
		D8777E062AF5649400DFEA6A /* PieceShakeViewController.swift in Sources */ = {isa = PBXBuildFile; fileRef = D8777E052AF5649400DFEA6A /* PieceShakeViewController.swift */; };
		D879F7772ADD478400FFB3F7 /* LoginViewController.swift in Sources */ = {isa = PBXBuildFile; fileRef = D879F7762ADD478400FFB3F7 /* LoginViewController.swift */; };
		D879F77A2ADD940700FFB3F7 /* SignUpViewController.swift in Sources */ = {isa = PBXBuildFile; fileRef = D879F7792ADD940700FFB3F7 /* SignUpViewController.swift */; };
		D89A29EC2AEFB09100B4ACBD /* AgreeTermsViewController.swift in Sources */ = {isa = PBXBuildFile; fileRef = D89A29EB2AEFB09100B4ACBD /* AgreeTermsViewController.swift */; };
		D8BD5C612AE6B0CA00A3802A /* InfoCell.swift in Sources */ = {isa = PBXBuildFile; fileRef = D8BD5C602AE6B0CA00A3802A /* InfoCell.swift */; };
		D8CBFD8D2AF9CA3800D0242F /* LeaveViewModel.swift in Sources */ = {isa = PBXBuildFile; fileRef = D8CBFD8C2AF9CA3800D0242F /* LeaveViewModel.swift */; };
		D8E5D0502AE1227A005EE3C9 /* SetProfileViewController.swift in Sources */ = {isa = PBXBuildFile; fileRef = D8E5D04F2AE1227A005EE3C9 /* SetProfileViewController.swift */; };
		D8E5D0522AE12471005EE3C9 /* CompleteSignUpViewController.swift in Sources */ = {isa = PBXBuildFile; fileRef = D8E5D0512AE12471005EE3C9 /* CompleteSignUpViewController.swift */; };
		D8F46ADA2AE7E0EA00C8FDF4 /* NoticeViewController.swift in Sources */ = {isa = PBXBuildFile; fileRef = D8F46AD92AE7E0EA00C8FDF4 /* NoticeViewController.swift */; };
		D8F46ADC2AE7E34800C8FDF4 /* NoticeCell.swift in Sources */ = {isa = PBXBuildFile; fileRef = D8F46ADB2AE7E34800C8FDF4 /* NoticeCell.swift */; };
		D8F46ADE2AE80F1600C8FDF4 /* LeaveViewController.swift in Sources */ = {isa = PBXBuildFile; fileRef = D8F46ADD2AE80F1600C8FDF4 /* LeaveViewController.swift */; };
		E20C9AE42AE41A0300BA5754 /* StickerViewController.swift in Sources */ = {isa = PBXBuildFile; fileRef = E20C9AE32AE41A0300BA5754 /* StickerViewController.swift */; };
		E20C9AEA2AE4209300BA5754 /* StickerCollectionViewCell.swift in Sources */ = {isa = PBXBuildFile; fileRef = E20C9AE82AE4209300BA5754 /* StickerCollectionViewCell.swift */; };
		E20C9AEB2AE4209300BA5754 /* StickerCollectionViewCell.xib in Resources */ = {isa = PBXBuildFile; fileRef = E20C9AE92AE4209300BA5754 /* StickerCollectionViewCell.xib */; };
		E24331C82AE0F3FD00244A5A /* SelectRatioViewController.swift in Sources */ = {isa = PBXBuildFile; fileRef = E24331C72AE0F3FD00244A5A /* SelectRatioViewController.swift */; };
		E24331CA2AE0F45C00244A5A /* CreateDiaryViewController.swift in Sources */ = {isa = PBXBuildFile; fileRef = E24331C92AE0F45C00244A5A /* CreateDiaryViewController.swift */; };
		E24331CC2AE0F4BB00244A5A /* CreateDiaryViewModel.swift in Sources */ = {isa = PBXBuildFile; fileRef = E24331CB2AE0F4BB00244A5A /* CreateDiaryViewModel.swift */; };
		E24331CE2AE1032200244A5A /* DetailDiaryViewController.swift in Sources */ = {isa = PBXBuildFile; fileRef = E24331CD2AE1032200244A5A /* DetailDiaryViewController.swift */; };
		E24A314B2AE65C72006CF02C /* DOSSaemmul.ttf in Resources */ = {isa = PBXBuildFile; fileRef = E24A314A2AE65C72006CF02C /* DOSSaemmul.ttf */; };
		E24A314D2AE65CC0006CF02C /* Cafe24SsurroundOTF.otf in Resources */ = {isa = PBXBuildFile; fileRef = E24A314C2AE65CC0006CF02C /* Cafe24SsurroundOTF.otf */; };
		E24A314F2AE65D20006CF02C /* GowunDodum-Regular.ttf in Resources */ = {isa = PBXBuildFile; fileRef = E24A314E2AE65D20006CF02C /* GowunDodum-Regular.ttf */; };
		E24A31512AE65DBC006CF02C /* NanumSquareRoundB.ttf in Resources */ = {isa = PBXBuildFile; fileRef = E24A31502AE65DBC006CF02C /* NanumSquareRoundB.ttf */; };
		E24A31532AE65DE4006CF02C /* NanumMyeongjoOTF.otf in Resources */ = {isa = PBXBuildFile; fileRef = E24A31522AE65DE4006CF02C /* NanumMyeongjoOTF.otf */; };
		E24A31572AE65FF2006CF02C /* NanumBaReunHiPi.ttf in Resources */ = {isa = PBXBuildFile; fileRef = E24A31562AE65FF2006CF02C /* NanumBaReunHiPi.ttf */; };
		E24A315E2AE665AB006CF02C /* FontCollectionViewCell.swift in Sources */ = {isa = PBXBuildFile; fileRef = E24A315C2AE665AB006CF02C /* FontCollectionViewCell.swift */; };
		E24A315F2AE665AB006CF02C /* FontCollectionViewCell.xib in Resources */ = {isa = PBXBuildFile; fileRef = E24A315D2AE665AB006CF02C /* FontCollectionViewCell.xib */; };
		E261FF492AF52FA100D05EA6 /* DiaryView.swift in Sources */ = {isa = PBXBuildFile; fileRef = E261FF482AF52FA100D05EA6 /* DiaryView.swift */; };
		E27DD4E62ADD15C5002B194A /* Then in Frameworks */ = {isa = PBXBuildFile; productRef = E27DD4E52ADD15C5002B194A /* Then */; };
		E2981D1C2AFA41C100E8D262 /* DiaryAPI.swift in Sources */ = {isa = PBXBuildFile; fileRef = E2981D1B2AFA41C100E8D262 /* DiaryAPI.swift */; };
		E2ABBC782AF9098D0043D7F0 /* Ratio.swift in Sources */ = {isa = PBXBuildFile; fileRef = E2ABBC772AF9098D0043D7F0 /* Ratio.swift */; };
		E2B8F8D42AE1161600578D15 /* PageCollectionViewCell.swift in Sources */ = {isa = PBXBuildFile; fileRef = E2B8F8D22AE1161600578D15 /* PageCollectionViewCell.swift */; };
		E2B8F8D52AE1161600578D15 /* PageCollectionViewCell.xib in Resources */ = {isa = PBXBuildFile; fileRef = E2B8F8D32AE1161600578D15 /* PageCollectionViewCell.xib */; };
		E2B8F8D92AE1A5FE00578D15 /* ColorPaletteView.swift in Sources */ = {isa = PBXBuildFile; fileRef = E2B8F8D82AE1A5FE00578D15 /* ColorPaletteView.swift */; };
		E2B8F8DC2AE2538F00578D15 /* ColorCollectionViewCell.swift in Sources */ = {isa = PBXBuildFile; fileRef = E2B8F8DA2AE2538F00578D15 /* ColorCollectionViewCell.swift */; };
		E2B8F8DD2AE2538F00578D15 /* ColorCollectionViewCell.xib in Resources */ = {isa = PBXBuildFile; fileRef = E2B8F8DB2AE2538F00578D15 /* ColorCollectionViewCell.xib */; };
		E2B8F8E12AE2872300578D15 /* DiaryNavigationBar.swift in Sources */ = {isa = PBXBuildFile; fileRef = E2B8F8E02AE2872300578D15 /* DiaryNavigationBar.swift */; };
/* End PBXBuildFile section */

/* Begin PBXFileReference section */
		1B883AA52AE4F9D0004D5FCE /* InfoViewController.swift */ = {isa = PBXFileReference; lastKnownFileType = sourcecode.swift; path = InfoViewController.swift; sourceTree = "<group>"; };
		1BFF04012ADE62B100A5430D /* UIColor + Extension.swift */ = {isa = PBXFileReference; lastKnownFileType = sourcecode.swift; path = "UIColor + Extension.swift"; sourceTree = "<group>"; };
		268364992AE2A92E00872ABB /* MoreDiaryCollectionViewCell.swift */ = {isa = PBXFileReference; lastKnownFileType = sourcecode.swift; path = MoreDiaryCollectionViewCell.swift; sourceTree = "<group>"; };
		2683649C2AE2CDDE00872ABB /* DetailViewController.swift */ = {isa = PBXFileReference; lastKnownFileType = sourcecode.swift; path = DetailViewController.swift; sourceTree = "<group>"; };
		26A7D4962AE56B3200810D63 /* MoreDiaryViewController.swift */ = {isa = PBXFileReference; lastKnownFileType = sourcecode.swift; path = MoreDiaryViewController.swift; sourceTree = "<group>"; };
		26A7D4982AE56D9400810D63 /* SaveDeleteViewController.swift */ = {isa = PBXFileReference; lastKnownFileType = sourcecode.swift; path = SaveDeleteViewController.swift; sourceTree = "<group>"; };
		26A7D49A2AE63F6D00810D63 /* PieceCollectionViewCell.swift */ = {isa = PBXFileReference; lastKnownFileType = sourcecode.swift; path = PieceCollectionViewCell.swift; sourceTree = "<group>"; };
		26AE844C2AF1E451004CFB6B /* QRViewController.swift */ = {isa = PBXFileReference; lastKnownFileType = sourcecode.swift; path = QRViewController.swift; sourceTree = "<group>"; };
		26B79F6B2AE1135000455539 /* HomeViewController.swift */ = {isa = PBXFileReference; lastKnownFileType = sourcecode.swift; path = HomeViewController.swift; sourceTree = "<group>"; };
		26B79F6D2AE1139000455539 /* HomeMenuViewController.swift */ = {isa = PBXFileReference; lastKnownFileType = sourcecode.swift; path = HomeMenuViewController.swift; sourceTree = "<group>"; };
		26B79F712AE113B600455539 /* MorePieceViewController.swift */ = {isa = PBXFileReference; lastKnownFileType = sourcecode.swift; path = MorePieceViewController.swift; sourceTree = "<group>"; };
		26B79F762AE113F400455539 /* DiaryCollectionViewCell.swift */ = {isa = PBXFileReference; lastKnownFileType = sourcecode.swift; path = DiaryCollectionViewCell.swift; sourceTree = "<group>"; };
		26E3FBAE2AF52FA800680C76 /* MorePieceCollectionViewCell.swift */ = {isa = PBXFileReference; lastKnownFileType = sourcecode.swift; path = MorePieceCollectionViewCell.swift; sourceTree = "<group>"; };
		276985852AD8E20B00A5100D /* PODA.app */ = {isa = PBXFileReference; explicitFileType = wrapper.application; includeInIndex = 0; path = PODA.app; sourceTree = BUILT_PRODUCTS_DIR; };
		276985882AD8E20B00A5100D /* AppDelegate.swift */ = {isa = PBXFileReference; lastKnownFileType = sourcecode.swift; path = AppDelegate.swift; sourceTree = "<group>"; };
		2769858A2AD8E20B00A5100D /* SceneDelegate.swift */ = {isa = PBXFileReference; lastKnownFileType = sourcecode.swift; path = SceneDelegate.swift; sourceTree = "<group>"; };
		276985912AD8E20D00A5100D /* Assets.xcassets */ = {isa = PBXFileReference; lastKnownFileType = folder.assetcatalog; path = Assets.xcassets; sourceTree = "<group>"; };
		276985942AD8E20D00A5100D /* Base */ = {isa = PBXFileReference; lastKnownFileType = file.storyboard; name = Base; path = Base.lproj/LaunchScreen.storyboard; sourceTree = "<group>"; };
		276985962AD8E20D00A5100D /* Info.plist */ = {isa = PBXFileReference; lastKnownFileType = text.plist.xml; path = Info.plist; sourceTree = "<group>"; };
		2794D7AB2ADFFDD900B999EC /* PieceImageModel.swift */ = {isa = PBXFileReference; lastKnownFileType = sourcecode.swift; path = PieceImageModel.swift; sourceTree = "<group>"; };
		2794D7AD2AE01C9700B999EC /* RealmManager.swift */ = {isa = PBXFileReference; lastKnownFileType = sourcecode.swift; path = RealmManager.swift; sourceTree = "<group>"; };
		2794D7AF2AE0216000B999EC /* TestPageViewController.swift */ = {isa = PBXFileReference; lastKnownFileType = sourcecode.swift; path = TestPageViewController.swift; sourceTree = "<group>"; };
		27AA457F2AEA240C0051C365 /* PhotoAccessHelper.swift */ = {isa = PBXFileReference; lastKnownFileType = sourcecode.swift; path = PhotoAccessHelper.swift; sourceTree = "<group>"; };
		27AA45812AEA400D0051C365 /* CameraAccessHelper.swift */ = {isa = PBXFileReference; lastKnownFileType = sourcecode.swift; path = CameraAccessHelper.swift; sourceTree = "<group>"; };
		27AD25B22AF37F5E00B2FDDF /* GoogleService-Info.plist */ = {isa = PBXFileReference; fileEncoding = 4; lastKnownFileType = text.plist.xml; path = "GoogleService-Info.plist"; sourceTree = "<group>"; };
		27C679842AFCC28500509DAE /* SignUpViewModel.swift */ = {isa = PBXFileReference; lastKnownFileType = sourcecode.swift; path = SignUpViewModel.swift; sourceTree = "<group>"; };
		27D2652A2ADD21B800B6E211 /* PieceViewController.swift */ = {isa = PBXFileReference; lastKnownFileType = sourcecode.swift; path = PieceViewController.swift; sourceTree = "<group>"; };
		27D2652F2ADD237600B6E211 /* PieceViewModel.swift */ = {isa = PBXFileReference; lastKnownFileType = sourcecode.swift; path = PieceViewModel.swift; sourceTree = "<group>"; };
		5F2B1CC62ADCD08D00DAA9C8 /* Pretendard-Medium.otf */ = {isa = PBXFileReference; lastKnownFileType = file; path = "Pretendard-Medium.otf"; sourceTree = "<group>"; };
		5F2B1CC72ADCD08D00DAA9C8 /* Pretendard-Black.otf */ = {isa = PBXFileReference; lastKnownFileType = file; path = "Pretendard-Black.otf"; sourceTree = "<group>"; };
		5F2B1CC82ADCD08E00DAA9C8 /* Pretendard-ExtraLight.otf */ = {isa = PBXFileReference; lastKnownFileType = file; path = "Pretendard-ExtraLight.otf"; sourceTree = "<group>"; };
		5F2B1CC92ADCD08E00DAA9C8 /* Pretendard-ExtraBold.otf */ = {isa = PBXFileReference; lastKnownFileType = file; path = "Pretendard-ExtraBold.otf"; sourceTree = "<group>"; };
		5F2B1CCA2ADCD08E00DAA9C8 /* Pretendard-Light.otf */ = {isa = PBXFileReference; lastKnownFileType = file; path = "Pretendard-Light.otf"; sourceTree = "<group>"; };
		5F2B1CCB2ADCD08E00DAA9C8 /* Pretendard-Bold.otf */ = {isa = PBXFileReference; lastKnownFileType = file; path = "Pretendard-Bold.otf"; sourceTree = "<group>"; };
		5F2B1CCC2ADCD08E00DAA9C8 /* Pretendard-Thin.otf */ = {isa = PBXFileReference; lastKnownFileType = file; path = "Pretendard-Thin.otf"; sourceTree = "<group>"; };
		5F2B1CCD2ADCD08E00DAA9C8 /* Pretendard-SemiBold.otf */ = {isa = PBXFileReference; lastKnownFileType = file; path = "Pretendard-SemiBold.otf"; sourceTree = "<group>"; };
		5F2B1CCE2ADCD08E00DAA9C8 /* Pretendard-Regular.otf */ = {isa = PBXFileReference; lastKnownFileType = file; path = "Pretendard-Regular.otf"; sourceTree = "<group>"; };
		5F2B1CD82ADCD62900DAA9C8 /* UIFont + Enum.swift */ = {isa = PBXFileReference; lastKnownFileType = sourcecode.swift; path = "UIFont + Enum.swift"; sourceTree = "<group>"; };
		5F2B1CDA2ADCDB7400DAA9C8 /* DiaryInfo.swift */ = {isa = PBXFileReference; lastKnownFileType = sourcecode.swift; path = DiaryInfo.swift; sourceTree = "<group>"; };
		5F5447C52AE6350E00365DB7 /* HTMLParser.swift */ = {isa = PBXFileReference; lastKnownFileType = sourcecode.swift; path = HTMLParser.swift; sourceTree = "<group>"; };
		5F5447C82AE6354B00365DB7 /* InquireManager.swift */ = {isa = PBXFileReference; lastKnownFileType = sourcecode.swift; path = InquireManager.swift; sourceTree = "<group>"; };
		5F5447CA2AE6355900365DB7 /* SMTPManager.swift */ = {isa = PBXFileReference; lastKnownFileType = sourcecode.swift; path = SMTPManager.swift; sourceTree = "<group>"; };
		5F5447CC2AE6356300365DB7 /* SMTPError + Enum.swift */ = {isa = PBXFileReference; lastKnownFileType = sourcecode.swift; path = "SMTPError + Enum.swift"; sourceTree = "<group>"; };
		5F54EBE62ADFFCE200331E59 /* ImageManipulator.swift */ = {isa = PBXFileReference; lastKnownFileType = sourcecode.swift; path = ImageManipulator.swift; sourceTree = "<group>"; };
		5F54EBF32ADFFE4800331E59 /* FrameRate + Enum.swift */ = {isa = PBXFileReference; lastKnownFileType = sourcecode.swift; path = "FrameRate + Enum.swift"; sourceTree = "<group>"; };
		5F54EBF52ADFFE8600331E59 /* Encodable + Extension.swift */ = {isa = PBXFileReference; lastKnownFileType = sourcecode.swift; path = "Encodable + Extension.swift"; sourceTree = "<group>"; };
		5F54EBF72ADFFEA700331E59 /* Decodable + Extension.swift */ = {isa = PBXFileReference; lastKnownFileType = sourcecode.swift; path = "Decodable + Extension.swift"; sourceTree = "<group>"; };
		5F54EBF92ADFFF3100331E59 /* FirestorageDBManager.swift */ = {isa = PBXFileReference; lastKnownFileType = sourcecode.swift; path = FirestorageDBManager.swift; sourceTree = "<group>"; };
		5F54EBFB2ADFFF5D00331E59 /* FirestorageImageManager.swift */ = {isa = PBXFileReference; lastKnownFileType = sourcecode.swift; path = FirestorageImageManager.swift; sourceTree = "<group>"; };
		5F54EBFF2ADFFFFD00331E59 /* FirebaseError + Enum.swift */ = {isa = PBXFileReference; lastKnownFileType = sourcecode.swift; path = "FirebaseError + Enum.swift"; sourceTree = "<group>"; };
		5F54EC012AE0012300331E59 /* FirebaseAuthManager.swift */ = {isa = PBXFileReference; lastKnownFileType = sourcecode.swift; path = FirebaseAuthManager.swift; sourceTree = "<group>"; };
		5F56D75C2AFDC645004C79DE /* SetProfileViewModel.swift */ = {isa = PBXFileReference; lastKnownFileType = sourcecode.swift; path = SetProfileViewModel.swift; sourceTree = "<group>"; };
		5F77FF952AF482A70049E8EB /* GoogleService-Info-Dev.plist */ = {isa = PBXFileReference; fileEncoding = 4; lastKnownFileType = text.plist.xml; path = "GoogleService-Info-Dev.plist"; sourceTree = "<group>"; };
		5FD54B172AD90FB90092D75B /* BaseViewController.swift */ = {isa = PBXFileReference; lastKnownFileType = sourcecode.swift; path = BaseViewController.swift; sourceTree = "<group>"; };
		5FD54B192AD90FD90092D75B /* MainViewController.swift */ = {isa = PBXFileReference; lastKnownFileType = sourcecode.swift; path = MainViewController.swift; sourceTree = "<group>"; };
		5FD54B1B2AD90FE80092D75B /* MainViewModel.swift */ = {isa = PBXFileReference; lastKnownFileType = sourcecode.swift; path = MainViewModel.swift; sourceTree = "<group>"; };
		5FD54B1D2AD910460092D75B /* BaseNavigationController.swift */ = {isa = PBXFileReference; lastKnownFileType = sourcecode.swift; path = BaseNavigationController.swift; sourceTree = "<group>"; };
		5FD54B202AD910890092D75B /* UIButton + Extension.swift */ = {isa = PBXFileReference; lastKnownFileType = sourcecode.swift; path = "UIButton + Extension.swift"; sourceTree = "<group>"; };
		5FD54B222AD910B30092D75B /* UIViewController + Extension.swift */ = {isa = PBXFileReference; lastKnownFileType = sourcecode.swift; path = "UIViewController + Extension.swift"; sourceTree = "<group>"; };
		5FD54B242AD910D30092D75B /* UILabel + Extension.swift */ = {isa = PBXFileReference; lastKnownFileType = sourcecode.swift; path = "UILabel + Extension.swift"; sourceTree = "<group>"; };
		5FD54B262AD910EE0092D75B /* UITextField + Extension.swift */ = {isa = PBXFileReference; lastKnownFileType = sourcecode.swift; path = "UITextField + Extension.swift"; sourceTree = "<group>"; };
		5FD54B282AD911120092D75B /* UITableView + Extension.swift */ = {isa = PBXFileReference; lastKnownFileType = sourcecode.swift; path = "UITableView + Extension.swift"; sourceTree = "<group>"; };
		5FD54B2A2AD9112D0092D75B /* UICollectionView + Extension.swift */ = {isa = PBXFileReference; lastKnownFileType = sourcecode.swift; path = "UICollectionView + Extension.swift"; sourceTree = "<group>"; };
		5FD54B2C2AD9114B0092D75B /* UIView + Extension.swift */ = {isa = PBXFileReference; lastKnownFileType = sourcecode.swift; path = "UIView + Extension.swift"; sourceTree = "<group>"; };
		5FD54B2F2AD9118D0092D75B /* Observable + BindableType.swift */ = {isa = PBXFileReference; lastKnownFileType = sourcecode.swift; path = "Observable + BindableType.swift"; sourceTree = "<group>"; };
		5FD54B332AD911D30092D75B /* NetworkManager.swift */ = {isa = PBXFileReference; lastKnownFileType = sourcecode.swift; path = NetworkManager.swift; sourceTree = "<group>"; };
		5FD54B352AD911EE0092D75B /* NetworkProtocol + NetworkError.swift */ = {isa = PBXFileReference; lastKnownFileType = sourcecode.swift; path = "NetworkProtocol + NetworkError.swift"; sourceTree = "<group>"; };
		5FD54B392AD912340092D75B /* UserDefaultManager.swift */ = {isa = PBXFileReference; lastKnownFileType = sourcecode.swift; path = UserDefaultManager.swift; sourceTree = "<group>"; };
		5FD54B3E2AD912960092D75B /* Palette + Enum.swift */ = {isa = PBXFileReference; lastKnownFileType = sourcecode.swift; path = "Palette + Enum.swift"; sourceTree = "<group>"; };
		5FD54B422AD912D60092D75B /* ConstMargin + Enum.swift */ = {isa = PBXFileReference; lastKnownFileType = sourcecode.swift; path = "ConstMargin + Enum.swift"; sourceTree = "<group>"; };
		5FD54B462AD913110092D75B /* LayoutMultiplier + Enum.swift */ = {isa = PBXFileReference; lastKnownFileType = sourcecode.swift; path = "LayoutMultiplier + Enum.swift"; sourceTree = "<group>"; };
		5FD54B492AD913460092D75B /* Logger.swift */ = {isa = PBXFileReference; lastKnownFileType = sourcecode.swift; path = Logger.swift; sourceTree = "<group>"; };
		5FD54B4E2AD913F00092D75B /* Date + Extension.swift */ = {isa = PBXFileReference; lastKnownFileType = sourcecode.swift; path = "Date + Extension.swift"; sourceTree = "<group>"; };
		5FD54B512AD915690092D75B /* ProfileViewModel.swift */ = {isa = PBXFileReference; lastKnownFileType = sourcecode.swift; path = ProfileViewModel.swift; sourceTree = "<group>"; };
		5FD54B532AD915790092D75B /* ProfileViewController.swift */ = {isa = PBXFileReference; lastKnownFileType = sourcecode.swift; path = ProfileViewController.swift; sourceTree = "<group>"; };
		5FD54B572AD915EE0092D75B /* BaseTabbarController.swift */ = {isa = PBXFileReference; lastKnownFileType = sourcecode.swift; path = BaseTabbarController.swift; sourceTree = "<group>"; };
		5FE44D402AE93B1900DB3EB1 /* NoticeInfo.swift */ = {isa = PBXFileReference; lastKnownFileType = sourcecode.swift; path = NoticeInfo.swift; sourceTree = "<group>"; };
		5FE92C602AEF752200DDD34F /* String + Extension.swift */ = {isa = PBXFileReference; lastKnownFileType = sourcecode.swift; path = "String + Extension.swift"; sourceTree = "<group>"; };
		5FEC85882AE0BDAE000E5D4C /* DiaryInfo.md */ = {isa = PBXFileReference; lastKnownFileType = net.daringfireball.markdown; path = DiaryInfo.md; sourceTree = "<group>"; };
		5FEC85C62AE156B0000E5D4C /* UserInfo.swift */ = {isa = PBXFileReference; lastKnownFileType = sourcecode.swift; path = UserInfo.swift; sourceTree = "<group>"; };
		D81320A02AEC2FB70032F487 /* UIImage.swift */ = {isa = PBXFileReference; lastKnownFileType = sourcecode.swift; path = UIImage.swift; sourceTree = "<group>"; };
		D8433AD52AFB92A000481E96 /* InfoViewModel.swift */ = {isa = PBXFileReference; lastKnownFileType = sourcecode.swift; path = InfoViewModel.swift; sourceTree = "<group>"; };
		D870C7892AEA19A80066A61E /* CustomLoadingIndicator.swift */ = {isa = PBXFileReference; lastKnownFileType = sourcecode.swift; path = CustomLoadingIndicator.swift; sourceTree = "<group>"; };
		D8777E052AF5649400DFEA6A /* PieceShakeViewController.swift */ = {isa = PBXFileReference; lastKnownFileType = sourcecode.swift; path = PieceShakeViewController.swift; sourceTree = "<group>"; };
		D879F7762ADD478400FFB3F7 /* LoginViewController.swift */ = {isa = PBXFileReference; lastKnownFileType = sourcecode.swift; name = LoginViewController.swift; path = PODA/Screen/Login/LoginViewController.swift; sourceTree = SOURCE_ROOT; };
		D879F7792ADD940700FFB3F7 /* SignUpViewController.swift */ = {isa = PBXFileReference; lastKnownFileType = sourcecode.swift; path = SignUpViewController.swift; sourceTree = "<group>"; };
		D89A29EB2AEFB09100B4ACBD /* AgreeTermsViewController.swift */ = {isa = PBXFileReference; lastKnownFileType = sourcecode.swift; path = AgreeTermsViewController.swift; sourceTree = "<group>"; };
		D8BD5C602AE6B0CA00A3802A /* InfoCell.swift */ = {isa = PBXFileReference; lastKnownFileType = sourcecode.swift; path = InfoCell.swift; sourceTree = "<group>"; };
		D8CBFD8C2AF9CA3800D0242F /* LeaveViewModel.swift */ = {isa = PBXFileReference; lastKnownFileType = sourcecode.swift; path = LeaveViewModel.swift; sourceTree = "<group>"; };
		D8E5D04F2AE1227A005EE3C9 /* SetProfileViewController.swift */ = {isa = PBXFileReference; lastKnownFileType = sourcecode.swift; path = SetProfileViewController.swift; sourceTree = "<group>"; };
		D8E5D0512AE12471005EE3C9 /* CompleteSignUpViewController.swift */ = {isa = PBXFileReference; lastKnownFileType = sourcecode.swift; path = CompleteSignUpViewController.swift; sourceTree = "<group>"; };
		D8F46AD92AE7E0EA00C8FDF4 /* NoticeViewController.swift */ = {isa = PBXFileReference; lastKnownFileType = sourcecode.swift; path = NoticeViewController.swift; sourceTree = "<group>"; };
		D8F46ADB2AE7E34800C8FDF4 /* NoticeCell.swift */ = {isa = PBXFileReference; lastKnownFileType = sourcecode.swift; path = NoticeCell.swift; sourceTree = "<group>"; };
		D8F46ADD2AE80F1600C8FDF4 /* LeaveViewController.swift */ = {isa = PBXFileReference; lastKnownFileType = sourcecode.swift; path = LeaveViewController.swift; sourceTree = "<group>"; };
		E20C9AE32AE41A0300BA5754 /* StickerViewController.swift */ = {isa = PBXFileReference; lastKnownFileType = sourcecode.swift; path = StickerViewController.swift; sourceTree = "<group>"; };
		E20C9AE82AE4209300BA5754 /* StickerCollectionViewCell.swift */ = {isa = PBXFileReference; lastKnownFileType = sourcecode.swift; path = StickerCollectionViewCell.swift; sourceTree = "<group>"; };
		E20C9AE92AE4209300BA5754 /* StickerCollectionViewCell.xib */ = {isa = PBXFileReference; lastKnownFileType = file.xib; path = StickerCollectionViewCell.xib; sourceTree = "<group>"; };
		E24331C72AE0F3FD00244A5A /* SelectRatioViewController.swift */ = {isa = PBXFileReference; lastKnownFileType = sourcecode.swift; path = SelectRatioViewController.swift; sourceTree = "<group>"; };
		E24331C92AE0F45C00244A5A /* CreateDiaryViewController.swift */ = {isa = PBXFileReference; lastKnownFileType = sourcecode.swift; path = CreateDiaryViewController.swift; sourceTree = "<group>"; };
		E24331CB2AE0F4BB00244A5A /* CreateDiaryViewModel.swift */ = {isa = PBXFileReference; lastKnownFileType = sourcecode.swift; path = CreateDiaryViewModel.swift; sourceTree = "<group>"; };
		E24331CD2AE1032200244A5A /* DetailDiaryViewController.swift */ = {isa = PBXFileReference; lastKnownFileType = sourcecode.swift; path = DetailDiaryViewController.swift; sourceTree = "<group>"; };
		E24A314A2AE65C72006CF02C /* DOSSaemmul.ttf */ = {isa = PBXFileReference; lastKnownFileType = file; path = DOSSaemmul.ttf; sourceTree = "<group>"; };
		E24A314C2AE65CC0006CF02C /* Cafe24SsurroundOTF.otf */ = {isa = PBXFileReference; lastKnownFileType = file; path = Cafe24SsurroundOTF.otf; sourceTree = "<group>"; };
		E24A314E2AE65D20006CF02C /* GowunDodum-Regular.ttf */ = {isa = PBXFileReference; lastKnownFileType = file; path = "GowunDodum-Regular.ttf"; sourceTree = "<group>"; };
		E24A31502AE65DBC006CF02C /* NanumSquareRoundB.ttf */ = {isa = PBXFileReference; lastKnownFileType = file; path = NanumSquareRoundB.ttf; sourceTree = "<group>"; };
		E24A31522AE65DE4006CF02C /* NanumMyeongjoOTF.otf */ = {isa = PBXFileReference; lastKnownFileType = file; path = NanumMyeongjoOTF.otf; sourceTree = "<group>"; };
		E24A31562AE65FF2006CF02C /* NanumBaReunHiPi.ttf */ = {isa = PBXFileReference; lastKnownFileType = file; path = NanumBaReunHiPi.ttf; sourceTree = "<group>"; };
		E24A315C2AE665AB006CF02C /* FontCollectionViewCell.swift */ = {isa = PBXFileReference; lastKnownFileType = sourcecode.swift; path = FontCollectionViewCell.swift; sourceTree = "<group>"; };
		E24A315D2AE665AB006CF02C /* FontCollectionViewCell.xib */ = {isa = PBXFileReference; lastKnownFileType = file.xib; path = FontCollectionViewCell.xib; sourceTree = "<group>"; };
		E261FF482AF52FA100D05EA6 /* DiaryView.swift */ = {isa = PBXFileReference; lastKnownFileType = sourcecode.swift; path = DiaryView.swift; sourceTree = "<group>"; };
		E2981D1B2AFA41C100E8D262 /* DiaryAPI.swift */ = {isa = PBXFileReference; lastKnownFileType = sourcecode.swift; path = DiaryAPI.swift; sourceTree = "<group>"; };
		E2ABBC772AF9098D0043D7F0 /* Ratio.swift */ = {isa = PBXFileReference; lastKnownFileType = sourcecode.swift; path = Ratio.swift; sourceTree = "<group>"; };
		E2B8F8D22AE1161600578D15 /* PageCollectionViewCell.swift */ = {isa = PBXFileReference; lastKnownFileType = sourcecode.swift; path = PageCollectionViewCell.swift; sourceTree = "<group>"; };
		E2B8F8D32AE1161600578D15 /* PageCollectionViewCell.xib */ = {isa = PBXFileReference; lastKnownFileType = file.xib; path = PageCollectionViewCell.xib; sourceTree = "<group>"; };
		E2B8F8D82AE1A5FE00578D15 /* ColorPaletteView.swift */ = {isa = PBXFileReference; lastKnownFileType = sourcecode.swift; path = ColorPaletteView.swift; sourceTree = "<group>"; };
		E2B8F8DA2AE2538F00578D15 /* ColorCollectionViewCell.swift */ = {isa = PBXFileReference; lastKnownFileType = sourcecode.swift; path = ColorCollectionViewCell.swift; sourceTree = "<group>"; };
		E2B8F8DB2AE2538F00578D15 /* ColorCollectionViewCell.xib */ = {isa = PBXFileReference; lastKnownFileType = file.xib; path = ColorCollectionViewCell.xib; sourceTree = "<group>"; };
		E2B8F8E02AE2872300578D15 /* DiaryNavigationBar.swift */ = {isa = PBXFileReference; lastKnownFileType = sourcecode.swift; path = DiaryNavigationBar.swift; sourceTree = "<group>"; };
/* End PBXFileReference section */

/* Begin PBXFrameworksBuildPhase section */
		276985822AD8E20B00A5100D /* Frameworks */ = {
			isa = PBXFrameworksBuildPhase;
			buildActionMask = 2147483647;
			files = (
				5FEC85BF2AE14E0F000E5D4C /* FirebaseDatabase in Frameworks */,
				27986DDE2AE125B900D27C84 /* RealmSwift in Frameworks */,
				27DB5D102AE2544100489318 /* SwiftSMTP in Frameworks */,
				27DB5D0D2AE2532900489318 /* NVActivityIndicatorView in Frameworks */,
				5FEC85BD2AE14E0F000E5D4C /* FirebaseAuth in Frameworks */,
				5FD54B092AD90AE00092D75B /* SnapKit in Frameworks */,
				5FEC85BB2AE14E0F000E5D4C /* FirebaseAnalytics in Frameworks */,
				5FEC85C32AE14E0F000E5D4C /* FirebaseStorage in Frameworks */,
				E27DD4E62ADD15C5002B194A /* Then in Frameworks */,
				5FEC85C12AE14E0F000E5D4C /* FirebaseFirestore in Frameworks */,
			);
			runOnlyForDeploymentPostprocessing = 0;
		};
/* End PBXFrameworksBuildPhase section */

/* Begin PBXGroup section */
		1B883AA32AE4F99C004D5FCE /* Info */ = {
			isa = PBXGroup;
			children = (
				D8433AD22AFB8C5400481E96 /* Info */,
				D8B9B9122AF9C68D009BCDC5 /* Leave */,
				1B883AA82AE4FA89004D5FCE /* ViewController */,
			);
			path = Info;
			sourceTree = "<group>";
		};
		1B883AA42AE4F9AB004D5FCE /* Profile */ = {
			isa = PBXGroup;
			children = (
				E28A2D072ADC6EC2004401D1 /* ViewModel */,
				E28A2D062ADC6EBA004401D1 /* ViewController */,
			);
			path = Profile;
			sourceTree = "<group>";
		};
		1B883AA82AE4FA89004D5FCE /* ViewController */ = {
			isa = PBXGroup;
			children = (
				D8F46AD92AE7E0EA00C8FDF4 /* NoticeViewController.swift */,
				D8F46ADB2AE7E34800C8FDF4 /* NoticeCell.swift */,
			);
			path = ViewController;
			sourceTree = "<group>";
		};
		2683649B2AE2CDC100872ABB /* Detail */ = {
			isa = PBXGroup;
			children = (
				2683649E2AE2CDE800872ABB /* ViewController */,
			);
			path = Detail;
			sourceTree = "<group>";
		};
		2683649E2AE2CDE800872ABB /* ViewController */ = {
			isa = PBXGroup;
			children = (
				2683649C2AE2CDDE00872ABB /* DetailViewController.swift */,
				26A7D4982AE56D9400810D63 /* SaveDeleteViewController.swift */,
			);
			path = ViewController;
			sourceTree = "<group>";
		};
		26B79F6A2AE1133600455539 /* Home */ = {
			isa = PBXGroup;
			children = (
				26B79F732AE113C500455539 /* ViewController */,
				26B79F742AE113CE00455539 /* ViewModel */,
				26B79F752AE113D600455539 /* Cell */,
			);
			path = Home;
			sourceTree = "<group>";
		};
		26B79F732AE113C500455539 /* ViewController */ = {
			isa = PBXGroup;
			children = (
				26B79F6B2AE1135000455539 /* HomeViewController.swift */,
				26B79F6D2AE1139000455539 /* HomeMenuViewController.swift */,
				26A7D4962AE56B3200810D63 /* MoreDiaryViewController.swift */,
				26B79F712AE113B600455539 /* MorePieceViewController.swift */,
				26AE844C2AF1E451004CFB6B /* QRViewController.swift */,
				D8777E052AF5649400DFEA6A /* PieceShakeViewController.swift */,
			);
			path = ViewController;
			sourceTree = "<group>";
		};
		26B79F742AE113CE00455539 /* ViewModel */ = {
			isa = PBXGroup;
			children = (
			);
			path = ViewModel;
			sourceTree = "<group>";
		};
		26B79F752AE113D600455539 /* Cell */ = {
			isa = PBXGroup;
			children = (
				26B79F762AE113F400455539 /* DiaryCollectionViewCell.swift */,
				26A7D49A2AE63F6D00810D63 /* PieceCollectionViewCell.swift */,
				268364992AE2A92E00872ABB /* MoreDiaryCollectionViewCell.swift */,
				26E3FBAE2AF52FA800680C76 /* MorePieceCollectionViewCell.swift */,
			);
			path = Cell;
			sourceTree = "<group>";
		};
		2769857C2AD8E20B00A5100D = {
			isa = PBXGroup;
			children = (
				276985872AD8E20B00A5100D /* PODA */,
				276985862AD8E20B00A5100D /* Products */,
			);
			sourceTree = "<group>";
		};
		276985862AD8E20B00A5100D /* Products */ = {
			isa = PBXGroup;
			children = (
				276985852AD8E20B00A5100D /* PODA.app */,
			);
			name = Products;
			sourceTree = "<group>";
		};
		276985872AD8E20B00A5100D /* PODA */ = {
			isa = PBXGroup;
			children = (
				E28A2D002ADC6D07004401D1 /* Global */,
				E28A2D082ADC6F95004401D1 /* Network */,
				E28A2CF92ADC6B99004401D1 /* Screen */,
				E28A2CF82AD95B91004401D1 /* Resource */,
			);
			path = PODA;
			sourceTree = "<group>";
		};
		2794D7AA2ADFFD8800B999EC /* Model */ = {
			isa = PBXGroup;
			children = (
				2794D7AB2ADFFDD900B999EC /* PieceImageModel.swift */,
				2794D7AD2AE01C9700B999EC /* RealmManager.swift */,
				27AA457F2AEA240C0051C365 /* PhotoAccessHelper.swift */,
				27AA45812AEA400D0051C365 /* CameraAccessHelper.swift */,
			);
			path = Model;
			sourceTree = "<group>";
		};
		27C679862AFD872000509DAE /* ViewController */ = {
			isa = PBXGroup;
			children = (
				D879F7792ADD940700FFB3F7 /* SignUpViewController.swift */,
				D8E5D04F2AE1227A005EE3C9 /* SetProfileViewController.swift */,
				D8E5D0512AE12471005EE3C9 /* CompleteSignUpViewController.swift */,
				D89A29EB2AEFB09100B4ACBD /* AgreeTermsViewController.swift */,
			);
			path = ViewController;
			sourceTree = "<group>";
		};
		27C679872AFD872F00509DAE /* ViewModel */ = {
			isa = PBXGroup;
			children = (
				27C679842AFCC28500509DAE /* SignUpViewModel.swift */,
				5F56D75C2AFDC645004C79DE /* SetProfileViewModel.swift */,
			);
			path = ViewModel;
			sourceTree = "<group>";
		};
		27D2652C2ADD21DF00B6E211 /* Piece */ = {
			isa = PBXGroup;
			children = (
				2794D7AA2ADFFD8800B999EC /* Model */,
				27D2652D2ADD230100B6E211 /* ViewModel */,
				27D2652E2ADD230B00B6E211 /* ViewController */,
			);
			path = Piece;
			sourceTree = "<group>";
		};
		27D2652D2ADD230100B6E211 /* ViewModel */ = {
			isa = PBXGroup;
			children = (
				27D2652F2ADD237600B6E211 /* PieceViewModel.swift */,
			);
			path = ViewModel;
			sourceTree = "<group>";
		};
		27D2652E2ADD230B00B6E211 /* ViewController */ = {
			isa = PBXGroup;
			children = (
				27D2652A2ADD21B800B6E211 /* PieceViewController.swift */,
				2794D7AF2AE0216000B999EC /* TestPageViewController.swift */,
			);
			path = ViewController;
			sourceTree = "<group>";
		};
		5F2B1CC52ADCD06500DAA9C8 /* Font */ = {
			isa = PBXGroup;
			children = (
				E24A31562AE65FF2006CF02C /* NanumBaReunHiPi.ttf */,
				E24A31522AE65DE4006CF02C /* NanumMyeongjoOTF.otf */,
				E24A31502AE65DBC006CF02C /* NanumSquareRoundB.ttf */,
				E24A314E2AE65D20006CF02C /* GowunDodum-Regular.ttf */,
				E24A314C2AE65CC0006CF02C /* Cafe24SsurroundOTF.otf */,
				E24A314A2AE65C72006CF02C /* DOSSaemmul.ttf */,
				5F2B1CC72ADCD08D00DAA9C8 /* Pretendard-Black.otf */,
				5F2B1CCB2ADCD08E00DAA9C8 /* Pretendard-Bold.otf */,
				5F2B1CC92ADCD08E00DAA9C8 /* Pretendard-ExtraBold.otf */,
				5F2B1CC82ADCD08E00DAA9C8 /* Pretendard-ExtraLight.otf */,
				5F2B1CCA2ADCD08E00DAA9C8 /* Pretendard-Light.otf */,
				5F2B1CC62ADCD08D00DAA9C8 /* Pretendard-Medium.otf */,
				5F2B1CCE2ADCD08E00DAA9C8 /* Pretendard-Regular.otf */,
				5F2B1CCD2ADCD08E00DAA9C8 /* Pretendard-SemiBold.otf */,
				5F2B1CCC2ADCD08E00DAA9C8 /* Pretendard-Thin.otf */,
			);
			path = Font;
			sourceTree = "<group>";
		};
		5F5447C42AE634FC00365DB7 /* Parser */ = {
			isa = PBXGroup;
			children = (
				5F5447C52AE6350E00365DB7 /* HTMLParser.swift */,
			);
			path = Parser;
			sourceTree = "<group>";
		};
		5F5447C72AE6353D00365DB7 /* Email */ = {
			isa = PBXGroup;
			children = (
				5F5447CE2AE635C000365DB7 /* Error */,
				5F5447C82AE6354B00365DB7 /* InquireManager.swift */,
				5F5447CA2AE6355900365DB7 /* SMTPManager.swift */,
			);
			path = Email;
			sourceTree = "<group>";
		};
		5F5447CE2AE635C000365DB7 /* Error */ = {
			isa = PBXGroup;
			children = (
				5F5447CC2AE6356300365DB7 /* SMTPError + Enum.swift */,
			);
			path = Error;
			sourceTree = "<group>";
		};
		5F54EBE52ADFFCD700331E59 /* ImageManipulator */ = {
			isa = PBXGroup;
			children = (
				5F54EBE62ADFFCE200331E59 /* ImageManipulator.swift */,
			);
			path = ImageManipulator;
			sourceTree = "<group>";
		};
		5F54EBFE2ADFFFB100331E59 /* NetworkError */ = {
			isa = PBXGroup;
			children = (
				5F54EBFF2ADFFFFD00331E59 /* FirebaseError + Enum.swift */,
			);
			path = NetworkError;
			sourceTree = "<group>";
		};
		5F54EC032AE0035100331E59 /* Config */ = {
			isa = PBXGroup;
			children = (
				5F77FF952AF482A70049E8EB /* GoogleService-Info-Dev.plist */,
				27AD25B22AF37F5E00B2FDDF /* GoogleService-Info.plist */,
			);
			path = Config;
			sourceTree = "<group>";
		};
		5FD54B142AD90F8A0092D75B /* ViewModel */ = {
			isa = PBXGroup;
			children = (
				5FD54B2E2AD911670092D75B /* Binding */,
			);
			path = ViewModel;
			sourceTree = "<group>";
		};
		5FD54B152AD90F930092D75B /* Model */ = {
			isa = PBXGroup;
			children = (
				5F2B1CDA2ADCDB7400DAA9C8 /* DiaryInfo.swift */,
				5FEC85C62AE156B0000E5D4C /* UserInfo.swift */,
				5FE44D402AE93B1900DB3EB1 /* NoticeInfo.swift */,
			);
			path = Model;
			sourceTree = "<group>";
		};
		5FD54B162AD90F9A0092D75B /* Base */ = {
			isa = PBXGroup;
			children = (
				5FD54B172AD90FB90092D75B /* BaseViewController.swift */,
				5FD54B1D2AD910460092D75B /* BaseNavigationController.swift */,
				5FD54B572AD915EE0092D75B /* BaseTabbarController.swift */,
			);
			path = Base;
			sourceTree = "<group>";
		};
		5FD54B1F2AD9106C0092D75B /* Component */ = {
			isa = PBXGroup;
			children = (
				5FD54B202AD910890092D75B /* UIButton + Extension.swift */,
				5FD54B222AD910B30092D75B /* UIViewController + Extension.swift */,
				5FD54B242AD910D30092D75B /* UILabel + Extension.swift */,
				5FD54B262AD910EE0092D75B /* UITextField + Extension.swift */,
				5FD54B282AD911120092D75B /* UITableView + Extension.swift */,
				5FD54B2A2AD9112D0092D75B /* UICollectionView + Extension.swift */,
				5FD54B2C2AD9114B0092D75B /* UIView + Extension.swift */,
			);
			path = Component;
			sourceTree = "<group>";
		};
		5FD54B2E2AD911670092D75B /* Binding */ = {
			isa = PBXGroup;
			children = (
				5FD54B2F2AD9118D0092D75B /* Observable + BindableType.swift */,
			);
			path = Binding;
			sourceTree = "<group>";
		};
		5FD54B372AD912010092D75B /* Firebase */ = {
			isa = PBXGroup;
			children = (
				5F54EBFE2ADFFFB100331E59 /* NetworkError */,
				5F54EC012AE0012300331E59 /* FirebaseAuthManager.swift */,
				5F54EBF92ADFFF3100331E59 /* FirestorageDBManager.swift */,
				5F54EBFB2ADFFF5D00331E59 /* FirestorageImageManager.swift */,
			);
			path = Firebase;
			sourceTree = "<group>";
		};
		5FD54B382AD912130092D75B /* UserDefault */ = {
			isa = PBXGroup;
			children = (
				5FD54B392AD912340092D75B /* UserDefaultManager.swift */,
			);
			path = UserDefault;
			sourceTree = "<group>";
		};
		5FD54B482AD913300092D75B /* Logger */ = {
			isa = PBXGroup;
			children = (
				5FD54B492AD913460092D75B /* Logger.swift */,
			);
			path = Logger;
			sourceTree = "<group>";
		};
		5FD54B4B2AD9139A0092D75B /* Util */ = {
			isa = PBXGroup;
			children = (
				D870C7892AEA19A80066A61E /* CustomLoadingIndicator.swift */,
				5F54EBE52ADFFCD700331E59 /* ImageManipulator */,
				5FD54B562AD915AC0092D75B /* Layout */,
				5FD54B4D2AD913DF0092D75B /* Extension */,
				5FD54B482AD913300092D75B /* Logger */,
			);
			path = Util;
			sourceTree = "<group>";
		};
		5FD54B4D2AD913DF0092D75B /* Extension */ = {
			isa = PBXGroup;
			children = (
				5FD54B1F2AD9106C0092D75B /* Component */,
				5FD54B4E2AD913F00092D75B /* Date + Extension.swift */,
				1BFF04012ADE62B100A5430D /* UIColor + Extension.swift */,
				5F54EBF52ADFFE8600331E59 /* Encodable + Extension.swift */,
				5F54EBF72ADFFEA700331E59 /* Decodable + Extension.swift */,
				D81320A02AEC2FB70032F487 /* UIImage.swift */,
				5FE92C602AEF752200DDD34F /* String + Extension.swift */,
			);
			path = Extension;
			sourceTree = "<group>";
		};
		5FD54B562AD915AC0092D75B /* Layout */ = {
			isa = PBXGroup;
			children = (
				5FD54B422AD912D60092D75B /* ConstMargin + Enum.swift */,
				5FD54B462AD913110092D75B /* LayoutMultiplier + Enum.swift */,
				5F54EBF32ADFFE4800331E59 /* FrameRate + Enum.swift */,
			);
			path = Layout;
			sourceTree = "<group>";
		};
		5FEC85872AE0BD87000E5D4C /* Dummy */ = {
			isa = PBXGroup;
			children = (
				5FEC85882AE0BDAE000E5D4C /* DiaryInfo.md */,
			);
			path = Dummy;
			sourceTree = "<group>";
		};
		D8433AD22AFB8C5400481E96 /* Info */ = {
			isa = PBXGroup;
			children = (
				D8433AD32AFB8C5B00481E96 /* ViewModel */,
				D8433AD42AFB8C6E00481E96 /* View */,
			);
			path = Info;
			sourceTree = "<group>";
		};
		D8433AD32AFB8C5B00481E96 /* ViewModel */ = {
			isa = PBXGroup;
			children = (
				D8433AD52AFB92A000481E96 /* InfoViewModel.swift */,
			);
			path = ViewModel;
			sourceTree = "<group>";
		};
		D8433AD42AFB8C6E00481E96 /* View */ = {
			isa = PBXGroup;
			children = (
				1B883AA52AE4F9D0004D5FCE /* InfoViewController.swift */,
				D8BD5C602AE6B0CA00A3802A /* InfoCell.swift */,
			);
			path = View;
			sourceTree = "<group>";
		};
		D879F7782ADD93E900FFB3F7 /* SignUp */ = {
			isa = PBXGroup;
			children = (
				27C679872AFD872F00509DAE /* ViewModel */,
				27C679862AFD872000509DAE /* ViewController */,
			);
			path = SignUp;
			sourceTree = "<group>";
		};
		D879F77B2ADD941400FFB3F7 /* Login */ = {
			isa = PBXGroup;
			children = (
				D879F7762ADD478400FFB3F7 /* LoginViewController.swift */,
			);
			path = Login;
			sourceTree = "<group>";
		};
		D8B9B9122AF9C68D009BCDC5 /* Leave */ = {
			isa = PBXGroup;
			children = (
				D8CBFD8A2AF9CA2300D0242F /* ViewModel */,
				D8CBFD8B2AF9CA2B00D0242F /* View */,
			);
			path = Leave;
			sourceTree = "<group>";
		};
		D8CBFD8A2AF9CA2300D0242F /* ViewModel */ = {
			isa = PBXGroup;
			children = (
				D8CBFD8C2AF9CA3800D0242F /* LeaveViewModel.swift */,
			);
			path = ViewModel;
			sourceTree = "<group>";
		};
		D8CBFD8B2AF9CA2B00D0242F /* View */ = {
			isa = PBXGroup;
			children = (
				D8F46ADD2AE80F1600C8FDF4 /* LeaveViewController.swift */,
			);
			path = View;
			sourceTree = "<group>";
		};
		E20C9AE52AE4202300BA5754 /* Page */ = {
			isa = PBXGroup;
			children = (
				E2B8F8D22AE1161600578D15 /* PageCollectionViewCell.swift */,
				E2B8F8D32AE1161600578D15 /* PageCollectionViewCell.xib */,
			);
			path = Page;
			sourceTree = "<group>";
		};
		E20C9AE62AE4203D00BA5754 /* Color */ = {
			isa = PBXGroup;
			children = (
				E2B8F8DA2AE2538F00578D15 /* ColorCollectionViewCell.swift */,
				E2B8F8DB2AE2538F00578D15 /* ColorCollectionViewCell.xib */,
			);
			path = Color;
			sourceTree = "<group>";
		};
		E20C9AE72AE4205B00BA5754 /* Sticker */ = {
			isa = PBXGroup;
			children = (
				E20C9AE82AE4209300BA5754 /* StickerCollectionViewCell.swift */,
				E20C9AE92AE4209300BA5754 /* StickerCollectionViewCell.xib */,
			);
			path = Sticker;
			sourceTree = "<group>";
		};
		E24331C42AE0F33F00244A5A /* Diary */ = {
			isa = PBXGroup;
			children = (
				E2981D1A2AFA418900E8D262 /* Network */,
				E2ABBC762AF909810043D7F0 /* Model */,
				E2B8F8D12AE115F600578D15 /* View */,
				E24331C62AE0F37600244A5A /* ViewModel */,
				E24331C52AE0F36900244A5A /* ViewController */,
			);
			path = Diary;
			sourceTree = "<group>";
		};
		E24331C52AE0F36900244A5A /* ViewController */ = {
			isa = PBXGroup;
			children = (
				E24331C72AE0F3FD00244A5A /* SelectRatioViewController.swift */,
				E24331C92AE0F45C00244A5A /* CreateDiaryViewController.swift */,
				E24331CD2AE1032200244A5A /* DetailDiaryViewController.swift */,
				E20C9AE32AE41A0300BA5754 /* StickerViewController.swift */,
			);
			path = ViewController;
			sourceTree = "<group>";
		};
		E24331C62AE0F37600244A5A /* ViewModel */ = {
			isa = PBXGroup;
			children = (
				E24331CB2AE0F4BB00244A5A /* CreateDiaryViewModel.swift */,
			);
			path = ViewModel;
			sourceTree = "<group>";
		};
		E24A31582AE66553006CF02C /* Font */ = {
			isa = PBXGroup;
			children = (
				E24A315C2AE665AB006CF02C /* FontCollectionViewCell.swift */,
				E24A315D2AE665AB006CF02C /* FontCollectionViewCell.xib */,
			);
			path = Font;
			sourceTree = "<group>";
		};
		E28A2CF82AD95B91004401D1 /* Resource */ = {
			isa = PBXGroup;
			children = (
				5F2B1CC52ADCD06500DAA9C8 /* Font */,
				276985912AD8E20D00A5100D /* Assets.xcassets */,
				276985932AD8E20D00A5100D /* LaunchScreen.storyboard */,
				E28A2CFF2ADC6C3D004401D1 /* Support */,
			);
			path = Resource;
			sourceTree = "<group>";
		};
		E28A2CF92ADC6B99004401D1 /* Screen */ = {
			isa = PBXGroup;
			children = (
				E24331C42AE0F33F00244A5A /* Diary */,
				D879F77B2ADD941400FFB3F7 /* Login */,
				D879F7782ADD93E900FFB3F7 /* SignUp */,
				26B79F6A2AE1133600455539 /* Home */,
				2683649B2AE2CDC100872ABB /* Detail */,
				E28A2CFA2ADC6BA7004401D1 /* Main */,
				E28A2CFD2ADC6BF9004401D1 /* Profile */,
				1B883AA32AE4F99C004D5FCE /* Info */,
				27D2652C2ADD21DF00B6E211 /* Piece */,
			);
			path = Screen;
			sourceTree = "<group>";
		};
		E28A2CFA2ADC6BA7004401D1 /* Main */ = {
			isa = PBXGroup;
			children = (
				E28A2D052ADC6EAD004401D1 /* ViewModel */,
				E28A2CFE2ADC6C0B004401D1 /* ViewController */,
			);
			path = Main;
			sourceTree = "<group>";
		};
		E28A2CFD2ADC6BF9004401D1 /* Profile */ = {
			isa = PBXGroup;
			children = (
				1B883AA42AE4F9AB004D5FCE /* Profile */,
			);
			path = Profile;
			sourceTree = "<group>";
		};
		E28A2CFE2ADC6C0B004401D1 /* ViewController */ = {
			isa = PBXGroup;
			children = (
				5FD54B192AD90FD90092D75B /* MainViewController.swift */,
			);
			path = ViewController;
			sourceTree = "<group>";
		};
		E28A2CFF2ADC6C3D004401D1 /* Support */ = {
			isa = PBXGroup;
			children = (
				276985962AD8E20D00A5100D /* Info.plist */,
				276985882AD8E20B00A5100D /* AppDelegate.swift */,
				2769858A2AD8E20B00A5100D /* SceneDelegate.swift */,
			);
			path = Support;
			sourceTree = "<group>";
		};
		E28A2D002ADC6D07004401D1 /* Global */ = {
			isa = PBXGroup;
			children = (
				5F5447C42AE634FC00365DB7 /* Parser */,
				5FEC85872AE0BD87000E5D4C /* Dummy */,
				5F54EC032AE0035100331E59 /* Config */,
				E28A2D022ADC6D8B004401D1 /* DesignSystem */,
				5FD54B162AD90F9A0092D75B /* Base */,
				5FD54B4B2AD9139A0092D75B /* Util */,
				5FD54B142AD90F8A0092D75B /* ViewModel */,
				5FD54B152AD90F930092D75B /* Model */,
			);
			path = Global;
			sourceTree = "<group>";
		};
		E28A2D022ADC6D8B004401D1 /* DesignSystem */ = {
			isa = PBXGroup;
			children = (
				5FD54B3E2AD912960092D75B /* Palette + Enum.swift */,
				5F2B1CD82ADCD62900DAA9C8 /* UIFont + Enum.swift */,
			);
			path = DesignSystem;
			sourceTree = "<group>";
		};
		E28A2D052ADC6EAD004401D1 /* ViewModel */ = {
			isa = PBXGroup;
			children = (
				5FD54B1B2AD90FE80092D75B /* MainViewModel.swift */,
			);
			path = ViewModel;
			sourceTree = "<group>";
		};
		E28A2D062ADC6EBA004401D1 /* ViewController */ = {
			isa = PBXGroup;
			children = (
				5FD54B532AD915790092D75B /* ProfileViewController.swift */,
			);
			path = ViewController;
			sourceTree = "<group>";
		};
		E28A2D072ADC6EC2004401D1 /* ViewModel */ = {
			isa = PBXGroup;
			children = (
				5FD54B512AD915690092D75B /* ProfileViewModel.swift */,
			);
			path = ViewModel;
			sourceTree = "<group>";
		};
		E28A2D082ADC6F95004401D1 /* Network */ = {
			isa = PBXGroup;
			children = (
				5F5447C72AE6353D00365DB7 /* Email */,
				E28A2D092ADC701A004401D1 /* Base */,
				5FD54B372AD912010092D75B /* Firebase */,
				5FD54B382AD912130092D75B /* UserDefault */,
			);
			path = Network;
			sourceTree = "<group>";
		};
		E28A2D092ADC701A004401D1 /* Base */ = {
			isa = PBXGroup;
			children = (
				5FD54B332AD911D30092D75B /* NetworkManager.swift */,
				5FD54B352AD911EE0092D75B /* NetworkProtocol + NetworkError.swift */,
			);
			path = Base;
			sourceTree = "<group>";
		};
		E2981D1A2AFA418900E8D262 /* Network */ = {
			isa = PBXGroup;
			children = (
				E2981D1B2AFA41C100E8D262 /* DiaryAPI.swift */,
			);
			path = Network;
			sourceTree = "<group>";
		};
		E2ABBC762AF909810043D7F0 /* Model */ = {
			isa = PBXGroup;
			children = (
				E2ABBC772AF9098D0043D7F0 /* Ratio.swift */,
			);
			path = Model;
			sourceTree = "<group>";
		};
		E2B8F8D12AE115F600578D15 /* View */ = {
			isa = PBXGroup;
			children = (
				E2B8F8E02AE2872300578D15 /* DiaryNavigationBar.swift */,
				E2B8F8D72AE1A3A600578D15 /* Color */,
				E2B8F8D62AE1A39B00578D15 /* Cell */,
				E261FF482AF52FA100D05EA6 /* DiaryView.swift */,
			);
			path = View;
			sourceTree = "<group>";
		};
		E2B8F8D62AE1A39B00578D15 /* Cell */ = {
			isa = PBXGroup;
			children = (
				E24A31582AE66553006CF02C /* Font */,
				E20C9AE72AE4205B00BA5754 /* Sticker */,
				E20C9AE62AE4203D00BA5754 /* Color */,
				E20C9AE52AE4202300BA5754 /* Page */,
			);
			path = Cell;
			sourceTree = "<group>";
		};
		E2B8F8D72AE1A3A600578D15 /* Color */ = {
			isa = PBXGroup;
			children = (
				E2B8F8D82AE1A5FE00578D15 /* ColorPaletteView.swift */,
			);
			path = Color;
			sourceTree = "<group>";
		};
/* End PBXGroup section */

/* Begin PBXNativeTarget section */
		276985842AD8E20B00A5100D /* PODA */ = {
			isa = PBXNativeTarget;
			buildConfigurationList = 276985992AD8E20D00A5100D /* Build configuration list for PBXNativeTarget "PODA" */;
			buildPhases = (
				276985812AD8E20B00A5100D /* Sources */,
				276985822AD8E20B00A5100D /* Frameworks */,
				276985832AD8E20B00A5100D /* Resources */,
			);
			buildRules = (
			);
			dependencies = (
			);
			name = PODA;
			packageProductDependencies = (
				5FD54B082AD90AE00092D75B /* SnapKit */,
				E27DD4E52ADD15C5002B194A /* Then */,
				27986DDD2AE125B900D27C84 /* RealmSwift */,
				5FEC85BA2AE14E0F000E5D4C /* FirebaseAnalytics */,
				5FEC85BC2AE14E0F000E5D4C /* FirebaseAuth */,
				5FEC85BE2AE14E0F000E5D4C /* FirebaseDatabase */,
				5FEC85C02AE14E0F000E5D4C /* FirebaseFirestore */,
				5FEC85C22AE14E0F000E5D4C /* FirebaseStorage */,
				27DB5D0C2AE2532900489318 /* NVActivityIndicatorView */,
				27DB5D0F2AE2544100489318 /* SwiftSMTP */,
			);
			productName = PODA;
			productReference = 276985852AD8E20B00A5100D /* PODA.app */;
			productType = "com.apple.product-type.application";
		};
/* End PBXNativeTarget section */

/* Begin PBXProject section */
		2769857D2AD8E20B00A5100D /* Project object */ = {
			isa = PBXProject;
			attributes = {
				BuildIndependentTargetsInParallel = 1;
				LastSwiftUpdateCheck = 1430;
				LastUpgradeCheck = 1430;
				TargetAttributes = {
					276985842AD8E20B00A5100D = {
						CreatedOnToolsVersion = 14.3.1;
					};
				};
			};
			buildConfigurationList = 276985802AD8E20B00A5100D /* Build configuration list for PBXProject "PODA" */;
			compatibilityVersion = "Xcode 14.0";
			developmentRegion = ko;
			hasScannedForEncodings = 0;
			knownRegions = (
				ko,
				Base,
			);
			mainGroup = 2769857C2AD8E20B00A5100D;
			packageReferences = (
				5FD54B072AD90AE00092D75B /* XCRemoteSwiftPackageReference "SnapKit" */,
				E27DD4E42ADD15C5002B194A /* XCRemoteSwiftPackageReference "Then" */,
				27986DDC2AE125B900D27C84 /* XCRemoteSwiftPackageReference "realm-swift" */,
				5FEC85B92AE14E0F000E5D4C /* XCRemoteSwiftPackageReference "firebase-ios-sdk" */,
				27DB5D0B2AE2532900489318 /* XCRemoteSwiftPackageReference "NVActivityIndicatorView" */,
				27DB5D0E2AE2544100489318 /* XCRemoteSwiftPackageReference "Swift-SMTP" */,
			);
			productRefGroup = 276985862AD8E20B00A5100D /* Products */;
			projectDirPath = "";
			projectRoot = "";
			targets = (
				276985842AD8E20B00A5100D /* PODA */,
			);
		};
/* End PBXProject section */

/* Begin PBXResourcesBuildPhase section */
		276985832AD8E20B00A5100D /* Resources */ = {
			isa = PBXResourcesBuildPhase;
			buildActionMask = 2147483647;
			files = (
				276985952AD8E20D00A5100D /* LaunchScreen.storyboard in Resources */,
				E20C9AEB2AE4209300BA5754 /* StickerCollectionViewCell.xib in Resources */,
				5F2B1CD42ADCD08E00DAA9C8 /* Pretendard-Bold.otf in Resources */,
				E24A31572AE65FF2006CF02C /* NanumBaReunHiPi.ttf in Resources */,
				E24A314B2AE65C72006CF02C /* DOSSaemmul.ttf in Resources */,
				276985922AD8E20D00A5100D /* Assets.xcassets in Resources */,
				5F2B1CD52ADCD08E00DAA9C8 /* Pretendard-Thin.otf in Resources */,
				5F2B1CD22ADCD08E00DAA9C8 /* Pretendard-ExtraBold.otf in Resources */,
				E24A314D2AE65CC0006CF02C /* Cafe24SsurroundOTF.otf in Resources */,
				E24A315F2AE665AB006CF02C /* FontCollectionViewCell.xib in Resources */,
				5F77FF962AF482A70049E8EB /* GoogleService-Info-Dev.plist in Resources */,
				E2B8F8DD2AE2538F00578D15 /* ColorCollectionViewCell.xib in Resources */,
				E2B8F8D52AE1161600578D15 /* PageCollectionViewCell.xib in Resources */,
				E24A31532AE65DE4006CF02C /* NanumMyeongjoOTF.otf in Resources */,
				E24A314F2AE65D20006CF02C /* GowunDodum-Regular.ttf in Resources */,
				5F2B1CD12ADCD08E00DAA9C8 /* Pretendard-ExtraLight.otf in Resources */,
				5F2B1CD32ADCD08E00DAA9C8 /* Pretendard-Light.otf in Resources */,
				E24A31512AE65DBC006CF02C /* NanumSquareRoundB.ttf in Resources */,
				5F2B1CD62ADCD08E00DAA9C8 /* Pretendard-SemiBold.otf in Resources */,
				5F2B1CD72ADCD08E00DAA9C8 /* Pretendard-Regular.otf in Resources */,
				27AD25B32AF37F5E00B2FDDF /* GoogleService-Info.plist in Resources */,
				5F2B1CD02ADCD08E00DAA9C8 /* Pretendard-Black.otf in Resources */,
				5F2B1CCF2ADCD08E00DAA9C8 /* Pretendard-Medium.otf in Resources */,
			);
			runOnlyForDeploymentPostprocessing = 0;
		};
/* End PBXResourcesBuildPhase section */

/* Begin PBXSourcesBuildPhase section */
		276985812AD8E20B00A5100D /* Sources */ = {
			isa = PBXSourcesBuildPhase;
			buildActionMask = 2147483647;
			files = (
				E24331CC2AE0F4BB00244A5A /* CreateDiaryViewModel.swift in Sources */,
				E2B8F8E12AE2872300578D15 /* DiaryNavigationBar.swift in Sources */,
				27D265302ADD237600B6E211 /* PieceViewModel.swift in Sources */,
				E2B8F8D92AE1A5FE00578D15 /* ColorPaletteView.swift in Sources */,
				E2B8F8D42AE1161600578D15 /* PageCollectionViewCell.swift in Sources */,
				5FD54B292AD911120092D75B /* UITableView + Extension.swift in Sources */,
				E24331CA2AE0F45C00244A5A /* CreateDiaryViewController.swift in Sources */,
				5FD54B232AD910B30092D75B /* UIViewController + Extension.swift in Sources */,
				2794D7AE2AE01C9700B999EC /* RealmManager.swift in Sources */,
				27AA45802AEA240C0051C365 /* PhotoAccessHelper.swift in Sources */,
				2794D7B02AE0216000B999EC /* TestPageViewController.swift in Sources */,
				5FD54B362AD911EE0092D75B /* NetworkProtocol + NetworkError.swift in Sources */,
				5F2B1CD92ADCD62900DAA9C8 /* UIFont + Enum.swift in Sources */,
				5FD54B1E2AD910460092D75B /* BaseNavigationController.swift in Sources */,
				E2B8F8DC2AE2538F00578D15 /* ColorCollectionViewCell.swift in Sources */,
				5FEC85C72AE156B0000E5D4C /* UserInfo.swift in Sources */,
				5F5447C62AE6350E00365DB7 /* HTMLParser.swift in Sources */,
				5FD54B342AD911D30092D75B /* NetworkManager.swift in Sources */,
				5F54EBFA2ADFFF3100331E59 /* FirestorageDBManager.swift in Sources */,
				5FD54B3A2AD912340092D75B /* UserDefaultManager.swift in Sources */,
				5FD54B522AD915690092D75B /* ProfileViewModel.swift in Sources */,
				D879F77A2ADD940700FFB3F7 /* SignUpViewController.swift in Sources */,
				27C679852AFCC28500509DAE /* SignUpViewModel.swift in Sources */,
				26A7D49B2AE63F6D00810D63 /* PieceCollectionViewCell.swift in Sources */,
				5F54EC002ADFFFFD00331E59 /* FirebaseError + Enum.swift in Sources */,
				27AA45822AEA400D0051C365 /* CameraAccessHelper.swift in Sources */,
				5FD54B432AD912D60092D75B /* ConstMargin + Enum.swift in Sources */,
				5F5447CD2AE6356300365DB7 /* SMTPError + Enum.swift in Sources */,
				D8F46ADC2AE7E34800C8FDF4 /* NoticeCell.swift in Sources */,
				5FD54B2D2AD9114B0092D75B /* UIView + Extension.swift in Sources */,
				E2ABBC782AF9098D0043D7F0 /* Ratio.swift in Sources */,
				2794D7AC2ADFFDD900B999EC /* PieceImageModel.swift in Sources */,
				5FD54B4A2AD913460092D75B /* Logger.swift in Sources */,
				26E3FBAF2AF52FA800680C76 /* MorePieceCollectionViewCell.swift in Sources */,
				E2981D1C2AFA41C100E8D262 /* DiaryAPI.swift in Sources */,
				D879F7772ADD478400FFB3F7 /* LoginViewController.swift in Sources */,
				2683649D2AE2CDDE00872ABB /* DetailViewController.swift in Sources */,
				5F54EBE72ADFFCE200331E59 /* ImageManipulator.swift in Sources */,
				1BFF04022ADE62B100A5430D /* UIColor + Extension.swift in Sources */,
				1B883AA62AE4F9D0004D5FCE /* InfoViewController.swift in Sources */,
				5FD54B302AD9118D0092D75B /* Observable + BindableType.swift in Sources */,
				E24331CE2AE1032200244A5A /* DetailDiaryViewController.swift in Sources */,
				E261FF492AF52FA100D05EA6 /* DiaryView.swift in Sources */,
				E20C9AEA2AE4209300BA5754 /* StickerCollectionViewCell.swift in Sources */,
				D8F46ADA2AE7E0EA00C8FDF4 /* NoticeViewController.swift in Sources */,
				5FD54B182AD90FB90092D75B /* BaseViewController.swift in Sources */,
				D81320A12AEC2FB70032F487 /* UIImage.swift in Sources */,
				5FD54B3F2AD912960092D75B /* Palette + Enum.swift in Sources */,
				D8777E062AF5649400DFEA6A /* PieceShakeViewController.swift in Sources */,
				276985892AD8E20B00A5100D /* AppDelegate.swift in Sources */,
				5F54EBF62ADFFE8600331E59 /* Encodable + Extension.swift in Sources */,
				D8433AD62AFB92A000481E96 /* InfoViewModel.swift in Sources */,
				5FE44D412AE93B1900DB3EB1 /* NoticeInfo.swift in Sources */,
				5F5447C92AE6354B00365DB7 /* InquireManager.swift in Sources */,
				2769858B2AD8E20B00A5100D /* SceneDelegate.swift in Sources */,
				26B79F772AE113F400455539 /* DiaryCollectionViewCell.swift in Sources */,
				26B79F6C2AE1135000455539 /* HomeViewController.swift in Sources */,
				26B79F722AE113B600455539 /* MorePieceViewController.swift in Sources */,
				5F5447CB2AE6355900365DB7 /* SMTPManager.swift in Sources */,
				5FD54B272AD910EE0092D75B /* UITextField + Extension.swift in Sources */,
				E24331C82AE0F3FD00244A5A /* SelectRatioViewController.swift in Sources */,
				5FD54B2B2AD9112D0092D75B /* UICollectionView + Extension.swift in Sources */,
				D89A29EC2AEFB09100B4ACBD /* AgreeTermsViewController.swift in Sources */,
				5FD54B252AD910D30092D75B /* UILabel + Extension.swift in Sources */,
				5F54EBF42ADFFE4800331E59 /* FrameRate + Enum.swift in Sources */,
				D8E5D0522AE12471005EE3C9 /* CompleteSignUpViewController.swift in Sources */,
				27D2652B2ADD21B800B6E211 /* PieceViewController.swift in Sources */,
				26AE844D2AF1E451004CFB6B /* QRViewController.swift in Sources */,
				5FD54B1A2AD90FD90092D75B /* MainViewController.swift in Sources */,
				D8F46ADE2AE80F1600C8FDF4 /* LeaveViewController.swift in Sources */,
				26A7D4992AE56D9400810D63 /* SaveDeleteViewController.swift in Sources */,
				D870C78A2AEA19A80066A61E /* CustomLoadingIndicator.swift in Sources */,
				5FD54B472AD913110092D75B /* LayoutMultiplier + Enum.swift in Sources */,
				5FD54B1C2AD90FE80092D75B /* MainViewModel.swift in Sources */,
				2683649A2AE2A92E00872ABB /* MoreDiaryCollectionViewCell.swift in Sources */,
				D8E5D0502AE1227A005EE3C9 /* SetProfileViewController.swift in Sources */,
				5F54EBFC2ADFFF5D00331E59 /* FirestorageImageManager.swift in Sources */,
				E24A315E2AE665AB006CF02C /* FontCollectionViewCell.swift in Sources */,
				5F2B1CDB2ADCDB7400DAA9C8 /* DiaryInfo.swift in Sources */,
				5F54EC022AE0012300331E59 /* FirebaseAuthManager.swift in Sources */,
				5FD54B582AD915EE0092D75B /* BaseTabbarController.swift in Sources */,
				E20C9AE42AE41A0300BA5754 /* StickerViewController.swift in Sources */,
				D8BD5C612AE6B0CA00A3802A /* InfoCell.swift in Sources */,
				5FD54B542AD915790092D75B /* ProfileViewController.swift in Sources */,
				D8CBFD8D2AF9CA3800D0242F /* LeaveViewModel.swift in Sources */,
				5F56D75D2AFDC645004C79DE /* SetProfileViewModel.swift in Sources */,
				26A7D4972AE56B3200810D63 /* MoreDiaryViewController.swift in Sources */,
				5FD54B212AD910890092D75B /* UIButton + Extension.swift in Sources */,
				5FE92C612AEF752200DDD34F /* String + Extension.swift in Sources */,
				5FD54B4F2AD913F00092D75B /* Date + Extension.swift in Sources */,
				26B79F6E2AE1139000455539 /* HomeMenuViewController.swift in Sources */,
				5F54EBF82ADFFEA700331E59 /* Decodable + Extension.swift in Sources */,
			);
			runOnlyForDeploymentPostprocessing = 0;
		};
/* End PBXSourcesBuildPhase section */

/* Begin PBXVariantGroup section */
		276985932AD8E20D00A5100D /* LaunchScreen.storyboard */ = {
			isa = PBXVariantGroup;
			children = (
				276985942AD8E20D00A5100D /* Base */,
			);
			name = LaunchScreen.storyboard;
			sourceTree = "<group>";
		};
/* End PBXVariantGroup section */

/* Begin XCBuildConfiguration section */
		276985972AD8E20D00A5100D /* Debug */ = {
			isa = XCBuildConfiguration;
			buildSettings = {
				ALWAYS_SEARCH_USER_PATHS = NO;
				CLANG_ANALYZER_NONNULL = YES;
				CLANG_ANALYZER_NUMBER_OBJECT_CONVERSION = YES_AGGRESSIVE;
				CLANG_CXX_LANGUAGE_STANDARD = "gnu++20";
				CLANG_ENABLE_MODULES = YES;
				CLANG_ENABLE_OBJC_ARC = YES;
				CLANG_ENABLE_OBJC_WEAK = YES;
				CLANG_WARN_BLOCK_CAPTURE_AUTORELEASING = YES;
				CLANG_WARN_BOOL_CONVERSION = YES;
				CLANG_WARN_COMMA = YES;
				CLANG_WARN_CONSTANT_CONVERSION = YES;
				CLANG_WARN_DEPRECATED_OBJC_IMPLEMENTATIONS = YES;
				CLANG_WARN_DIRECT_OBJC_ISA_USAGE = YES_ERROR;
				CLANG_WARN_DOCUMENTATION_COMMENTS = YES;
				CLANG_WARN_EMPTY_BODY = YES;
				CLANG_WARN_ENUM_CONVERSION = YES;
				CLANG_WARN_INFINITE_RECURSION = YES;
				CLANG_WARN_INT_CONVERSION = YES;
				CLANG_WARN_NON_LITERAL_NULL_CONVERSION = YES;
				CLANG_WARN_OBJC_IMPLICIT_RETAIN_SELF = YES;
				CLANG_WARN_OBJC_LITERAL_CONVERSION = YES;
				CLANG_WARN_OBJC_ROOT_CLASS = YES_ERROR;
				CLANG_WARN_QUOTED_INCLUDE_IN_FRAMEWORK_HEADER = YES;
				CLANG_WARN_RANGE_LOOP_ANALYSIS = YES;
				CLANG_WARN_STRICT_PROTOTYPES = YES;
				CLANG_WARN_SUSPICIOUS_MOVE = YES;
				CLANG_WARN_UNGUARDED_AVAILABILITY = YES_AGGRESSIVE;
				CLANG_WARN_UNREACHABLE_CODE = YES;
				CLANG_WARN__DUPLICATE_METHOD_MATCH = YES;
				COPY_PHASE_STRIP = NO;
				DEBUG_INFORMATION_FORMAT = dwarf;
				ENABLE_STRICT_OBJC_MSGSEND = YES;
				ENABLE_TESTABILITY = YES;
				GCC_C_LANGUAGE_STANDARD = gnu11;
				GCC_DYNAMIC_NO_PIC = NO;
				GCC_NO_COMMON_BLOCKS = YES;
				GCC_OPTIMIZATION_LEVEL = 0;
				GCC_PREPROCESSOR_DEFINITIONS = (
					"DEBUG=1",
					"$(inherited)",
				);
				GCC_WARN_64_TO_32_BIT_CONVERSION = YES;
				GCC_WARN_ABOUT_RETURN_TYPE = YES_ERROR;
				GCC_WARN_UNDECLARED_SELECTOR = YES;
				GCC_WARN_UNINITIALIZED_AUTOS = YES_AGGRESSIVE;
				GCC_WARN_UNUSED_FUNCTION = YES;
				GCC_WARN_UNUSED_VARIABLE = YES;
				IPHONEOS_DEPLOYMENT_TARGET = 16.4;
				MTL_ENABLE_DEBUG_INFO = INCLUDE_SOURCE;
				MTL_FAST_MATH = YES;
				ONLY_ACTIVE_ARCH = YES;
				SDKROOT = iphoneos;
				SWIFT_ACTIVE_COMPILATION_CONDITIONS = DEBUG;
				SWIFT_OPTIMIZATION_LEVEL = "-Onone";
			};
			name = Debug;
		};
		276985982AD8E20D00A5100D /* Release */ = {
			isa = XCBuildConfiguration;
			buildSettings = {
				ALWAYS_SEARCH_USER_PATHS = NO;
				CLANG_ANALYZER_NONNULL = YES;
				CLANG_ANALYZER_NUMBER_OBJECT_CONVERSION = YES_AGGRESSIVE;
				CLANG_CXX_LANGUAGE_STANDARD = "gnu++20";
				CLANG_ENABLE_MODULES = YES;
				CLANG_ENABLE_OBJC_ARC = YES;
				CLANG_ENABLE_OBJC_WEAK = YES;
				CLANG_WARN_BLOCK_CAPTURE_AUTORELEASING = YES;
				CLANG_WARN_BOOL_CONVERSION = YES;
				CLANG_WARN_COMMA = YES;
				CLANG_WARN_CONSTANT_CONVERSION = YES;
				CLANG_WARN_DEPRECATED_OBJC_IMPLEMENTATIONS = YES;
				CLANG_WARN_DIRECT_OBJC_ISA_USAGE = YES_ERROR;
				CLANG_WARN_DOCUMENTATION_COMMENTS = YES;
				CLANG_WARN_EMPTY_BODY = YES;
				CLANG_WARN_ENUM_CONVERSION = YES;
				CLANG_WARN_INFINITE_RECURSION = YES;
				CLANG_WARN_INT_CONVERSION = YES;
				CLANG_WARN_NON_LITERAL_NULL_CONVERSION = YES;
				CLANG_WARN_OBJC_IMPLICIT_RETAIN_SELF = YES;
				CLANG_WARN_OBJC_LITERAL_CONVERSION = YES;
				CLANG_WARN_OBJC_ROOT_CLASS = YES_ERROR;
				CLANG_WARN_QUOTED_INCLUDE_IN_FRAMEWORK_HEADER = YES;
				CLANG_WARN_RANGE_LOOP_ANALYSIS = YES;
				CLANG_WARN_STRICT_PROTOTYPES = YES;
				CLANG_WARN_SUSPICIOUS_MOVE = YES;
				CLANG_WARN_UNGUARDED_AVAILABILITY = YES_AGGRESSIVE;
				CLANG_WARN_UNREACHABLE_CODE = YES;
				CLANG_WARN__DUPLICATE_METHOD_MATCH = YES;
				COPY_PHASE_STRIP = NO;
				DEBUG_INFORMATION_FORMAT = "dwarf-with-dsym";
				ENABLE_NS_ASSERTIONS = NO;
				ENABLE_STRICT_OBJC_MSGSEND = YES;
				GCC_C_LANGUAGE_STANDARD = gnu11;
				GCC_NO_COMMON_BLOCKS = YES;
				GCC_WARN_64_TO_32_BIT_CONVERSION = YES;
				GCC_WARN_ABOUT_RETURN_TYPE = YES_ERROR;
				GCC_WARN_UNDECLARED_SELECTOR = YES;
				GCC_WARN_UNINITIALIZED_AUTOS = YES_AGGRESSIVE;
				GCC_WARN_UNUSED_FUNCTION = YES;
				GCC_WARN_UNUSED_VARIABLE = YES;
				IPHONEOS_DEPLOYMENT_TARGET = 16.4;
				MTL_ENABLE_DEBUG_INFO = NO;
				MTL_FAST_MATH = YES;
				SDKROOT = iphoneos;
				SWIFT_COMPILATION_MODE = wholemodule;
				SWIFT_OPTIMIZATION_LEVEL = "-O";
				VALIDATE_PRODUCT = YES;
			};
			name = Release;
		};
		2769859A2AD8E20D00A5100D /* Debug */ = {
			isa = XCBuildConfiguration;
			buildSettings = {
				ASSETCATALOG_COMPILER_APPICON_NAME = AppIcon;
				ASSETCATALOG_COMPILER_GLOBAL_ACCENT_COLOR_NAME = AccentColor;
				CODE_SIGN_STYLE = Automatic;
				CURRENT_PROJECT_VERSION = 1.0.2;
				DEVELOPMENT_TEAM = 6A4DKMQA22;
				GENERATE_INFOPLIST_FILE = YES;
				INFOPLIST_FILE = PODA/Resource/Support/Info.plist;
				INFOPLIST_KEY_CFBundleDisplayName = PODA;
				INFOPLIST_KEY_LSApplicationCategoryType = "public.app-category.photography";
				INFOPLIST_KEY_NSCameraUsageDescription = "\"PODA\" 앱에서 QR코드 촬영기능 이용을 위해 카메라에 접근하도록 허용합니다.";
				INFOPLIST_KEY_NSPhotoLibraryUsageDescription = "\"PODA\" 앱에서 추억 다이어리 꾸미기, 나의 추억 조각 등록 및 저장, 프로필 기능 이용을 위해 사진 라이브러리 접근하도록 허용합니다.";
				INFOPLIST_KEY_UIApplicationSupportsIndirectInputEvents = YES;
				INFOPLIST_KEY_UILaunchStoryboardName = LaunchScreen.storyboard;
				INFOPLIST_KEY_UISupportedInterfaceOrientations = UIInterfaceOrientationPortrait;
				INFOPLIST_KEY_UISupportedInterfaceOrientations_iPad = "UIInterfaceOrientationLandscapeLeft UIInterfaceOrientationLandscapeRight UIInterfaceOrientationPortrait UIInterfaceOrientationPortraitUpsideDown";
				INFOPLIST_KEY_UIUserInterfaceStyle = Light;
				IPHONEOS_DEPLOYMENT_TARGET = 16.0;
				LD_RUNPATH_SEARCH_PATHS = (
					"$(inherited)",
					"@executable_path/Frameworks",
				);
				MARKETING_VERSION = 1.0.2;
				PRODUCT_BUNDLE_IDENTIFIER = com.project.poda;
				PRODUCT_NAME = "$(TARGET_NAME)";
				SUPPORTED_PLATFORMS = "iphoneos iphonesimulator";
				SUPPORTS_MACCATALYST = NO;
				SUPPORTS_MAC_DESIGNED_FOR_IPHONE_IPAD = NO;
				SWIFT_EMIT_LOC_STRINGS = YES;
				SWIFT_VERSION = 5.0;
				TARGETED_DEVICE_FAMILY = 1;
			};
			name = Debug;
		};
		2769859B2AD8E20D00A5100D /* Release */ = {
			isa = XCBuildConfiguration;
			buildSettings = {
				ASSETCATALOG_COMPILER_APPICON_NAME = AppIcon;
				ASSETCATALOG_COMPILER_GLOBAL_ACCENT_COLOR_NAME = AccentColor;
				CODE_SIGN_STYLE = Automatic;
				CURRENT_PROJECT_VERSION = 1.0.2;
				DEVELOPMENT_TEAM = 6A4DKMQA22;
				GENERATE_INFOPLIST_FILE = YES;
				INFOPLIST_FILE = PODA/Resource/Support/Info.plist;
				INFOPLIST_KEY_CFBundleDisplayName = PODA;
				INFOPLIST_KEY_LSApplicationCategoryType = "public.app-category.photography";
				INFOPLIST_KEY_NSCameraUsageDescription = "\"PODA\" 앱에서 QR코드 촬영기능 이용을 위해 카메라에 접근하도록 허용합니다.";
				INFOPLIST_KEY_NSPhotoLibraryUsageDescription = "\"PODA\" 앱에서 추억 다이어리 꾸미기, 나의 추억 조각 등록 및 저장, 프로필 기능 이용을 위해 사진 라이브러리 접근하도록 허용합니다.";
				INFOPLIST_KEY_UIApplicationSupportsIndirectInputEvents = YES;
				INFOPLIST_KEY_UILaunchStoryboardName = LaunchScreen.storyboard;
				INFOPLIST_KEY_UISupportedInterfaceOrientations = UIInterfaceOrientationPortrait;
				INFOPLIST_KEY_UISupportedInterfaceOrientations_iPad = "UIInterfaceOrientationLandscapeLeft UIInterfaceOrientationLandscapeRight UIInterfaceOrientationPortrait UIInterfaceOrientationPortraitUpsideDown";
				INFOPLIST_KEY_UIUserInterfaceStyle = Light;
				IPHONEOS_DEPLOYMENT_TARGET = 16.0;
				LD_RUNPATH_SEARCH_PATHS = (
					"$(inherited)",
					"@executable_path/Frameworks",
				);
				MARKETING_VERSION = 1.0.2;
				PRODUCT_BUNDLE_IDENTIFIER = com.project.poda;
				PRODUCT_NAME = "$(TARGET_NAME)";
				SUPPORTED_PLATFORMS = "iphoneos iphonesimulator";
				SUPPORTS_MACCATALYST = NO;
				SUPPORTS_MAC_DESIGNED_FOR_IPHONE_IPAD = NO;
				SWIFT_EMIT_LOC_STRINGS = YES;
				SWIFT_VERSION = 5.0;
				TARGETED_DEVICE_FAMILY = 1;
			};
			name = Release;
		};
/* End XCBuildConfiguration section */

/* Begin XCConfigurationList section */
		276985802AD8E20B00A5100D /* Build configuration list for PBXProject "PODA" */ = {
			isa = XCConfigurationList;
			buildConfigurations = (
				276985972AD8E20D00A5100D /* Debug */,
				276985982AD8E20D00A5100D /* Release */,
			);
			defaultConfigurationIsVisible = 0;
			defaultConfigurationName = Release;
		};
		276985992AD8E20D00A5100D /* Build configuration list for PBXNativeTarget "PODA" */ = {
			isa = XCConfigurationList;
			buildConfigurations = (
				2769859A2AD8E20D00A5100D /* Debug */,
				2769859B2AD8E20D00A5100D /* Release */,
			);
			defaultConfigurationIsVisible = 0;
			defaultConfigurationName = Release;
		};
/* End XCConfigurationList section */

/* Begin XCRemoteSwiftPackageReference section */
		27986DDC2AE125B900D27C84 /* XCRemoteSwiftPackageReference "realm-swift" */ = {
			isa = XCRemoteSwiftPackageReference;
			repositoryURL = "https://github.com/realm/realm-swift.git";
			requirement = {
				branch = master;
				kind = branch;
			};
		};
		27DB5D0B2AE2532900489318 /* XCRemoteSwiftPackageReference "NVActivityIndicatorView" */ = {
			isa = XCRemoteSwiftPackageReference;
			repositoryURL = "https://github.com/ninjaprox/NVActivityIndicatorView";
			requirement = {
				kind = upToNextMajorVersion;
				minimumVersion = 5.0.0;
			};
		};
		27DB5D0E2AE2544100489318 /* XCRemoteSwiftPackageReference "Swift-SMTP" */ = {
			isa = XCRemoteSwiftPackageReference;
			repositoryURL = "https://github.com/Kitura/Swift-SMTP";
			requirement = {
				kind = upToNextMajorVersion;
				minimumVersion = 6.0.0;
			};
		};
		5FD54B072AD90AE00092D75B /* XCRemoteSwiftPackageReference "SnapKit" */ = {
			isa = XCRemoteSwiftPackageReference;
			repositoryURL = "https://github.com/SnapKit/SnapKit.git";
			requirement = {
				kind = upToNextMajorVersion;
				minimumVersion = 5.0.0;
			};
		};
		5FEC85B92AE14E0F000E5D4C /* XCRemoteSwiftPackageReference "firebase-ios-sdk" */ = {
			isa = XCRemoteSwiftPackageReference;
			repositoryURL = "https://github.com/firebase/firebase-ios-sdk";
			requirement = {
				kind = upToNextMajorVersion;
				minimumVersion = 10.0.0;
			};
		};
		E27DD4E42ADD15C5002B194A /* XCRemoteSwiftPackageReference "Then" */ = {
			isa = XCRemoteSwiftPackageReference;
			repositoryURL = "https://github.com/devxoul/Then";
			requirement = {
				kind = upToNextMajorVersion;
				minimumVersion = 3.0.0;
			};
		};
/* End XCRemoteSwiftPackageReference section */

/* Begin XCSwiftPackageProductDependency section */
		27986DDD2AE125B900D27C84 /* RealmSwift */ = {
			isa = XCSwiftPackageProductDependency;
			package = 27986DDC2AE125B900D27C84 /* XCRemoteSwiftPackageReference "realm-swift" */;
			productName = RealmSwift;
		};
		27DB5D0C2AE2532900489318 /* NVActivityIndicatorView */ = {
			isa = XCSwiftPackageProductDependency;
			package = 27DB5D0B2AE2532900489318 /* XCRemoteSwiftPackageReference "NVActivityIndicatorView" */;
			productName = NVActivityIndicatorView;
		};
		27DB5D0F2AE2544100489318 /* SwiftSMTP */ = {
			isa = XCSwiftPackageProductDependency;
			package = 27DB5D0E2AE2544100489318 /* XCRemoteSwiftPackageReference "Swift-SMTP" */;
			productName = SwiftSMTP;
		};
		5FD54B082AD90AE00092D75B /* SnapKit */ = {
			isa = XCSwiftPackageProductDependency;
			package = 5FD54B072AD90AE00092D75B /* XCRemoteSwiftPackageReference "SnapKit" */;
			productName = SnapKit;
		};
		5FEC85BA2AE14E0F000E5D4C /* FirebaseAnalytics */ = {
			isa = XCSwiftPackageProductDependency;
			package = 5FEC85B92AE14E0F000E5D4C /* XCRemoteSwiftPackageReference "firebase-ios-sdk" */;
			productName = FirebaseAnalytics;
		};
		5FEC85BC2AE14E0F000E5D4C /* FirebaseAuth */ = {
			isa = XCSwiftPackageProductDependency;
			package = 5FEC85B92AE14E0F000E5D4C /* XCRemoteSwiftPackageReference "firebase-ios-sdk" */;
			productName = FirebaseAuth;
		};
		5FEC85BE2AE14E0F000E5D4C /* FirebaseDatabase */ = {
			isa = XCSwiftPackageProductDependency;
			package = 5FEC85B92AE14E0F000E5D4C /* XCRemoteSwiftPackageReference "firebase-ios-sdk" */;
			productName = FirebaseDatabase;
		};
		5FEC85C02AE14E0F000E5D4C /* FirebaseFirestore */ = {
			isa = XCSwiftPackageProductDependency;
			package = 5FEC85B92AE14E0F000E5D4C /* XCRemoteSwiftPackageReference "firebase-ios-sdk" */;
			productName = FirebaseFirestore;
		};
		5FEC85C22AE14E0F000E5D4C /* FirebaseStorage */ = {
			isa = XCSwiftPackageProductDependency;
			package = 5FEC85B92AE14E0F000E5D4C /* XCRemoteSwiftPackageReference "firebase-ios-sdk" */;
			productName = FirebaseStorage;
		};
		E27DD4E52ADD15C5002B194A /* Then */ = {
			isa = XCSwiftPackageProductDependency;
			package = E27DD4E42ADD15C5002B194A /* XCRemoteSwiftPackageReference "Then" */;
			productName = Then;
		};
/* End XCSwiftPackageProductDependency section */
	};
	rootObject = 2769857D2AD8E20B00A5100D /* Project object */;
}
